// !$*UTF8*$!
{
	archiveVersion = 1;
	classes = {
	};
	objectVersion = 46;
	objects = {

/* Begin PBXBuildFile section */
		E423238E18ADA93E00F852A0 /* BonusPointsObject.m in Sources */ = {isa = PBXBuildFile; fileRef = E423238D18ADA93E00F852A0 /* BonusPointsObject.m */; };
		E423239118ADEE7D00F852A0 /* Apple.png in Resources */ = {isa = PBXBuildFile; fileRef = E423238F18ADEE7D00F852A0 /* Apple.png */; };
		E423239218ADEE7D00F852A0 /* Apple@2x.png in Resources */ = {isa = PBXBuildFile; fileRef = E423239018ADEE7D00F852A0 /* Apple@2x.png */; };
		E4271017189ED60800007F33 /* MainMenuScene.m in Sources */ = {isa = PBXBuildFile; fileRef = E4271016189ED60800007F33 /* MainMenuScene.m */; };
		E4271047189EDEA600007F33 /* Banana.png in Resources */ = {isa = PBXBuildFile; fileRef = E4271019189EDEA600007F33 /* Banana.png */; };
		E4271048189EDEA600007F33 /* Banana@2x.png in Resources */ = {isa = PBXBuildFile; fileRef = E427101A189EDEA600007F33 /* Banana@2x.png */; };
		E4271049189EDEA600007F33 /* Bush1.png in Resources */ = {isa = PBXBuildFile; fileRef = E427101B189EDEA600007F33 /* Bush1.png */; };
		E427104A189EDEA600007F33 /* Bush1@2x.png in Resources */ = {isa = PBXBuildFile; fileRef = E427101C189EDEA600007F33 /* Bush1@2x.png */; };
		E427104B189EDEA600007F33 /* Bush2.png in Resources */ = {isa = PBXBuildFile; fileRef = E427101D189EDEA600007F33 /* Bush2.png */; };
		E427104C189EDEA600007F33 /* Bush2@2x.png in Resources */ = {isa = PBXBuildFile; fileRef = E427101E189EDEA600007F33 /* Bush2@2x.png */; };
		E427104D189EDEA600007F33 /* Bush3.png in Resources */ = {isa = PBXBuildFile; fileRef = E427101F189EDEA600007F33 /* Bush3.png */; };
		E427104E189EDEA600007F33 /* Bush3@2x.png in Resources */ = {isa = PBXBuildFile; fileRef = E4271020189EDEA600007F33 /* Bush3@2x.png */; };
		E427104F189EDEA600007F33 /* Bush4.png in Resources */ = {isa = PBXBuildFile; fileRef = E4271021189EDEA600007F33 /* Bush4.png */; };
		E4271050189EDEA600007F33 /* Bush4@2x.png in Resources */ = {isa = PBXBuildFile; fileRef = E4271022189EDEA600007F33 /* Bush4@2x.png */; };
		E4271051189EDEA600007F33 /* Bush5.png in Resources */ = {isa = PBXBuildFile; fileRef = E4271023189EDEA600007F33 /* Bush5.png */; };
		E4271052189EDEA600007F33 /* Bush5@2x.png in Resources */ = {isa = PBXBuildFile; fileRef = E4271024189EDEA600007F33 /* Bush5@2x.png */; };
		E4271053189EDEA600007F33 /* HudBanana.png in Resources */ = {isa = PBXBuildFile; fileRef = E4271025189EDEA600007F33 /* HudBanana.png */; };
		E4271054189EDEA600007F33 /* HudBanana@2x.png in Resources */ = {isa = PBXBuildFile; fileRef = E4271026189EDEA600007F33 /* HudBanana@2x.png */; };
		E4271055189EDEA600007F33 /* HudFire.png in Resources */ = {isa = PBXBuildFile; fileRef = E4271027189EDEA600007F33 /* HudFire.png */; };
		E4271056189EDEA600007F33 /* HudFire@2x.png in Resources */ = {isa = PBXBuildFile; fileRef = E4271028189EDEA600007F33 /* HudFire@2x.png */; };
		E4271057189EDEA600007F33 /* MainScreenBanana.png in Resources */ = {isa = PBXBuildFile; fileRef = E4271029189EDEA600007F33 /* MainScreenBanana.png */; };
		E4271058189EDEA600007F33 /* MainScreenBanana@2x.png in Resources */ = {isa = PBXBuildFile; fileRef = E427102A189EDEA600007F33 /* MainScreenBanana@2x.png */; };
		E4271059189EDEA600007F33 /* MainScreenMonkey.png in Resources */ = {isa = PBXBuildFile; fileRef = E427102B189EDEA600007F33 /* MainScreenMonkey.png */; };
		E427105A189EDEA600007F33 /* MainScreenMonkey@2x.png in Resources */ = {isa = PBXBuildFile; fileRef = E427102C189EDEA600007F33 /* MainScreenMonkey@2x.png */; };
		E427105B189EDEA600007F33 /* MainScreenRopeSegment.png in Resources */ = {isa = PBXBuildFile; fileRef = E427102D189EDEA600007F33 /* MainScreenRopeSegment.png */; };
		E427105C189EDEA600007F33 /* MainScreenRopeSegment@2x.png in Resources */ = {isa = PBXBuildFile; fileRef = E427102E189EDEA600007F33 /* MainScreenRopeSegment@2x.png */; };
		E427105D189EDEA600007F33 /* MainScreenSky.png in Resources */ = {isa = PBXBuildFile; fileRef = E427102F189EDEA600007F33 /* MainScreenSky.png */; };
		E427105E189EDEA600007F33 /* MainScreenSky@2x.png in Resources */ = {isa = PBXBuildFile; fileRef = E4271030189EDEA600007F33 /* MainScreenSky@2x.png */; };
		E427105F189EDEA600007F33 /* Monkey.png in Resources */ = {isa = PBXBuildFile; fileRef = E4271031189EDEA600007F33 /* Monkey.png */; };
		E4271060189EDEA600007F33 /* Monkey@2x.png in Resources */ = {isa = PBXBuildFile; fileRef = E4271032189EDEA600007F33 /* Monkey@2x.png */; };
		E4271061189EDEA600007F33 /* MonkeyClicked.png in Resources */ = {isa = PBXBuildFile; fileRef = E4271033189EDEA600007F33 /* MonkeyClicked.png */; };
		E4271062189EDEA600007F33 /* MonkeyClicked@2x.png in Resources */ = {isa = PBXBuildFile; fileRef = E4271034189EDEA600007F33 /* MonkeyClicked@2x.png */; };
		E4271063189EDEA600007F33 /* Rope Segment.png in Resources */ = {isa = PBXBuildFile; fileRef = E4271035189EDEA600007F33 /* Rope Segment.png */; };
		E4271064189EDEA600007F33 /* Rope Segment@2x.png in Resources */ = {isa = PBXBuildFile; fileRef = E4271036189EDEA600007F33 /* Rope Segment@2x.png */; };
		E4271065189EDEA600007F33 /* SadMonkey.png in Resources */ = {isa = PBXBuildFile; fileRef = E4271037189EDEA600007F33 /* SadMonkey.png */; };
		E4271066189EDEA600007F33 /* SadMonkey@2x.png in Resources */ = {isa = PBXBuildFile; fileRef = E4271038189EDEA600007F33 /* SadMonkey@2x.png */; };
		E4271067189EDEA600007F33 /* Sky.png in Resources */ = {isa = PBXBuildFile; fileRef = E4271039189EDEA600007F33 /* Sky.png */; };
		E4271068189EDEA600007F33 /* Sky@2x.png in Resources */ = {isa = PBXBuildFile; fileRef = E427103A189EDEA600007F33 /* Sky@2x.png */; };
		E4271069189EDEA600007F33 /* Tree1.png in Resources */ = {isa = PBXBuildFile; fileRef = E427103B189EDEA600007F33 /* Tree1.png */; };
		E427106A189EDEA600007F33 /* Tree1@2x.png in Resources */ = {isa = PBXBuildFile; fileRef = E427103C189EDEA600007F33 /* Tree1@2x.png */; };
		E427106B189EDEA600007F33 /* Tree2.png in Resources */ = {isa = PBXBuildFile; fileRef = E427103D189EDEA600007F33 /* Tree2.png */; };
		E427106C189EDEA600007F33 /* Tree2@2x.png in Resources */ = {isa = PBXBuildFile; fileRef = E427103E189EDEA600007F33 /* Tree2@2x.png */; };
		E427106D189EDEA600007F33 /* Tree3.png in Resources */ = {isa = PBXBuildFile; fileRef = E427103F189EDEA600007F33 /* Tree3.png */; };
		E427106E189EDEA600007F33 /* Tree3@2x.png in Resources */ = {isa = PBXBuildFile; fileRef = E4271040189EDEA600007F33 /* Tree3@2x.png */; };
		E427106F189EDEA600007F33 /* Tree4.png in Resources */ = {isa = PBXBuildFile; fileRef = E4271041189EDEA600007F33 /* Tree4.png */; };
		E4271070189EDEA600007F33 /* Tree4@2x.png in Resources */ = {isa = PBXBuildFile; fileRef = E4271042189EDEA600007F33 /* Tree4@2x.png */; };
		E4271071189EDEA600007F33 /* Tree5.png in Resources */ = {isa = PBXBuildFile; fileRef = E4271043189EDEA600007F33 /* Tree5.png */; };
		E4271072189EDEA600007F33 /* Tree5@2x.png in Resources */ = {isa = PBXBuildFile; fileRef = E4271044189EDEA600007F33 /* Tree5@2x.png */; };
		E4271073189EDEA600007F33 /* Tree6.png in Resources */ = {isa = PBXBuildFile; fileRef = E4271045189EDEA600007F33 /* Tree6.png */; };
		E4271074189EDEA600007F33 /* Tree6@2x.png in Resources */ = {isa = PBXBuildFile; fileRef = E4271046189EDEA600007F33 /* Tree6@2x.png */; };
		E4271081189F00E800007F33 /* StartGame.png in Resources */ = {isa = PBXBuildFile; fileRef = E427107D189F00E800007F33 /* StartGame.png */; };
		E4271082189F00E800007F33 /* StartGame@2x.png in Resources */ = {isa = PBXBuildFile; fileRef = E427107E189F00E800007F33 /* StartGame@2x.png */; };
		E4271083189F00E800007F33 /* StartGameClicked.png in Resources */ = {isa = PBXBuildFile; fileRef = E427107F189F00E800007F33 /* StartGameClicked.png */; };
		E4271084189F00E800007F33 /* StartGameClicked@2x.png in Resources */ = {isa = PBXBuildFile; fileRef = E4271080189F00E800007F33 /* StartGameClicked@2x.png */; };
		E46317B618A5FEE600E911E6 /* libz.dylib in Frameworks */ = {isa = PBXBuildFile; fileRef = E4271007189E230400007F33 /* libz.dylib */; };
		E4880C4E18B44DF700DBE7B2 /* LevelEndView.m in Sources */ = {isa = PBXBuildFile; fileRef = E4880C4D18B44DF700DBE7B2 /* LevelEndView.m */; };
		E49F78AE1883598900BDA47C /* JPMButton.m in Sources */ = {isa = PBXBuildFile; fileRef = E49F78AD1883598900BDA47C /* JPMButton.m */; };
		E4A5F8F418AC9977001B28B6 /* JPMLevelInterpreter.m in Sources */ = {isa = PBXBuildFile; fileRef = E4A5F8F318AC9977001B28B6 /* JPMLevelInterpreter.m */; };
		E4D6DF7018931D7100F916D0 /* PhysicsParameters.m in Sources */ = {isa = PBXBuildFile; fileRef = E4D6DF6F18931D7100F916D0 /* PhysicsParameters.m */; };
		E4DCD3731874E6D20040643C /* Foundation.framework in Frameworks */ = {isa = PBXBuildFile; fileRef = E4DCD3721874E6D20040643C /* Foundation.framework */; };
		E4DCD3751874E6D20040643C /* CoreGraphics.framework in Frameworks */ = {isa = PBXBuildFile; fileRef = E4DCD3741874E6D20040643C /* CoreGraphics.framework */; };
		E4DCD3771874E6D20040643C /* UIKit.framework in Frameworks */ = {isa = PBXBuildFile; fileRef = E4DCD3761874E6D20040643C /* UIKit.framework */; };
		E4DCD3791874E6D20040643C /* SpriteKit.framework in Frameworks */ = {isa = PBXBuildFile; fileRef = E4DCD3781874E6D20040643C /* SpriteKit.framework */; };
		E4DCD37F1874E6D20040643C /* InfoPlist.strings in Resources */ = {isa = PBXBuildFile; fileRef = E4DCD37D1874E6D20040643C /* InfoPlist.strings */; };
		E4DCD3811874E6D20040643C /* main.m in Sources */ = {isa = PBXBuildFile; fileRef = E4DCD3801874E6D20040643C /* main.m */; };
		E4DCD3851874E6D20040643C /* AppDelegate.m in Sources */ = {isa = PBXBuildFile; fileRef = E4DCD3841874E6D20040643C /* AppDelegate.m */; };
		E4DCD3881874E6D20040643C /* Main.storyboard in Resources */ = {isa = PBXBuildFile; fileRef = E4DCD3861874E6D20040643C /* Main.storyboard */; };
		E4DCD38B1874E6D20040643C /* ViewController.m in Sources */ = {isa = PBXBuildFile; fileRef = E4DCD38A1874E6D20040643C /* ViewController.m */; };
		E4DCD38E1874E6D20040643C /* MyScene.m in Sources */ = {isa = PBXBuildFile; fileRef = E4DCD38D1874E6D20040643C /* MyScene.m */; };
		E4DCD3921874E6D20040643C /* Images.xcassets in Resources */ = {isa = PBXBuildFile; fileRef = E4DCD3911874E6D20040643C /* Images.xcassets */; };
		E4DCD3991874E6D20040643C /* XCTest.framework in Frameworks */ = {isa = PBXBuildFile; fileRef = E4DCD3981874E6D20040643C /* XCTest.framework */; };
		E4DCD39A1874E6D20040643C /* Foundation.framework in Frameworks */ = {isa = PBXBuildFile; fileRef = E4DCD3721874E6D20040643C /* Foundation.framework */; };
		E4DCD39B1874E6D20040643C /* UIKit.framework in Frameworks */ = {isa = PBXBuildFile; fileRef = E4DCD3761874E6D20040643C /* UIKit.framework */; };
		E4DCD3A31874E6D20040643C /* InfoPlist.strings in Resources */ = {isa = PBXBuildFile; fileRef = E4DCD3A11874E6D20040643C /* InfoPlist.strings */; };
		E4DCD3A51874E6D20040643C /* MonkeySwingTests.m in Sources */ = {isa = PBXBuildFile; fileRef = E4DCD3A41874E6D20040643C /* MonkeySwingTests.m */; };
		E4DCD3ED1874FD120040643C /* ParticleFire.sks in Resources */ = {isa = PBXBuildFile; fileRef = E4DCD3EB1874FD120040643C /* ParticleFire.sks */; };
		E4DCD3EE1874FD120040643C /* spark.png in Resources */ = {isa = PBXBuildFile; fileRef = E4DCD3EC1874FD120040643C /* spark.png */; };
		E4DE289118B3367D006A98CA /* Level1.csv in Resources */ = {isa = PBXBuildFile; fileRef = E4DE289018B3367D006A98CA /* Level1.csv */; };
/* End PBXBuildFile section */

/* Begin PBXContainerItemProxy section */
		E4DCD39C1874E6D20040643C /* PBXContainerItemProxy */ = {
			isa = PBXContainerItemProxy;
			containerPortal = E4DCD3671874E6D20040643C /* Project object */;
			proxyType = 1;
			remoteGlobalIDString = E4DCD36E1874E6D20040643C;
			remoteInfo = MonkeySwing;
		};
/* End PBXContainerItemProxy section */

/* Begin PBXFileReference section */
		E423238C18ADA93E00F852A0 /* BonusPointsObject.h */ = {isa = PBXFileReference; fileEncoding = 4; lastKnownFileType = sourcecode.c.h; path = BonusPointsObject.h; sourceTree = "<group>"; };
		E423238D18ADA93E00F852A0 /* BonusPointsObject.m */ = {isa = PBXFileReference; fileEncoding = 4; lastKnownFileType = sourcecode.c.objc; path = BonusPointsObject.m; sourceTree = "<group>"; };
		E423238F18ADEE7D00F852A0 /* Apple.png */ = {isa = PBXFileReference; lastKnownFileType = image.png; path = Apple.png; sourceTree = "<group>"; };
		E423239018ADEE7D00F852A0 /* Apple@2x.png */ = {isa = PBXFileReference; lastKnownFileType = image.png; path = "Apple@2x.png"; sourceTree = "<group>"; };
		E4271007189E230400007F33 /* libz.dylib */ = {isa = PBXFileReference; lastKnownFileType = "compiled.mach-o.dylib"; name = libz.dylib; path = usr/lib/libz.dylib; sourceTree = SDKROOT; };
		E4271015189ED60800007F33 /* MainMenuScene.h */ = {isa = PBXFileReference; fileEncoding = 4; lastKnownFileType = sourcecode.c.h; path = MainMenuScene.h; sourceTree = "<group>"; };
		E4271016189ED60800007F33 /* MainMenuScene.m */ = {isa = PBXFileReference; fileEncoding = 4; lastKnownFileType = sourcecode.c.objc; path = MainMenuScene.m; sourceTree = "<group>"; };
		E4271019189EDEA600007F33 /* Banana.png */ = {isa = PBXFileReference; lastKnownFileType = image.png; path = Banana.png; sourceTree = "<group>"; };
		E427101A189EDEA600007F33 /* Banana@2x.png */ = {isa = PBXFileReference; lastKnownFileType = image.png; path = "Banana@2x.png"; sourceTree = "<group>"; };
		E427101B189EDEA600007F33 /* Bush1.png */ = {isa = PBXFileReference; lastKnownFileType = image.png; path = Bush1.png; sourceTree = "<group>"; };
		E427101C189EDEA600007F33 /* Bush1@2x.png */ = {isa = PBXFileReference; lastKnownFileType = image.png; path = "Bush1@2x.png"; sourceTree = "<group>"; };
		E427101D189EDEA600007F33 /* Bush2.png */ = {isa = PBXFileReference; lastKnownFileType = image.png; path = Bush2.png; sourceTree = "<group>"; };
		E427101E189EDEA600007F33 /* Bush2@2x.png */ = {isa = PBXFileReference; lastKnownFileType = image.png; path = "Bush2@2x.png"; sourceTree = "<group>"; };
		E427101F189EDEA600007F33 /* Bush3.png */ = {isa = PBXFileReference; lastKnownFileType = image.png; path = Bush3.png; sourceTree = "<group>"; };
		E4271020189EDEA600007F33 /* Bush3@2x.png */ = {isa = PBXFileReference; lastKnownFileType = image.png; path = "Bush3@2x.png"; sourceTree = "<group>"; };
		E4271021189EDEA600007F33 /* Bush4.png */ = {isa = PBXFileReference; lastKnownFileType = image.png; path = Bush4.png; sourceTree = "<group>"; };
		E4271022189EDEA600007F33 /* Bush4@2x.png */ = {isa = PBXFileReference; lastKnownFileType = image.png; path = "Bush4@2x.png"; sourceTree = "<group>"; };
		E4271023189EDEA600007F33 /* Bush5.png */ = {isa = PBXFileReference; lastKnownFileType = image.png; path = Bush5.png; sourceTree = "<group>"; };
		E4271024189EDEA600007F33 /* Bush5@2x.png */ = {isa = PBXFileReference; lastKnownFileType = image.png; path = "Bush5@2x.png"; sourceTree = "<group>"; };
		E4271025189EDEA600007F33 /* HudBanana.png */ = {isa = PBXFileReference; lastKnownFileType = image.png; path = HudBanana.png; sourceTree = "<group>"; };
		E4271026189EDEA600007F33 /* HudBanana@2x.png */ = {isa = PBXFileReference; lastKnownFileType = image.png; path = "HudBanana@2x.png"; sourceTree = "<group>"; };
		E4271027189EDEA600007F33 /* HudFire.png */ = {isa = PBXFileReference; lastKnownFileType = image.png; path = HudFire.png; sourceTree = "<group>"; };
		E4271028189EDEA600007F33 /* HudFire@2x.png */ = {isa = PBXFileReference; lastKnownFileType = image.png; path = "HudFire@2x.png"; sourceTree = "<group>"; };
		E4271029189EDEA600007F33 /* MainScreenBanana.png */ = {isa = PBXFileReference; lastKnownFileType = image.png; path = MainScreenBanana.png; sourceTree = "<group>"; };
		E427102A189EDEA600007F33 /* MainScreenBanana@2x.png */ = {isa = PBXFileReference; lastKnownFileType = image.png; path = "MainScreenBanana@2x.png"; sourceTree = "<group>"; };
		E427102B189EDEA600007F33 /* MainScreenMonkey.png */ = {isa = PBXFileReference; lastKnownFileType = image.png; path = MainScreenMonkey.png; sourceTree = "<group>"; };
		E427102C189EDEA600007F33 /* MainScreenMonkey@2x.png */ = {isa = PBXFileReference; lastKnownFileType = image.png; path = "MainScreenMonkey@2x.png"; sourceTree = "<group>"; };
		E427102D189EDEA600007F33 /* MainScreenRopeSegment.png */ = {isa = PBXFileReference; lastKnownFileType = image.png; path = MainScreenRopeSegment.png; sourceTree = "<group>"; };
		E427102E189EDEA600007F33 /* MainScreenRopeSegment@2x.png */ = {isa = PBXFileReference; lastKnownFileType = image.png; path = "MainScreenRopeSegment@2x.png"; sourceTree = "<group>"; };
		E427102F189EDEA600007F33 /* MainScreenSky.png */ = {isa = PBXFileReference; lastKnownFileType = image.png; path = MainScreenSky.png; sourceTree = "<group>"; };
		E4271030189EDEA600007F33 /* MainScreenSky@2x.png */ = {isa = PBXFileReference; lastKnownFileType = image.png; path = "MainScreenSky@2x.png"; sourceTree = "<group>"; };
		E4271031189EDEA600007F33 /* Monkey.png */ = {isa = PBXFileReference; lastKnownFileType = image.png; path = Monkey.png; sourceTree = "<group>"; };
		E4271032189EDEA600007F33 /* Monkey@2x.png */ = {isa = PBXFileReference; lastKnownFileType = image.png; path = "Monkey@2x.png"; sourceTree = "<group>"; };
		E4271033189EDEA600007F33 /* MonkeyClicked.png */ = {isa = PBXFileReference; lastKnownFileType = image.png; path = MonkeyClicked.png; sourceTree = "<group>"; };
		E4271034189EDEA600007F33 /* MonkeyClicked@2x.png */ = {isa = PBXFileReference; lastKnownFileType = image.png; path = "MonkeyClicked@2x.png"; sourceTree = "<group>"; };
		E4271035189EDEA600007F33 /* Rope Segment.png */ = {isa = PBXFileReference; lastKnownFileType = image.png; path = "Rope Segment.png"; sourceTree = "<group>"; };
		E4271036189EDEA600007F33 /* Rope Segment@2x.png */ = {isa = PBXFileReference; lastKnownFileType = image.png; path = "Rope Segment@2x.png"; sourceTree = "<group>"; };
		E4271037189EDEA600007F33 /* SadMonkey.png */ = {isa = PBXFileReference; lastKnownFileType = image.png; path = SadMonkey.png; sourceTree = "<group>"; };
		E4271038189EDEA600007F33 /* SadMonkey@2x.png */ = {isa = PBXFileReference; lastKnownFileType = image.png; path = "SadMonkey@2x.png"; sourceTree = "<group>"; };
		E4271039189EDEA600007F33 /* Sky.png */ = {isa = PBXFileReference; lastKnownFileType = image.png; path = Sky.png; sourceTree = "<group>"; };
		E427103A189EDEA600007F33 /* Sky@2x.png */ = {isa = PBXFileReference; lastKnownFileType = image.png; path = "Sky@2x.png"; sourceTree = "<group>"; };
		E427103B189EDEA600007F33 /* Tree1.png */ = {isa = PBXFileReference; lastKnownFileType = image.png; path = Tree1.png; sourceTree = "<group>"; };
		E427103C189EDEA600007F33 /* Tree1@2x.png */ = {isa = PBXFileReference; lastKnownFileType = image.png; path = "Tree1@2x.png"; sourceTree = "<group>"; };
		E427103D189EDEA600007F33 /* Tree2.png */ = {isa = PBXFileReference; lastKnownFileType = image.png; path = Tree2.png; sourceTree = "<group>"; };
		E427103E189EDEA600007F33 /* Tree2@2x.png */ = {isa = PBXFileReference; lastKnownFileType = image.png; path = "Tree2@2x.png"; sourceTree = "<group>"; };
		E427103F189EDEA600007F33 /* Tree3.png */ = {isa = PBXFileReference; lastKnownFileType = image.png; path = Tree3.png; sourceTree = "<group>"; };
		E4271040189EDEA600007F33 /* Tree3@2x.png */ = {isa = PBXFileReference; lastKnownFileType = image.png; path = "Tree3@2x.png"; sourceTree = "<group>"; };
		E4271041189EDEA600007F33 /* Tree4.png */ = {isa = PBXFileReference; lastKnownFileType = image.png; path = Tree4.png; sourceTree = "<group>"; };
		E4271042189EDEA600007F33 /* Tree4@2x.png */ = {isa = PBXFileReference; lastKnownFileType = image.png; path = "Tree4@2x.png"; sourceTree = "<group>"; };
		E4271043189EDEA600007F33 /* Tree5.png */ = {isa = PBXFileReference; lastKnownFileType = image.png; path = Tree5.png; sourceTree = "<group>"; };
		E4271044189EDEA600007F33 /* Tree5@2x.png */ = {isa = PBXFileReference; lastKnownFileType = image.png; path = "Tree5@2x.png"; sourceTree = "<group>"; };
		E4271045189EDEA600007F33 /* Tree6.png */ = {isa = PBXFileReference; lastKnownFileType = image.png; path = Tree6.png; sourceTree = "<group>"; };
		E4271046189EDEA600007F33 /* Tree6@2x.png */ = {isa = PBXFileReference; lastKnownFileType = image.png; path = "Tree6@2x.png"; sourceTree = "<group>"; };
		E427107D189F00E800007F33 /* StartGame.png */ = {isa = PBXFileReference; lastKnownFileType = image.png; path = StartGame.png; sourceTree = "<group>"; };
		E427107E189F00E800007F33 /* StartGame@2x.png */ = {isa = PBXFileReference; lastKnownFileType = image.png; path = "StartGame@2x.png"; sourceTree = "<group>"; };
		E427107F189F00E800007F33 /* StartGameClicked.png */ = {isa = PBXFileReference; lastKnownFileType = image.png; path = StartGameClicked.png; sourceTree = "<group>"; };
		E4271080189F00E800007F33 /* StartGameClicked@2x.png */ = {isa = PBXFileReference; lastKnownFileType = image.png; path = "StartGameClicked@2x.png"; sourceTree = "<group>"; };
		E4880C4C18B44DF700DBE7B2 /* LevelEndView.h */ = {isa = PBXFileReference; fileEncoding = 4; lastKnownFileType = sourcecode.c.h; path = LevelEndView.h; sourceTree = "<group>"; };
		E4880C4D18B44DF700DBE7B2 /* LevelEndView.m */ = {isa = PBXFileReference; fileEncoding = 4; lastKnownFileType = sourcecode.c.objc; path = LevelEndView.m; sourceTree = "<group>"; };
		E49F78AC1883598900BDA47C /* JPMButton.h */ = {isa = PBXFileReference; fileEncoding = 4; lastKnownFileType = sourcecode.c.h; path = JPMButton.h; sourceTree = "<group>"; };
		E49F78AD1883598900BDA47C /* JPMButton.m */ = {isa = PBXFileReference; fileEncoding = 4; lastKnownFileType = sourcecode.c.objc; path = JPMButton.m; sourceTree = "<group>"; };
		E4A5F8F218AC9977001B28B6 /* JPMLevelInterpreter.h */ = {isa = PBXFileReference; fileEncoding = 4; lastKnownFileType = sourcecode.c.h; path = JPMLevelInterpreter.h; sourceTree = "<group>"; };
		E4A5F8F318AC9977001B28B6 /* JPMLevelInterpreter.m */ = {isa = PBXFileReference; fileEncoding = 4; lastKnownFileType = sourcecode.c.objc; path = JPMLevelInterpreter.m; sourceTree = "<group>"; };
		E4D6DF6E18931D7100F916D0 /* PhysicsParameters.h */ = {isa = PBXFileReference; fileEncoding = 4; lastKnownFileType = sourcecode.c.h; path = PhysicsParameters.h; sourceTree = "<group>"; };
		E4D6DF6F18931D7100F916D0 /* PhysicsParameters.m */ = {isa = PBXFileReference; fileEncoding = 4; lastKnownFileType = sourcecode.c.objc; path = PhysicsParameters.m; sourceTree = "<group>"; };
		E4DCD36F1874E6D20040643C /* MonkeySwing.app */ = {isa = PBXFileReference; explicitFileType = wrapper.application; includeInIndex = 0; path = MonkeySwing.app; sourceTree = BUILT_PRODUCTS_DIR; };
		E4DCD3721874E6D20040643C /* Foundation.framework */ = {isa = PBXFileReference; lastKnownFileType = wrapper.framework; name = Foundation.framework; path = System/Library/Frameworks/Foundation.framework; sourceTree = SDKROOT; };
		E4DCD3741874E6D20040643C /* CoreGraphics.framework */ = {isa = PBXFileReference; lastKnownFileType = wrapper.framework; name = CoreGraphics.framework; path = System/Library/Frameworks/CoreGraphics.framework; sourceTree = SDKROOT; };
		E4DCD3761874E6D20040643C /* UIKit.framework */ = {isa = PBXFileReference; lastKnownFileType = wrapper.framework; name = UIKit.framework; path = System/Library/Frameworks/UIKit.framework; sourceTree = SDKROOT; };
		E4DCD3781874E6D20040643C /* SpriteKit.framework */ = {isa = PBXFileReference; lastKnownFileType = wrapper.framework; name = SpriteKit.framework; path = System/Library/Frameworks/SpriteKit.framework; sourceTree = SDKROOT; };
		E4DCD37C1874E6D20040643C /* MonkeySwing-Info.plist */ = {isa = PBXFileReference; lastKnownFileType = text.plist.xml; path = "MonkeySwing-Info.plist"; sourceTree = "<group>"; };
		E4DCD37E1874E6D20040643C /* en */ = {isa = PBXFileReference; lastKnownFileType = text.plist.strings; name = en; path = en.lproj/InfoPlist.strings; sourceTree = "<group>"; };
		E4DCD3801874E6D20040643C /* main.m */ = {isa = PBXFileReference; lastKnownFileType = sourcecode.c.objc; path = main.m; sourceTree = "<group>"; };
		E4DCD3821874E6D20040643C /* MonkeySwing-Prefix.pch */ = {isa = PBXFileReference; lastKnownFileType = sourcecode.c.h; path = "MonkeySwing-Prefix.pch"; sourceTree = "<group>"; };
		E4DCD3831874E6D20040643C /* AppDelegate.h */ = {isa = PBXFileReference; lastKnownFileType = sourcecode.c.h; path = AppDelegate.h; sourceTree = "<group>"; };
		E4DCD3841874E6D20040643C /* AppDelegate.m */ = {isa = PBXFileReference; lastKnownFileType = sourcecode.c.objc; path = AppDelegate.m; sourceTree = "<group>"; };
		E4DCD3871874E6D20040643C /* Base */ = {isa = PBXFileReference; lastKnownFileType = file.storyboard; name = Base; path = Base.lproj/Main.storyboard; sourceTree = "<group>"; };
		E4DCD3891874E6D20040643C /* ViewController.h */ = {isa = PBXFileReference; lastKnownFileType = sourcecode.c.h; path = ViewController.h; sourceTree = "<group>"; };
		E4DCD38A1874E6D20040643C /* ViewController.m */ = {isa = PBXFileReference; lastKnownFileType = sourcecode.c.objc; path = ViewController.m; sourceTree = "<group>"; };
		E4DCD38C1874E6D20040643C /* MyScene.h */ = {isa = PBXFileReference; lastKnownFileType = sourcecode.c.h; path = MyScene.h; sourceTree = "<group>"; };
		E4DCD38D1874E6D20040643C /* MyScene.m */ = {isa = PBXFileReference; lastKnownFileType = sourcecode.c.objc; path = MyScene.m; sourceTree = "<group>"; };
		E4DCD3911874E6D20040643C /* Images.xcassets */ = {isa = PBXFileReference; lastKnownFileType = folder.assetcatalog; path = Images.xcassets; sourceTree = "<group>"; };
		E4DCD3971874E6D20040643C /* MonkeySwingTests.xctest */ = {isa = PBXFileReference; explicitFileType = wrapper.cfbundle; includeInIndex = 0; path = MonkeySwingTests.xctest; sourceTree = BUILT_PRODUCTS_DIR; };
		E4DCD3981874E6D20040643C /* XCTest.framework */ = {isa = PBXFileReference; lastKnownFileType = wrapper.framework; name = XCTest.framework; path = Library/Frameworks/XCTest.framework; sourceTree = DEVELOPER_DIR; };
		E4DCD3A01874E6D20040643C /* MonkeySwingTests-Info.plist */ = {isa = PBXFileReference; lastKnownFileType = text.plist.xml; path = "MonkeySwingTests-Info.plist"; sourceTree = "<group>"; };
		E4DCD3A21874E6D20040643C /* en */ = {isa = PBXFileReference; lastKnownFileType = text.plist.strings; name = en; path = en.lproj/InfoPlist.strings; sourceTree = "<group>"; };
		E4DCD3A41874E6D20040643C /* MonkeySwingTests.m */ = {isa = PBXFileReference; lastKnownFileType = sourcecode.c.objc; path = MonkeySwingTests.m; sourceTree = "<group>"; };
		E4DCD3EB1874FD120040643C /* ParticleFire.sks */ = {isa = PBXFileReference; lastKnownFileType = file.sks; path = ParticleFire.sks; sourceTree = "<group>"; };
		E4DCD3EC1874FD120040643C /* spark.png */ = {isa = PBXFileReference; lastKnownFileType = image.png; path = spark.png; sourceTree = "<group>"; };
		E4DE289018B3367D006A98CA /* Level1.csv */ = {isa = PBXFileReference; fileEncoding = 4; lastKnownFileType = text; path = Level1.csv; sourceTree = "<group>"; };
/* End PBXFileReference section */

/* Begin PBXFrameworksBuildPhase section */
		E4DCD36C1874E6D20040643C /* Frameworks */ = {
			isa = PBXFrameworksBuildPhase;
			buildActionMask = 2147483647;
			files = (
				E46317B618A5FEE600E911E6 /* libz.dylib in Frameworks */,
				E4DCD3751874E6D20040643C /* CoreGraphics.framework in Frameworks */,
				E4DCD3771874E6D20040643C /* UIKit.framework in Frameworks */,
				E4DCD3791874E6D20040643C /* SpriteKit.framework in Frameworks */,
				E4DCD3731874E6D20040643C /* Foundation.framework in Frameworks */,
			);
			runOnlyForDeploymentPostprocessing = 0;
		};
		E4DCD3941874E6D20040643C /* Frameworks */ = {
			isa = PBXFrameworksBuildPhase;
			buildActionMask = 2147483647;
			files = (
				E4DCD3991874E6D20040643C /* XCTest.framework in Frameworks */,
				E4DCD39B1874E6D20040643C /* UIKit.framework in Frameworks */,
				E4DCD39A1874E6D20040643C /* Foundation.framework in Frameworks */,
			);
			runOnlyForDeploymentPostprocessing = 0;
		};
/* End PBXFrameworksBuildPhase section */

/* Begin PBXGroup section */
		E4271018189EDEA600007F33 /* Assets */ = {
			isa = PBXGroup;
			children = (
				E423238F18ADEE7D00F852A0 /* Apple.png */,
				E423239018ADEE7D00F852A0 /* Apple@2x.png */,
				E4271019189EDEA600007F33 /* Banana.png */,
				E427101A189EDEA600007F33 /* Banana@2x.png */,
				E427101B189EDEA600007F33 /* Bush1.png */,
				E427101C189EDEA600007F33 /* Bush1@2x.png */,
				E427101D189EDEA600007F33 /* Bush2.png */,
				E427101E189EDEA600007F33 /* Bush2@2x.png */,
				E427101F189EDEA600007F33 /* Bush3.png */,
				E4271020189EDEA600007F33 /* Bush3@2x.png */,
				E4271021189EDEA600007F33 /* Bush4.png */,
				E4271022189EDEA600007F33 /* Bush4@2x.png */,
				E4271023189EDEA600007F33 /* Bush5.png */,
				E4271024189EDEA600007F33 /* Bush5@2x.png */,
				E4271025189EDEA600007F33 /* HudBanana.png */,
				E4271026189EDEA600007F33 /* HudBanana@2x.png */,
				E4271027189EDEA600007F33 /* HudFire.png */,
				E4271028189EDEA600007F33 /* HudFire@2x.png */,
				E4271029189EDEA600007F33 /* MainScreenBanana.png */,
				E427102A189EDEA600007F33 /* MainScreenBanana@2x.png */,
				E427102B189EDEA600007F33 /* MainScreenMonkey.png */,
				E427102C189EDEA600007F33 /* MainScreenMonkey@2x.png */,
				E427102D189EDEA600007F33 /* MainScreenRopeSegment.png */,
				E427102E189EDEA600007F33 /* MainScreenRopeSegment@2x.png */,
				E427102F189EDEA600007F33 /* MainScreenSky.png */,
				E4271030189EDEA600007F33 /* MainScreenSky@2x.png */,
				E4271031189EDEA600007F33 /* Monkey.png */,
				E4271032189EDEA600007F33 /* Monkey@2x.png */,
				E4271033189EDEA600007F33 /* MonkeyClicked.png */,
				E4271034189EDEA600007F33 /* MonkeyClicked@2x.png */,
				E4271035189EDEA600007F33 /* Rope Segment.png */,
				E4271036189EDEA600007F33 /* Rope Segment@2x.png */,
				E4271037189EDEA600007F33 /* SadMonkey.png */,
				E4271038189EDEA600007F33 /* SadMonkey@2x.png */,
				E427107D189F00E800007F33 /* StartGame.png */,
				E427107E189F00E800007F33 /* StartGame@2x.png */,
				E427107F189F00E800007F33 /* StartGameClicked.png */,
				E4271080189F00E800007F33 /* StartGameClicked@2x.png */,
				E4271039189EDEA600007F33 /* Sky.png */,
				E427103A189EDEA600007F33 /* Sky@2x.png */,
				E427103B189EDEA600007F33 /* Tree1.png */,
				E427103C189EDEA600007F33 /* Tree1@2x.png */,
				E427103D189EDEA600007F33 /* Tree2.png */,
				E427103E189EDEA600007F33 /* Tree2@2x.png */,
				E427103F189EDEA600007F33 /* Tree3.png */,
				E4271040189EDEA600007F33 /* Tree3@2x.png */,
				E4271041189EDEA600007F33 /* Tree4.png */,
				E4271042189EDEA600007F33 /* Tree4@2x.png */,
				E4271043189EDEA600007F33 /* Tree5.png */,
				E4271044189EDEA600007F33 /* Tree5@2x.png */,
				E4271045189EDEA600007F33 /* Tree6.png */,
				E4271046189EDEA600007F33 /* Tree6@2x.png */,
			);
			path = Assets;
			sourceTree = "<group>";
		};
		E4A5F8F518ACA646001B28B6 /* Levels */ = {
			isa = PBXGroup;
			children = (
				E4DE289018B3367D006A98CA /* Level1.csv */,
				E4A5F8F218AC9977001B28B6 /* JPMLevelInterpreter.h */,
				E4A5F8F318AC9977001B28B6 /* JPMLevelInterpreter.m */,
			);
			name = Levels;
			sourceTree = "<group>";
		};
		E4A7CF9318767527009CD28B /* Standard Apple Stuff */ = {
			isa = PBXGroup;
			children = (
				E4DCD3911874E6D20040643C /* Images.xcassets */,
				E4DCD3831874E6D20040643C /* AppDelegate.h */,
				E4DCD3841874E6D20040643C /* AppDelegate.m */,
				E4DCD3861874E6D20040643C /* Main.storyboard */,
				E4DCD3891874E6D20040643C /* ViewController.h */,
				E4DCD38A1874E6D20040643C /* ViewController.m */,
			);
			name = "Standard Apple Stuff";
			sourceTree = "<group>";
		};
		E4DCD3661874E6D20040643C = {
			isa = PBXGroup;
			children = (
				E4DCD37A1874E6D20040643C /* MonkeySwing */,
				E4DCD39E1874E6D20040643C /* MonkeySwingTests */,
				E4DCD3711874E6D20040643C /* Frameworks */,
				E4DCD3701874E6D20040643C /* Products */,
			);
			sourceTree = "<group>";
		};
		E4DCD3701874E6D20040643C /* Products */ = {
			isa = PBXGroup;
			children = (
				E4DCD36F1874E6D20040643C /* MonkeySwing.app */,
				E4DCD3971874E6D20040643C /* MonkeySwingTests.xctest */,
			);
			name = Products;
			sourceTree = "<group>";
		};
		E4DCD3711874E6D20040643C /* Frameworks */ = {
			isa = PBXGroup;
			children = (
				E4271007189E230400007F33 /* libz.dylib */,
				E4DCD3721874E6D20040643C /* Foundation.framework */,
				E4DCD3741874E6D20040643C /* CoreGraphics.framework */,
				E4DCD3761874E6D20040643C /* UIKit.framework */,
				E4DCD3781874E6D20040643C /* SpriteKit.framework */,
				E4DCD3981874E6D20040643C /* XCTest.framework */,
			);
			name = Frameworks;
			sourceTree = "<group>";
		};
		E4DCD37A1874E6D20040643C /* MonkeySwing */ = {
			isa = PBXGroup;
			children = (
				E4271015189ED60800007F33 /* MainMenuScene.h */,
				E4271016189ED60800007F33 /* MainMenuScene.m */,
				E4DCD38C1874E6D20040643C /* MyScene.h */,
				E4DCD38D1874E6D20040643C /* MyScene.m */,
				E4880C4C18B44DF700DBE7B2 /* LevelEndView.h */,
				E4880C4D18B44DF700DBE7B2 /* LevelEndView.m */,
				E49F78AC1883598900BDA47C /* JPMButton.h */,
				E49F78AD1883598900BDA47C /* JPMButton.m */,
				E4D6DF6E18931D7100F916D0 /* PhysicsParameters.h */,
				E4D6DF6F18931D7100F916D0 /* PhysicsParameters.m */,
				E423238C18ADA93E00F852A0 /* BonusPointsObject.h */,
				E423238D18ADA93E00F852A0 /* BonusPointsObject.m */,
				E4A5F8F518ACA646001B28B6 /* Levels */,
				E4DCD37B1874E6D20040643C /* Supporting Files */,
				E4A7CF9318767527009CD28B /* Standard Apple Stuff */,
			);
			path = MonkeySwing;
			sourceTree = "<group>";
		};
		E4DCD37B1874E6D20040643C /* Supporting Files */ = {
			isa = PBXGroup;
			children = (
				E4271018189EDEA600007F33 /* Assets */,
				E4DCD37C1874E6D20040643C /* MonkeySwing-Info.plist */,
				E4DCD37D1874E6D20040643C /* InfoPlist.strings */,
				E4DCD3801874E6D20040643C /* main.m */,
				E4DCD3821874E6D20040643C /* MonkeySwing-Prefix.pch */,
				E4DCD3EB1874FD120040643C /* ParticleFire.sks */,
				E4DCD3EC1874FD120040643C /* spark.png */,
			);
			name = "Supporting Files";
			sourceTree = "<group>";
		};
		E4DCD39E1874E6D20040643C /* MonkeySwingTests */ = {
			isa = PBXGroup;
			children = (
				E4DCD3A41874E6D20040643C /* MonkeySwingTests.m */,
				E4DCD39F1874E6D20040643C /* Supporting Files */,
			);
			path = MonkeySwingTests;
			sourceTree = "<group>";
		};
		E4DCD39F1874E6D20040643C /* Supporting Files */ = {
			isa = PBXGroup;
			children = (
				E4DCD3A01874E6D20040643C /* MonkeySwingTests-Info.plist */,
				E4DCD3A11874E6D20040643C /* InfoPlist.strings */,
			);
			name = "Supporting Files";
			sourceTree = "<group>";
		};
/* End PBXGroup section */

/* Begin PBXNativeTarget section */
		E4DCD36E1874E6D20040643C /* MonkeySwing */ = {
			isa = PBXNativeTarget;
			buildConfigurationList = E4DCD3A81874E6D20040643C /* Build configuration list for PBXNativeTarget "MonkeySwing" */;
			buildPhases = (
				E4DCD36B1874E6D20040643C /* Sources */,
				E4DCD36C1874E6D20040643C /* Frameworks */,
				E4DCD36D1874E6D20040643C /* Resources */,
			);
			buildRules = (
			);
			dependencies = (
			);
			name = MonkeySwing;
			productName = MonkeySwing;
			productReference = E4DCD36F1874E6D20040643C /* MonkeySwing.app */;
			productType = "com.apple.product-type.application";
		};
		E4DCD3961874E6D20040643C /* MonkeySwingTests */ = {
			isa = PBXNativeTarget;
			buildConfigurationList = E4DCD3AB1874E6D20040643C /* Build configuration list for PBXNativeTarget "MonkeySwingTests" */;
			buildPhases = (
				E4DCD3931874E6D20040643C /* Sources */,
				E4DCD3941874E6D20040643C /* Frameworks */,
				E4DCD3951874E6D20040643C /* Resources */,
			);
			buildRules = (
			);
			dependencies = (
				E4DCD39D1874E6D20040643C /* PBXTargetDependency */,
			);
			name = MonkeySwingTests;
			productName = MonkeySwingTests;
			productReference = E4DCD3971874E6D20040643C /* MonkeySwingTests.xctest */;
			productType = "com.apple.product-type.bundle.unit-test";
		};
/* End PBXNativeTarget section */

/* Begin PBXProject section */
		E4DCD3671874E6D20040643C /* Project object */ = {
			isa = PBXProject;
			attributes = {
				LastUpgradeCheck = 0500;
				ORGANIZATIONNAME = "James Paul Mason";
				TargetAttributes = {
					E4DCD36E1874E6D20040643C = {
						DevelopmentTeam = Y3EC579VUK;
					};
					E4DCD3961874E6D20040643C = {
						TestTargetID = E4DCD36E1874E6D20040643C;
					};
				};
			};
			buildConfigurationList = E4DCD36A1874E6D20040643C /* Build configuration list for PBXProject "MonkeySwing" */;
			compatibilityVersion = "Xcode 3.2";
			developmentRegion = English;
			hasScannedForEncodings = 0;
			knownRegions = (
				en,
				Base,
			);
			mainGroup = E4DCD3661874E6D20040643C;
			productRefGroup = E4DCD3701874E6D20040643C /* Products */;
			projectDirPath = "";
			projectRoot = "";
			targets = (
				E4DCD36E1874E6D20040643C /* MonkeySwing */,
				E4DCD3961874E6D20040643C /* MonkeySwingTests */,
			);
		};
/* End PBXProject section */

/* Begin PBXResourcesBuildPhase section */
		E4DCD36D1874E6D20040643C /* Resources */ = {
			isa = PBXResourcesBuildPhase;
			buildActionMask = 2147483647;
			files = (
				E4271083189F00E800007F33 /* StartGameClicked.png in Resources */,
				E427106B189EDEA600007F33 /* Tree2.png in Resources */,
				E427105F189EDEA600007F33 /* Monkey.png in Resources */,
				E423239118ADEE7D00F852A0 /* Apple.png in Resources */,
				E427106E189EDEA600007F33 /* Tree3@2x.png in Resources */,
				E4271056189EDEA600007F33 /* HudFire@2x.png in Resources */,
				E427104C189EDEA600007F33 /* Bush2@2x.png in Resources */,
				E4271055189EDEA600007F33 /* HudFire.png in Resources */,
				E427104B189EDEA600007F33 /* Bush2.png in Resources */,
				E4271074189EDEA600007F33 /* Tree6@2x.png in Resources */,
				E4271069189EDEA600007F33 /* Tree1.png in Resources */,
				E427106D189EDEA600007F33 /* Tree3.png in Resources */,
				E427105A189EDEA600007F33 /* MainScreenMonkey@2x.png in Resources */,
				E4271061189EDEA600007F33 /* MonkeyClicked.png in Resources */,
				E4271065189EDEA600007F33 /* SadMonkey.png in Resources */,
				E4271050189EDEA600007F33 /* Bush4@2x.png in Resources */,
				E4271064189EDEA600007F33 /* Rope Segment@2x.png in Resources */,
				E4271057189EDEA600007F33 /* MainScreenBanana.png in Resources */,
				E4271051189EDEA600007F33 /* Bush5.png in Resources */,
				E4271059189EDEA600007F33 /* MainScreenMonkey.png in Resources */,
				E4271053189EDEA600007F33 /* HudBanana.png in Resources */,
				E427106A189EDEA600007F33 /* Tree1@2x.png in Resources */,
				E4271054189EDEA600007F33 /* HudBanana@2x.png in Resources */,
				E4271073189EDEA600007F33 /* Tree6.png in Resources */,
				E4DCD37F1874E6D20040643C /* InfoPlist.strings in Resources */,
				E4271063189EDEA600007F33 /* Rope Segment.png in Resources */,
				E423239218ADEE7D00F852A0 /* Apple@2x.png in Resources */,
				E4DCD3921874E6D20040643C /* Images.xcassets in Resources */,
				E427106C189EDEA600007F33 /* Tree2@2x.png in Resources */,
				E4271047189EDEA600007F33 /* Banana.png in Resources */,
				E4271084189F00E800007F33 /* StartGameClicked@2x.png in Resources */,
				E4271067189EDEA600007F33 /* Sky.png in Resources */,
				E4271048189EDEA600007F33 /* Banana@2x.png in Resources */,
				E427104F189EDEA600007F33 /* Bush4.png in Resources */,
				E427105B189EDEA600007F33 /* MainScreenRopeSegment.png in Resources */,
				E427105C189EDEA600007F33 /* MainScreenRopeSegment@2x.png in Resources */,
				E4271072189EDEA600007F33 /* Tree5@2x.png in Resources */,
				E4271070189EDEA600007F33 /* Tree4@2x.png in Resources */,
				E4DCD3881874E6D20040643C /* Main.storyboard in Resources */,
				E4DCD3ED1874FD120040643C /* ParticleFire.sks in Resources */,
				E4271081189F00E800007F33 /* StartGame.png in Resources */,
				E4271071189EDEA600007F33 /* Tree5.png in Resources */,
				E4DCD3EE1874FD120040643C /* spark.png in Resources */,
				E427104D189EDEA600007F33 /* Bush3.png in Resources */,
				E4271082189F00E800007F33 /* StartGame@2x.png in Resources */,
				E4271049189EDEA600007F33 /* Bush1.png in Resources */,
				E4271052189EDEA600007F33 /* Bush5@2x.png in Resources */,
				E427105D189EDEA600007F33 /* MainScreenSky.png in Resources */,
				E4271068189EDEA600007F33 /* Sky@2x.png in Resources */,
				E4271060189EDEA600007F33 /* Monkey@2x.png in Resources */,
				E4271062189EDEA600007F33 /* MonkeyClicked@2x.png in Resources */,
				E4271058189EDEA600007F33 /* MainScreenBanana@2x.png in Resources */,
				E4271066189EDEA600007F33 /* SadMonkey@2x.png in Resources */,
				E427104A189EDEA600007F33 /* Bush1@2x.png in Resources */,
				E427104E189EDEA600007F33 /* Bush3@2x.png in Resources */,
				E4DE289118B3367D006A98CA /* Level1.csv in Resources */,
				E427106F189EDEA600007F33 /* Tree4.png in Resources */,
				E427105E189EDEA600007F33 /* MainScreenSky@2x.png in Resources */,
			);
			runOnlyForDeploymentPostprocessing = 0;
		};
		E4DCD3951874E6D20040643C /* Resources */ = {
			isa = PBXResourcesBuildPhase;
			buildActionMask = 2147483647;
			files = (
				E4DCD3A31874E6D20040643C /* InfoPlist.strings in Resources */,
			);
			runOnlyForDeploymentPostprocessing = 0;
		};
/* End PBXResourcesBuildPhase section */

/* Begin PBXSourcesBuildPhase section */
		E4DCD36B1874E6D20040643C /* Sources */ = {
			isa = PBXSourcesBuildPhase;
			buildActionMask = 2147483647;
			files = (
				E49F78AE1883598900BDA47C /* JPMButton.m in Sources */,
				E423238E18ADA93E00F852A0 /* BonusPointsObject.m in Sources */,
				E4880C4E18B44DF700DBE7B2 /* LevelEndView.m in Sources */,
				E4DCD38E1874E6D20040643C /* MyScene.m in Sources */,
				E4DCD38B1874E6D20040643C /* ViewController.m in Sources */,
				E4A5F8F418AC9977001B28B6 /* JPMLevelInterpreter.m in Sources */,
				E4DCD3851874E6D20040643C /* AppDelegate.m in Sources */,
				E4271017189ED60800007F33 /* MainMenuScene.m in Sources */,
				E4DCD3811874E6D20040643C /* main.m in Sources */,
				E4D6DF7018931D7100F916D0 /* PhysicsParameters.m in Sources */,
			);
			runOnlyForDeploymentPostprocessing = 0;
		};
		E4DCD3931874E6D20040643C /* Sources */ = {
			isa = PBXSourcesBuildPhase;
			buildActionMask = 2147483647;
			files = (
				E4DCD3A51874E6D20040643C /* MonkeySwingTests.m in Sources */,
			);
			runOnlyForDeploymentPostprocessing = 0;
		};
/* End PBXSourcesBuildPhase section */

/* Begin PBXTargetDependency section */
		E4DCD39D1874E6D20040643C /* PBXTargetDependency */ = {
			isa = PBXTargetDependency;
			target = E4DCD36E1874E6D20040643C /* MonkeySwing */;
			targetProxy = E4DCD39C1874E6D20040643C /* PBXContainerItemProxy */;
		};
/* End PBXTargetDependency section */

/* Begin PBXVariantGroup section */
		E4DCD37D1874E6D20040643C /* InfoPlist.strings */ = {
			isa = PBXVariantGroup;
			children = (
				E4DCD37E1874E6D20040643C /* en */,
			);
			name = InfoPlist.strings;
			sourceTree = "<group>";
		};
		E4DCD3861874E6D20040643C /* Main.storyboard */ = {
			isa = PBXVariantGroup;
			children = (
				E4DCD3871874E6D20040643C /* Base */,
			);
			name = Main.storyboard;
			sourceTree = "<group>";
		};
		E4DCD3A11874E6D20040643C /* InfoPlist.strings */ = {
			isa = PBXVariantGroup;
			children = (
				E4DCD3A21874E6D20040643C /* en */,
			);
			name = InfoPlist.strings;
			sourceTree = "<group>";
		};
/* End PBXVariantGroup section */

/* Begin XCBuildConfiguration section */
		E4DCD3A61874E6D20040643C /* Debug */ = {
			isa = XCBuildConfiguration;
			buildSettings = {
				ALWAYS_SEARCH_USER_PATHS = NO;
				ARCHS = "$(ARCHS_STANDARD_INCLUDING_64_BIT)";
				CLANG_CXX_LANGUAGE_STANDARD = "gnu++0x";
				CLANG_CXX_LIBRARY = "libc++";
				CLANG_ENABLE_MODULES = YES;
				CLANG_ENABLE_OBJC_ARC = YES;
				CLANG_WARN_BOOL_CONVERSION = YES;
				CLANG_WARN_CONSTANT_CONVERSION = YES;
				CLANG_WARN_DIRECT_OBJC_ISA_USAGE = YES_ERROR;
				CLANG_WARN_EMPTY_BODY = YES;
				CLANG_WARN_ENUM_CONVERSION = YES;
				CLANG_WARN_INT_CONVERSION = YES;
				CLANG_WARN_OBJC_ROOT_CLASS = YES_ERROR;
				CLANG_WARN__DUPLICATE_METHOD_MATCH = YES;
				"CODE_SIGN_IDENTITY[sdk=iphoneos*]" = "iPhone Developer";
				COPY_PHASE_STRIP = NO;
				GCC_C_LANGUAGE_STANDARD = gnu99;
				GCC_DYNAMIC_NO_PIC = NO;
				GCC_OPTIMIZATION_LEVEL = 0;
				GCC_PREPROCESSOR_DEFINITIONS = (
					"DEBUG=1",
					"$(inherited)",
				);
				GCC_SYMBOLS_PRIVATE_EXTERN = NO;
				GCC_WARN_64_TO_32_BIT_CONVERSION = YES;
				GCC_WARN_ABOUT_RETURN_TYPE = YES_ERROR;
				GCC_WARN_UNDECLARED_SELECTOR = YES;
				GCC_WARN_UNINITIALIZED_AUTOS = YES;
				GCC_WARN_UNUSED_FUNCTION = YES;
				GCC_WARN_UNUSED_VARIABLE = YES;
				IPHONEOS_DEPLOYMENT_TARGET = 7.0;
				ONLY_ACTIVE_ARCH = YES;
				SDKROOT = iphoneos;
			};
			name = Debug;
		};
		E4DCD3A71874E6D20040643C /* Release */ = {
			isa = XCBuildConfiguration;
			buildSettings = {
				ALWAYS_SEARCH_USER_PATHS = NO;
				ARCHS = "$(ARCHS_STANDARD_INCLUDING_64_BIT)";
				CLANG_CXX_LANGUAGE_STANDARD = "gnu++0x";
				CLANG_CXX_LIBRARY = "libc++";
				CLANG_ENABLE_MODULES = YES;
				CLANG_ENABLE_OBJC_ARC = YES;
				CLANG_WARN_BOOL_CONVERSION = YES;
				CLANG_WARN_CONSTANT_CONVERSION = YES;
				CLANG_WARN_DIRECT_OBJC_ISA_USAGE = YES_ERROR;
				CLANG_WARN_EMPTY_BODY = YES;
				CLANG_WARN_ENUM_CONVERSION = YES;
				CLANG_WARN_INT_CONVERSION = YES;
				CLANG_WARN_OBJC_ROOT_CLASS = YES_ERROR;
				CLANG_WARN__DUPLICATE_METHOD_MATCH = YES;
				"CODE_SIGN_IDENTITY[sdk=iphoneos*]" = "iPhone Developer";
				COPY_PHASE_STRIP = YES;
				ENABLE_NS_ASSERTIONS = NO;
				GCC_C_LANGUAGE_STANDARD = gnu99;
				GCC_WARN_64_TO_32_BIT_CONVERSION = YES;
				GCC_WARN_ABOUT_RETURN_TYPE = YES_ERROR;
				GCC_WARN_UNDECLARED_SELECTOR = YES;
				GCC_WARN_UNINITIALIZED_AUTOS = YES;
				GCC_WARN_UNUSED_FUNCTION = YES;
				GCC_WARN_UNUSED_VARIABLE = YES;
				IPHONEOS_DEPLOYMENT_TARGET = 7.0;
				SDKROOT = iphoneos;
				VALIDATE_PRODUCT = YES;
			};
			name = Release;
		};
		E4DCD3A91874E6D20040643C /* Debug */ = {
			isa = XCBuildConfiguration;
			buildSettings = {
				ASSETCATALOG_COMPILER_APPICON_NAME = AppIcon;
				ASSETCATALOG_COMPILER_LAUNCHIMAGE_NAME = LaunchImage;
				CODE_SIGN_IDENTITY = "iPhone Developer";
				GCC_PRECOMPILE_PREFIX_HEADER = YES;
				GCC_PREFIX_HEADER = "MonkeySwing/MonkeySwing-Prefix.pch";
				INFOPLIST_FILE = "MonkeySwing/MonkeySwing-Info.plist";
				PRODUCT_NAME = "$(TARGET_NAME)";
				SPRITEKIT_TEXTURE_ATLAS_OUTPUT = YES;
				WRAPPER_EXTENSION = app;
			};
			name = Debug;
		};
		E4DCD3AA1874E6D20040643C /* Release */ = {
			isa = XCBuildConfiguration;
			buildSettings = {
				ASSETCATALOG_COMPILER_APPICON_NAME = AppIcon;
				ASSETCATALOG_COMPILER_LAUNCHIMAGE_NAME = LaunchImage;
				CODE_SIGN_IDENTITY = "iPhone Developer";
				GCC_PRECOMPILE_PREFIX_HEADER = YES;
				GCC_PREFIX_HEADER = "MonkeySwing/MonkeySwing-Prefix.pch";
				INFOPLIST_FILE = "MonkeySwing/MonkeySwing-Info.plist";
				PRODUCT_NAME = "$(TARGET_NAME)";
				SPRITEKIT_TEXTURE_ATLAS_OUTPUT = YES;
				WRAPPER_EXTENSION = app;
			};
			name = Release;
		};
		E4DCD3AC1874E6D20040643C /* Debug */ = {
			isa = XCBuildConfiguration;
			buildSettings = {
				ARCHS = "$(ARCHS_STANDARD_INCLUDING_64_BIT)";
				BUNDLE_LOADER = "$(BUILT_PRODUCTS_DIR)/MonkeySwing.app/MonkeySwing";
				FRAMEWORK_SEARCH_PATHS = (
					"$(SDKROOT)/Developer/Library/Frameworks",
					"$(inherited)",
					"$(DEVELOPER_FRAMEWORKS_DIR)",
				);
				GCC_PRECOMPILE_PREFIX_HEADER = YES;
				GCC_PREFIX_HEADER = "MonkeySwing/MonkeySwing-Prefix.pch";
				GCC_PREPROCESSOR_DEFINITIONS = (
					"DEBUG=1",
					"$(inherited)",
				);
				INFOPLIST_FILE = "MonkeySwingTests/MonkeySwingTests-Info.plist";
				PRODUCT_NAME = "$(TARGET_NAME)";
				TEST_HOST = "$(BUNDLE_LOADER)";
				WRAPPER_EXTENSION = xctest;
			};
			name = Debug;
		};
		E4DCD3AD1874E6D20040643C /* Release */ = {
			isa = XCBuildConfiguration;
			buildSettings = {
				ARCHS = "$(ARCHS_STANDARD_INCLUDING_64_BIT)";
				BUNDLE_LOADER = "$(BUILT_PRODUCTS_DIR)/MonkeySwing.app/MonkeySwing";
				FRAMEWORK_SEARCH_PATHS = (
					"$(SDKROOT)/Developer/Library/Frameworks",
					"$(inherited)",
					"$(DEVELOPER_FRAMEWORKS_DIR)",
				);
				GCC_PRECOMPILE_PREFIX_HEADER = YES;
				GCC_PREFIX_HEADER = "MonkeySwing/MonkeySwing-Prefix.pch";
				INFOPLIST_FILE = "MonkeySwingTests/MonkeySwingTests-Info.plist";
				PRODUCT_NAME = "$(TARGET_NAME)";
				TEST_HOST = "$(BUNDLE_LOADER)";
				WRAPPER_EXTENSION = xctest;
			};
			name = Release;
		};
/* End XCBuildConfiguration section */

/* Begin XCConfigurationList section */
		E4DCD36A1874E6D20040643C /* Build configuration list for PBXProject "MonkeySwing" */ = {
			isa = XCConfigurationList;
			buildConfigurations = (
				E4DCD3A61874E6D20040643C /* Debug */,
				E4DCD3A71874E6D20040643C /* Release */,
			);
			defaultConfigurationIsVisible = 0;
			defaultConfigurationName = Release;
		};
		E4DCD3A81874E6D20040643C /* Build configuration list for PBXNativeTarget "MonkeySwing" */ = {
			isa = XCConfigurationList;
			buildConfigurations = (
				E4DCD3A91874E6D20040643C /* Debug */,
				E4DCD3AA1874E6D20040643C /* Release */,
			);
			defaultConfigurationIsVisible = 0;
			defaultConfigurationName = Release;
		};
		E4DCD3AB1874E6D20040643C /* Build configuration list for PBXNativeTarget "MonkeySwingTests" */ = {
			isa = XCConfigurationList;
			buildConfigurations = (
				E4DCD3AC1874E6D20040643C /* Debug */,
				E4DCD3AD1874E6D20040643C /* Release */,
			);
			defaultConfigurationIsVisible = 0;
			defaultConfigurationName = Release;
		};
/* End XCConfigurationList section */
	};
	rootObject = E4DCD3671874E6D20040643C /* Project object */;
}
