// !$*UTF8*$!
{
	archiveVersion = 1;
	classes = {
	};
	objectVersion = 46;
	objects = {

/* Begin PBXBuildFile section */
		E423238E18ADA93E00F852A0 /* BonusPointsObject.m in Sources */ = {isa = PBXBuildFile; fileRef = E423238D18ADA93E00F852A0 /* BonusPointsObject.m */; };
		E4271017189ED60800007F33 /* MainMenuScene.m in Sources */ = {isa = PBXBuildFile; fileRef = E4271016189ED60800007F33 /* MainMenuScene.m */; };
		E43567C0190CB554002ED25D /* GameKitHelper.m in Sources */ = {isa = PBXBuildFile; fileRef = E43567BF190CB554002ED25D /* GameKitHelper.m */; };
		E458D7D518BDAC1C005D8D03 /* Level1.csv in Resources */ = {isa = PBXBuildFile; fileRef = E458D7D418BDAC1C005D8D03 /* Level1.csv */; };
		E45C90961913442B00956737 /* GameCenterFriendData.m in Sources */ = {isa = PBXBuildFile; fileRef = E45C90951913442B00956737 /* GameCenterFriendData.m */; };
		E46317B618A5FEE600E911E6 /* libz.dylib in Frameworks */ = {isa = PBXBuildFile; fileRef = E4271007189E230400007F33 /* libz.dylib */; };
		E46F69E91964FD3D0001E462 /* MainMenuPage1ViewController.m in Sources */ = {isa = PBXBuildFile; fileRef = E46F69E71964FD3D0001E462 /* MainMenuPage1ViewController.m */; };
		E46F69EA1964FD3D0001E462 /* MainMenuPage1ViewController.xib in Resources */ = {isa = PBXBuildFile; fileRef = E46F69E81964FD3D0001E462 /* MainMenuPage1ViewController.xib */; };
		E46F69EE196505B10001E462 /* MainMenuPage2ViewController.m in Sources */ = {isa = PBXBuildFile; fileRef = E46F69EC196505B10001E462 /* MainMenuPage2ViewController.m */; };
		E46F69EF196505B10001E462 /* MainMenuPage2ViewController.xib in Resources */ = {isa = PBXBuildFile; fileRef = E46F69ED196505B10001E462 /* MainMenuPage2ViewController.xib */; };
		E46F69F3196506020001E462 /* MainMenuPage0ViewController.m in Sources */ = {isa = PBXBuildFile; fileRef = E46F69F1196506020001E462 /* MainMenuPage0ViewController.m */; };
		E46F69F4196506020001E462 /* MainMenuPage0ViewController.xib in Resources */ = {isa = PBXBuildFile; fileRef = E46F69F2196506020001E462 /* MainMenuPage0ViewController.xib */; };
		E4770F4D190F6636005E7200 /* GameKit.framework in Frameworks */ = {isa = PBXBuildFile; fileRef = E4770F4C190F6636005E7200 /* GameKit.framework */; };
		E4880C4E18B44DF700DBE7B2 /* LevelEndView.m in Sources */ = {isa = PBXBuildFile; fileRef = E4880C4D18B44DF700DBE7B2 /* LevelEndView.m */; };
		E49F78AE1883598900BDA47C /* JPMButton.m in Sources */ = {isa = PBXBuildFile; fileRef = E49F78AD1883598900BDA47C /* JPMButton.m */; };
		E4A5F8F418AC9977001B28B6 /* JPMLevelInterpreter.m in Sources */ = {isa = PBXBuildFile; fileRef = E4A5F8F318AC9977001B28B6 /* JPMLevelInterpreter.m */; };
		E4B5B97C18DAB9B60092E231 /* PlayerLevelRunData.m in Sources */ = {isa = PBXBuildFile; fileRef = E4B5B97B18DAB9B60092E231 /* PlayerLevelRunData.m */; };
		E4D34A611969AF05000E7210 /* Apple.png in Resources */ = {isa = PBXBuildFile; fileRef = E4D34A271969AF05000E7210 /* Apple.png */; };
		E4D34A621969AF05000E7210 /* Apple@2x.png in Resources */ = {isa = PBXBuildFile; fileRef = E4D34A281969AF05000E7210 /* Apple@2x.png */; };
		E4D34A631969AF05000E7210 /* Arrow.png in Resources */ = {isa = PBXBuildFile; fileRef = E4D34A291969AF05000E7210 /* Arrow.png */; };
		E4D34A641969AF05000E7210 /* Arrow@2x.png in Resources */ = {isa = PBXBuildFile; fileRef = E4D34A2A1969AF05000E7210 /* Arrow@2x.png */; };
		E4D34A651969AF05000E7210 /* Banana.png in Resources */ = {isa = PBXBuildFile; fileRef = E4D34A2B1969AF05000E7210 /* Banana.png */; };
		E4D34A661969AF05000E7210 /* Banana@2x.png in Resources */ = {isa = PBXBuildFile; fileRef = E4D34A2C1969AF05000E7210 /* Banana@2x.png */; };
		E4D34A671969AF05000E7210 /* DeadMonkeysButton.png in Resources */ = {isa = PBXBuildFile; fileRef = E4D34A2D1969AF05000E7210 /* DeadMonkeysButton.png */; };
		E4D34A681969AF05000E7210 /* DeadMonkeysButton@2x.png in Resources */ = {isa = PBXBuildFile; fileRef = E4D34A2E1969AF05000E7210 /* DeadMonkeysButton@2x.png */; };
		E4D34A691969AF05000E7210 /* DeadMonkeysButtonClicked.png in Resources */ = {isa = PBXBuildFile; fileRef = E4D34A2F1969AF05000E7210 /* DeadMonkeysButtonClicked.png */; };
		E4D34A6A1969AF05000E7210 /* DeadMonkeysButtonClicked@2x.png in Resources */ = {isa = PBXBuildFile; fileRef = E4D34A301969AF05000E7210 /* DeadMonkeysButtonClicked@2x.png */; };
		E4D34A6B1969AF05000E7210 /* FullLevel1.png in Resources */ = {isa = PBXBuildFile; fileRef = E4D34A311969AF05000E7210 /* FullLevel1.png */; };
		E4D34A6C1969AF05000E7210 /* FullLevel1@2x.png in Resources */ = {isa = PBXBuildFile; fileRef = E4D34A321969AF05000E7210 /* FullLevel1@2x.png */; };
		E4D34A6D1969AF05000E7210 /* FullLevel2.png in Resources */ = {isa = PBXBuildFile; fileRef = E4D34A331969AF05000E7210 /* FullLevel2.png */; };
		E4D34A6E1969AF05000E7210 /* FullLevel2@2x.png in Resources */ = {isa = PBXBuildFile; fileRef = E4D34A341969AF05000E7210 /* FullLevel2@2x.png */; };
		E4D34A6F1969AF05000E7210 /* GameOverByFireButton.png in Resources */ = {isa = PBXBuildFile; fileRef = E4D34A351969AF05000E7210 /* GameOverByFireButton.png */; };
		E4D34A701969AF05000E7210 /* GameOverByFireButton@2x.png in Resources */ = {isa = PBXBuildFile; fileRef = E4D34A361969AF05000E7210 /* GameOverByFireButton@2x.png */; };
		E4D34A711969AF05000E7210 /* GameOverByFireButtonClicked.png in Resources */ = {isa = PBXBuildFile; fileRef = E4D34A371969AF05000E7210 /* GameOverByFireButtonClicked.png */; };
		E4D34A721969AF05000E7210 /* GameOverByFireButtonClicked@2x.png in Resources */ = {isa = PBXBuildFile; fileRef = E4D34A381969AF05000E7210 /* GameOverByFireButtonClicked@2x.png */; };
		E4D34A731969AF05000E7210 /* HudBanana.png in Resources */ = {isa = PBXBuildFile; fileRef = E4D34A391969AF05000E7210 /* HudBanana.png */; };
		E4D34A741969AF05000E7210 /* HudBanana@2x.png in Resources */ = {isa = PBXBuildFile; fileRef = E4D34A3A1969AF05000E7210 /* HudBanana@2x.png */; };
		E4D34A751969AF05000E7210 /* HudFire.png in Resources */ = {isa = PBXBuildFile; fileRef = E4D34A3B1969AF05000E7210 /* HudFire.png */; };
		E4D34A761969AF05000E7210 /* HudFire@2x.png in Resources */ = {isa = PBXBuildFile; fileRef = E4D34A3C1969AF05000E7210 /* HudFire@2x.png */; };
		E4D34A771969AF05000E7210 /* Leaf1.png in Resources */ = {isa = PBXBuildFile; fileRef = E4D34A3D1969AF05000E7210 /* Leaf1.png */; };
		E4D34A781969AF05000E7210 /* Leaf1@2x.png in Resources */ = {isa = PBXBuildFile; fileRef = E4D34A3E1969AF05000E7210 /* Leaf1@2x.png */; };
		E4D34A791969AF05000E7210 /* Leaf2.png in Resources */ = {isa = PBXBuildFile; fileRef = E4D34A3F1969AF05000E7210 /* Leaf2.png */; };
		E4D34A7A1969AF05000E7210 /* Leaf2@2x.png in Resources */ = {isa = PBXBuildFile; fileRef = E4D34A401969AF05000E7210 /* Leaf2@2x.png */; };
		E4D34A7B1969AF05000E7210 /* MainMenuSettingsBackground.png in Resources */ = {isa = PBXBuildFile; fileRef = E4D34A411969AF05000E7210 /* MainMenuSettingsBackground.png */; };
		E4D34A7C1969AF05000E7210 /* MainMenuSettingsBackground@2x.png in Resources */ = {isa = PBXBuildFile; fileRef = E4D34A421969AF05000E7210 /* MainMenuSettingsBackground@2x.png */; };
		E4D34A7D1969AF05000E7210 /* MenuButton.png in Resources */ = {isa = PBXBuildFile; fileRef = E4D34A431969AF05000E7210 /* MenuButton.png */; };
		E4D34A7E1969AF05000E7210 /* MenuButton@2x.png in Resources */ = {isa = PBXBuildFile; fileRef = E4D34A441969AF05000E7210 /* MenuButton@2x.png */; };
		E4D34A7F1969AF05000E7210 /* MenuButtonClicked.png in Resources */ = {isa = PBXBuildFile; fileRef = E4D34A451969AF05000E7210 /* MenuButtonClicked.png */; };
		E4D34A801969AF05000E7210 /* MenuButtonClicked@2x.png in Resources */ = {isa = PBXBuildFile; fileRef = E4D34A461969AF05000E7210 /* MenuButtonClicked@2x.png */; };
		E4D34A811969AF05000E7210 /* Monkey.png in Resources */ = {isa = PBXBuildFile; fileRef = E4D34A471969AF05000E7210 /* Monkey.png */; };
		E4D34A821969AF05000E7210 /* Monkey@2x.png in Resources */ = {isa = PBXBuildFile; fileRef = E4D34A481969AF05000E7210 /* Monkey@2x.png */; };
		E4D34A831969AF05000E7210 /* MonkeyAngry.png in Resources */ = {isa = PBXBuildFile; fileRef = E4D34A491969AF05000E7210 /* MonkeyAngry.png */; };
		E4D34A841969AF05000E7210 /* MonkeyAngry@2x.png in Resources */ = {isa = PBXBuildFile; fileRef = E4D34A4A1969AF05000E7210 /* MonkeyAngry@2x.png */; };
		E4D34A851969AF05000E7210 /* MonkeyGearTail.png in Resources */ = {isa = PBXBuildFile; fileRef = E4D34A4B1969AF05000E7210 /* MonkeyGearTail.png */; };
		E4D34A861969AF05000E7210 /* MonkeyGearTail@2x.png in Resources */ = {isa = PBXBuildFile; fileRef = E4D34A4C1969AF05000E7210 /* MonkeyGearTail@2x.png */; };
		E4D34A871969AF05000E7210 /* NextLevelButton@2x.png in Resources */ = {isa = PBXBuildFile; fileRef = E4D34A4D1969AF05000E7210 /* NextLevelButton@2x.png */; };
		E4D34A881969AF05000E7210 /* NextLevelButtonClicked.png in Resources */ = {isa = PBXBuildFile; fileRef = E4D34A4E1969AF05000E7210 /* NextLevelButtonClicked.png */; };
		E4D34A891969AF05000E7210 /* NextLevelButtonClicked@2x.png in Resources */ = {isa = PBXBuildFile; fileRef = E4D34A4F1969AF05000E7210 /* NextLevelButtonClicked@2x.png */; };
		E4D34A8A1969AF05000E7210 /* NextLevelButtons.png in Resources */ = {isa = PBXBuildFile; fileRef = E4D34A501969AF05000E7210 /* NextLevelButtons.png */; };
		E4D34A8B1969AF05000E7210 /* PlayAgainButton.png in Resources */ = {isa = PBXBuildFile; fileRef = E4D34A511969AF05000E7210 /* PlayAgainButton.png */; };
		E4D34A8C1969AF05000E7210 /* PlayAgainButton@2x.png in Resources */ = {isa = PBXBuildFile; fileRef = E4D34A521969AF05000E7210 /* PlayAgainButton@2x.png */; };
		E4D34A8D1969AF05000E7210 /* PlayAgainButtonClicked.png in Resources */ = {isa = PBXBuildFile; fileRef = E4D34A531969AF05000E7210 /* PlayAgainButtonClicked.png */; };
		E4D34A8E1969AF05000E7210 /* PlayAgainButtonClicked@2x.png in Resources */ = {isa = PBXBuildFile; fileRef = E4D34A541969AF05000E7210 /* PlayAgainButtonClicked@2x.png */; };
		E4D34A8F1969AF05000E7210 /* ResetButton.png in Resources */ = {isa = PBXBuildFile; fileRef = E4D34A551969AF05000E7210 /* ResetButton.png */; };
		E4D34A901969AF05000E7210 /* ResetButton@2x.png in Resources */ = {isa = PBXBuildFile; fileRef = E4D34A561969AF05000E7210 /* ResetButton@2x.png */; };
		E4D34A911969AF05000E7210 /* RespawnButton.png in Resources */ = {isa = PBXBuildFile; fileRef = E4D34A571969AF05000E7210 /* RespawnButton.png */; };
		E4D34A921969AF05000E7210 /* RespawnButton@2x.png in Resources */ = {isa = PBXBuildFile; fileRef = E4D34A581969AF05000E7210 /* RespawnButton@2x.png */; };
		E4D34A931969AF05000E7210 /* RespawnButtonClicked.png in Resources */ = {isa = PBXBuildFile; fileRef = E4D34A591969AF05000E7210 /* RespawnButtonClicked.png */; };
		E4D34A941969AF05000E7210 /* RespawnButtonClicked@2x.png in Resources */ = {isa = PBXBuildFile; fileRef = E4D34A5A1969AF05000E7210 /* RespawnButtonClicked@2x.png */; };
		E4D34A951969AF05000E7210 /* Rope Segment.png in Resources */ = {isa = PBXBuildFile; fileRef = E4D34A5B1969AF05000E7210 /* Rope Segment.png */; };
		E4D34A961969AF05000E7210 /* Rope Segment@2x.png in Resources */ = {isa = PBXBuildFile; fileRef = E4D34A5C1969AF05000E7210 /* Rope Segment@2x.png */; };
		E4D34A971969AF05000E7210 /* StartGame.png in Resources */ = {isa = PBXBuildFile; fileRef = E4D34A5D1969AF05000E7210 /* StartGame.png */; };
		E4D34A981969AF05000E7210 /* StartGame@2x.png in Resources */ = {isa = PBXBuildFile; fileRef = E4D34A5E1969AF05000E7210 /* StartGame@2x.png */; };
		E4D34A991969AF05000E7210 /* StartGameClicked.png in Resources */ = {isa = PBXBuildFile; fileRef = E4D34A5F1969AF05000E7210 /* StartGameClicked.png */; };
		E4D34A9A1969AF05000E7210 /* StartGameClicked@2x.png in Resources */ = {isa = PBXBuildFile; fileRef = E4D34A601969AF05000E7210 /* StartGameClicked@2x.png */; };
		E4D34A9D1969AF94000E7210 /* Flux_Architect_Bold.ttf in Resources */ = {isa = PBXBuildFile; fileRef = E4D34A9B1969AF94000E7210 /* Flux_Architect_Bold.ttf */; };
		E4D34A9E1969AF94000E7210 /* Flux_Architect_Regular.ttf in Resources */ = {isa = PBXBuildFile; fileRef = E4D34A9C1969AF94000E7210 /* Flux_Architect_Regular.ttf */; };
		E4D34AA51969B877000E7210 /* Dark filter.png in Resources */ = {isa = PBXBuildFile; fileRef = E4D34AA31969B877000E7210 /* Dark filter.png */; };
		E4D34AA61969B877000E7210 /* Dark filter@2x.png in Resources */ = {isa = PBXBuildFile; fileRef = E4D34AA41969B877000E7210 /* Dark filter@2x.png */; };
		E4D34AC21969BFFD000E7210 /* AVFoundation.framework in Frameworks */ = {isa = PBXBuildFile; fileRef = E4D34AC11969BFFD000E7210 /* AVFoundation.framework */; };
		E4D34AD71969C58E000E7210 /* Accelerate.framework in Frameworks */ = {isa = PBXBuildFile; fileRef = E4D34AD61969C58E000E7210 /* Accelerate.framework */; };
		E4D34ADC1969C7CB000E7210 /* CoreImage.framework in Frameworks */ = {isa = PBXBuildFile; fileRef = E4D34ADB1969C7CB000E7210 /* CoreImage.framework */; };
		E4D34ADD1969C7D2000E7210 /* QuartzCore.framework in Frameworks */ = {isa = PBXBuildFile; fileRef = E4D34AC31969C005000E7210 /* QuartzCore.framework */; };
		E4D34AE01969D6B0000E7210 /* JCRBlurView.m in Sources */ = {isa = PBXBuildFile; fileRef = E4D34ADF1969D6B0000E7210 /* JCRBlurView.m */; };
		E4D6DF7018931D7100F916D0 /* PhysicsParameters.m in Sources */ = {isa = PBXBuildFile; fileRef = E4D6DF6F18931D7100F916D0 /* PhysicsParameters.m */; };
		E4DCD3731874E6D20040643C /* Foundation.framework in Frameworks */ = {isa = PBXBuildFile; fileRef = E4DCD3721874E6D20040643C /* Foundation.framework */; };
		E4DCD3751874E6D20040643C /* CoreGraphics.framework in Frameworks */ = {isa = PBXBuildFile; fileRef = E4DCD3741874E6D20040643C /* CoreGraphics.framework */; };
		E4DCD3771874E6D20040643C /* UIKit.framework in Frameworks */ = {isa = PBXBuildFile; fileRef = E4DCD3761874E6D20040643C /* UIKit.framework */; };
		E4DCD3791874E6D20040643C /* SpriteKit.framework in Frameworks */ = {isa = PBXBuildFile; fileRef = E4DCD3781874E6D20040643C /* SpriteKit.framework */; };
		E4DCD37F1874E6D20040643C /* InfoPlist.strings in Resources */ = {isa = PBXBuildFile; fileRef = E4DCD37D1874E6D20040643C /* InfoPlist.strings */; };
		E4DCD3811874E6D20040643C /* main.m in Sources */ = {isa = PBXBuildFile; fileRef = E4DCD3801874E6D20040643C /* main.m */; };
		E4DCD3851874E6D20040643C /* AppDelegate.m in Sources */ = {isa = PBXBuildFile; fileRef = E4DCD3841874E6D20040643C /* AppDelegate.m */; };
		E4DCD3881874E6D20040643C /* Main.storyboard in Resources */ = {isa = PBXBuildFile; fileRef = E4DCD3861874E6D20040643C /* Main.storyboard */; };
		E4DCD38B1874E6D20040643C /* ViewController.m in Sources */ = {isa = PBXBuildFile; fileRef = E4DCD38A1874E6D20040643C /* ViewController.m */; };
		E4DCD38E1874E6D20040643C /* MyScene.m in Sources */ = {isa = PBXBuildFile; fileRef = E4DCD38D1874E6D20040643C /* MyScene.m */; };
		E4DCD3921874E6D20040643C /* Images.xcassets in Resources */ = {isa = PBXBuildFile; fileRef = E4DCD3911874E6D20040643C /* Images.xcassets */; };
		E4DCD3991874E6D20040643C /* XCTest.framework in Frameworks */ = {isa = PBXBuildFile; fileRef = E4DCD3981874E6D20040643C /* XCTest.framework */; };
		E4DCD39A1874E6D20040643C /* Foundation.framework in Frameworks */ = {isa = PBXBuildFile; fileRef = E4DCD3721874E6D20040643C /* Foundation.framework */; };
		E4DCD39B1874E6D20040643C /* UIKit.framework in Frameworks */ = {isa = PBXBuildFile; fileRef = E4DCD3761874E6D20040643C /* UIKit.framework */; };
		E4DCD3A31874E6D20040643C /* InfoPlist.strings in Resources */ = {isa = PBXBuildFile; fileRef = E4DCD3A11874E6D20040643C /* InfoPlist.strings */; };
		E4DCD3A51874E6D20040643C /* MonkeySwingTests.m in Sources */ = {isa = PBXBuildFile; fileRef = E4DCD3A41874E6D20040643C /* MonkeySwingTests.m */; };
		E4DCD3ED1874FD120040643C /* ParticleFire.sks in Resources */ = {isa = PBXBuildFile; fileRef = E4DCD3EB1874FD120040643C /* ParticleFire.sks */; };
		E4DCD3EE1874FD120040643C /* spark.png in Resources */ = {isa = PBXBuildFile; fileRef = E4DCD3EC1874FD120040643C /* spark.png */; };
		E4F23707193BA6C400850B61 /* Level2.csv in Resources */ = {isa = PBXBuildFile; fileRef = E4F23706193BA6C400850B61 /* Level2.csv */; };
/* End PBXBuildFile section */

/* Begin PBXContainerItemProxy section */
		E4DCD39C1874E6D20040643C /* PBXContainerItemProxy */ = {
			isa = PBXContainerItemProxy;
			containerPortal = E4DCD3671874E6D20040643C /* Project object */;
			proxyType = 1;
			remoteGlobalIDString = E4DCD36E1874E6D20040643C;
			remoteInfo = MonkeySwing;
		};
/* End PBXContainerItemProxy section */

/* Begin PBXFileReference section */
		E423238C18ADA93E00F852A0 /* BonusPointsObject.h */ = {isa = PBXFileReference; fileEncoding = 4; lastKnownFileType = sourcecode.c.h; path = BonusPointsObject.h; sourceTree = "<group>"; };
		E423238D18ADA93E00F852A0 /* BonusPointsObject.m */ = {isa = PBXFileReference; fileEncoding = 4; lastKnownFileType = sourcecode.c.objc; path = BonusPointsObject.m; sourceTree = "<group>"; };
		E4271007189E230400007F33 /* libz.dylib */ = {isa = PBXFileReference; lastKnownFileType = "compiled.mach-o.dylib"; name = libz.dylib; path = usr/lib/libz.dylib; sourceTree = SDKROOT; };
		E4271015189ED60800007F33 /* MainMenuScene.h */ = {isa = PBXFileReference; fileEncoding = 4; lastKnownFileType = sourcecode.c.h; path = MainMenuScene.h; sourceTree = "<group>"; };
		E4271016189ED60800007F33 /* MainMenuScene.m */ = {isa = PBXFileReference; fileEncoding = 4; lastKnownFileType = sourcecode.c.objc; path = MainMenuScene.m; sourceTree = "<group>"; };
		E43567BE190CB554002ED25D /* GameKitHelper.h */ = {isa = PBXFileReference; fileEncoding = 4; lastKnownFileType = sourcecode.c.h; path = GameKitHelper.h; sourceTree = "<group>"; };
		E43567BF190CB554002ED25D /* GameKitHelper.m */ = {isa = PBXFileReference; fileEncoding = 4; lastKnownFileType = sourcecode.c.objc; path = GameKitHelper.m; sourceTree = "<group>"; };
		E458D7D418BDAC1C005D8D03 /* Level1.csv */ = {isa = PBXFileReference; fileEncoding = 4; lastKnownFileType = text; path = Level1.csv; sourceTree = "<group>"; };
		E45C90941913442B00956737 /* GameCenterFriendData.h */ = {isa = PBXFileReference; fileEncoding = 4; lastKnownFileType = sourcecode.c.h; path = GameCenterFriendData.h; sourceTree = "<group>"; };
		E45C90951913442B00956737 /* GameCenterFriendData.m */ = {isa = PBXFileReference; fileEncoding = 4; lastKnownFileType = sourcecode.c.objc; path = GameCenterFriendData.m; sourceTree = "<group>"; };
		E46F69E61964FD3D0001E462 /* MainMenuPage1ViewController.h */ = {isa = PBXFileReference; fileEncoding = 4; lastKnownFileType = sourcecode.c.h; path = MainMenuPage1ViewController.h; sourceTree = "<group>"; };
		E46F69E71964FD3D0001E462 /* MainMenuPage1ViewController.m */ = {isa = PBXFileReference; fileEncoding = 4; lastKnownFileType = sourcecode.c.objc; path = MainMenuPage1ViewController.m; sourceTree = "<group>"; };
		E46F69E81964FD3D0001E462 /* MainMenuPage1ViewController.xib */ = {isa = PBXFileReference; fileEncoding = 4; lastKnownFileType = file.xib; path = MainMenuPage1ViewController.xib; sourceTree = "<group>"; };
		E46F69EB196505B10001E462 /* MainMenuPage2ViewController.h */ = {isa = PBXFileReference; fileEncoding = 4; lastKnownFileType = sourcecode.c.h; path = MainMenuPage2ViewController.h; sourceTree = "<group>"; };
		E46F69EC196505B10001E462 /* MainMenuPage2ViewController.m */ = {isa = PBXFileReference; fileEncoding = 4; lastKnownFileType = sourcecode.c.objc; path = MainMenuPage2ViewController.m; sourceTree = "<group>"; };
		E46F69ED196505B10001E462 /* MainMenuPage2ViewController.xib */ = {isa = PBXFileReference; fileEncoding = 4; lastKnownFileType = file.xib; path = MainMenuPage2ViewController.xib; sourceTree = "<group>"; };
		E46F69F0196506020001E462 /* MainMenuPage0ViewController.h */ = {isa = PBXFileReference; fileEncoding = 4; lastKnownFileType = sourcecode.c.h; path = MainMenuPage0ViewController.h; sourceTree = "<group>"; };
		E46F69F1196506020001E462 /* MainMenuPage0ViewController.m */ = {isa = PBXFileReference; fileEncoding = 4; lastKnownFileType = sourcecode.c.objc; path = MainMenuPage0ViewController.m; sourceTree = "<group>"; };
		E46F69F2196506020001E462 /* MainMenuPage0ViewController.xib */ = {isa = PBXFileReference; fileEncoding = 4; lastKnownFileType = file.xib; path = MainMenuPage0ViewController.xib; sourceTree = "<group>"; };
		E4770F4C190F6636005E7200 /* GameKit.framework */ = {isa = PBXFileReference; lastKnownFileType = wrapper.framework; name = GameKit.framework; path = System/Library/Frameworks/GameKit.framework; sourceTree = SDKROOT; };
		E4880C4C18B44DF700DBE7B2 /* LevelEndView.h */ = {isa = PBXFileReference; fileEncoding = 4; lastKnownFileType = sourcecode.c.h; path = LevelEndView.h; sourceTree = "<group>"; };
		E4880C4D18B44DF700DBE7B2 /* LevelEndView.m */ = {isa = PBXFileReference; fileEncoding = 4; lastKnownFileType = sourcecode.c.objc; path = LevelEndView.m; sourceTree = "<group>"; };
		E49F78AC1883598900BDA47C /* JPMButton.h */ = {isa = PBXFileReference; fileEncoding = 4; lastKnownFileType = sourcecode.c.h; path = JPMButton.h; sourceTree = "<group>"; };
		E49F78AD1883598900BDA47C /* JPMButton.m */ = {isa = PBXFileReference; fileEncoding = 4; lastKnownFileType = sourcecode.c.objc; path = JPMButton.m; sourceTree = "<group>"; };
		E4A5F8F218AC9977001B28B6 /* JPMLevelInterpreter.h */ = {isa = PBXFileReference; fileEncoding = 4; lastKnownFileType = sourcecode.c.h; path = JPMLevelInterpreter.h; sourceTree = "<group>"; };
		E4A5F8F318AC9977001B28B6 /* JPMLevelInterpreter.m */ = {isa = PBXFileReference; fileEncoding = 4; lastKnownFileType = sourcecode.c.objc; path = JPMLevelInterpreter.m; sourceTree = "<group>"; };
		E4B5B97A18DAB9B60092E231 /* PlayerLevelRunData.h */ = {isa = PBXFileReference; fileEncoding = 4; lastKnownFileType = sourcecode.c.h; path = PlayerLevelRunData.h; sourceTree = "<group>"; };
		E4B5B97B18DAB9B60092E231 /* PlayerLevelRunData.m */ = {isa = PBXFileReference; fileEncoding = 4; lastKnownFileType = sourcecode.c.objc; path = PlayerLevelRunData.m; sourceTree = "<group>"; };
		E4D34A271969AF05000E7210 /* Apple.png */ = {isa = PBXFileReference; lastKnownFileType = image.png; path = Apple.png; sourceTree = "<group>"; };
		E4D34A281969AF05000E7210 /* Apple@2x.png */ = {isa = PBXFileReference; lastKnownFileType = image.png; path = "Apple@2x.png"; sourceTree = "<group>"; };
		E4D34A291969AF05000E7210 /* Arrow.png */ = {isa = PBXFileReference; lastKnownFileType = image.png; path = Arrow.png; sourceTree = "<group>"; };
		E4D34A2A1969AF05000E7210 /* Arrow@2x.png */ = {isa = PBXFileReference; lastKnownFileType = image.png; path = "Arrow@2x.png"; sourceTree = "<group>"; };
		E4D34A2B1969AF05000E7210 /* Banana.png */ = {isa = PBXFileReference; lastKnownFileType = image.png; path = Banana.png; sourceTree = "<group>"; };
		E4D34A2C1969AF05000E7210 /* Banana@2x.png */ = {isa = PBXFileReference; lastKnownFileType = image.png; path = "Banana@2x.png"; sourceTree = "<group>"; };
		E4D34A2D1969AF05000E7210 /* DeadMonkeysButton.png */ = {isa = PBXFileReference; lastKnownFileType = image.png; path = DeadMonkeysButton.png; sourceTree = "<group>"; };
		E4D34A2E1969AF05000E7210 /* DeadMonkeysButton@2x.png */ = {isa = PBXFileReference; lastKnownFileType = image.png; path = "DeadMonkeysButton@2x.png"; sourceTree = "<group>"; };
		E4D34A2F1969AF05000E7210 /* DeadMonkeysButtonClicked.png */ = {isa = PBXFileReference; lastKnownFileType = image.png; path = DeadMonkeysButtonClicked.png; sourceTree = "<group>"; };
		E4D34A301969AF05000E7210 /* DeadMonkeysButtonClicked@2x.png */ = {isa = PBXFileReference; lastKnownFileType = image.png; path = "DeadMonkeysButtonClicked@2x.png"; sourceTree = "<group>"; };
		E4D34A311969AF05000E7210 /* FullLevel1.png */ = {isa = PBXFileReference; lastKnownFileType = image.png; path = FullLevel1.png; sourceTree = "<group>"; };
		E4D34A321969AF05000E7210 /* FullLevel1@2x.png */ = {isa = PBXFileReference; lastKnownFileType = image.png; path = "FullLevel1@2x.png"; sourceTree = "<group>"; };
		E4D34A331969AF05000E7210 /* FullLevel2.png */ = {isa = PBXFileReference; lastKnownFileType = image.png; path = FullLevel2.png; sourceTree = "<group>"; };
		E4D34A341969AF05000E7210 /* FullLevel2@2x.png */ = {isa = PBXFileReference; lastKnownFileType = image.png; path = "FullLevel2@2x.png"; sourceTree = "<group>"; };
		E4D34A351969AF05000E7210 /* GameOverByFireButton.png */ = {isa = PBXFileReference; lastKnownFileType = image.png; path = GameOverByFireButton.png; sourceTree = "<group>"; };
		E4D34A361969AF05000E7210 /* GameOverByFireButton@2x.png */ = {isa = PBXFileReference; lastKnownFileType = image.png; path = "GameOverByFireButton@2x.png"; sourceTree = "<group>"; };
		E4D34A371969AF05000E7210 /* GameOverByFireButtonClicked.png */ = {isa = PBXFileReference; lastKnownFileType = image.png; path = GameOverByFireButtonClicked.png; sourceTree = "<group>"; };
		E4D34A381969AF05000E7210 /* GameOverByFireButtonClicked@2x.png */ = {isa = PBXFileReference; lastKnownFileType = image.png; path = "GameOverByFireButtonClicked@2x.png"; sourceTree = "<group>"; };
		E4D34A391969AF05000E7210 /* HudBanana.png */ = {isa = PBXFileReference; lastKnownFileType = image.png; path = HudBanana.png; sourceTree = "<group>"; };
		E4D34A3A1969AF05000E7210 /* HudBanana@2x.png */ = {isa = PBXFileReference; lastKnownFileType = image.png; path = "HudBanana@2x.png"; sourceTree = "<group>"; };
		E4D34A3B1969AF05000E7210 /* HudFire.png */ = {isa = PBXFileReference; lastKnownFileType = image.png; path = HudFire.png; sourceTree = "<group>"; };
		E4D34A3C1969AF05000E7210 /* HudFire@2x.png */ = {isa = PBXFileReference; lastKnownFileType = image.png; path = "HudFire@2x.png"; sourceTree = "<group>"; };
		E4D34A3D1969AF05000E7210 /* Leaf1.png */ = {isa = PBXFileReference; lastKnownFileType = image.png; path = Leaf1.png; sourceTree = "<group>"; };
		E4D34A3E1969AF05000E7210 /* Leaf1@2x.png */ = {isa = PBXFileReference; lastKnownFileType = image.png; path = "Leaf1@2x.png"; sourceTree = "<group>"; };
		E4D34A3F1969AF05000E7210 /* Leaf2.png */ = {isa = PBXFileReference; lastKnownFileType = image.png; path = Leaf2.png; sourceTree = "<group>"; };
		E4D34A401969AF05000E7210 /* Leaf2@2x.png */ = {isa = PBXFileReference; lastKnownFileType = image.png; path = "Leaf2@2x.png"; sourceTree = "<group>"; };
		E4D34A411969AF05000E7210 /* MainMenuSettingsBackground.png */ = {isa = PBXFileReference; lastKnownFileType = image.png; path = MainMenuSettingsBackground.png; sourceTree = "<group>"; };
		E4D34A421969AF05000E7210 /* MainMenuSettingsBackground@2x.png */ = {isa = PBXFileReference; lastKnownFileType = image.png; path = "MainMenuSettingsBackground@2x.png"; sourceTree = "<group>"; };
		E4D34A431969AF05000E7210 /* MenuButton.png */ = {isa = PBXFileReference; lastKnownFileType = image.png; path = MenuButton.png; sourceTree = "<group>"; };
		E4D34A441969AF05000E7210 /* MenuButton@2x.png */ = {isa = PBXFileReference; lastKnownFileType = image.png; path = "MenuButton@2x.png"; sourceTree = "<group>"; };
		E4D34A451969AF05000E7210 /* MenuButtonClicked.png */ = {isa = PBXFileReference; lastKnownFileType = image.png; path = MenuButtonClicked.png; sourceTree = "<group>"; };
		E4D34A461969AF05000E7210 /* MenuButtonClicked@2x.png */ = {isa = PBXFileReference; lastKnownFileType = image.png; path = "MenuButtonClicked@2x.png"; sourceTree = "<group>"; };
		E4D34A471969AF05000E7210 /* Monkey.png */ = {isa = PBXFileReference; lastKnownFileType = image.png; path = Monkey.png; sourceTree = "<group>"; };
		E4D34A481969AF05000E7210 /* Monkey@2x.png */ = {isa = PBXFileReference; lastKnownFileType = image.png; path = "Monkey@2x.png"; sourceTree = "<group>"; };
		E4D34A491969AF05000E7210 /* MonkeyAngry.png */ = {isa = PBXFileReference; lastKnownFileType = image.png; path = MonkeyAngry.png; sourceTree = "<group>"; };
		E4D34A4A1969AF05000E7210 /* MonkeyAngry@2x.png */ = {isa = PBXFileReference; lastKnownFileType = image.png; path = "MonkeyAngry@2x.png"; sourceTree = "<group>"; };
		E4D34A4B1969AF05000E7210 /* MonkeyGearTail.png */ = {isa = PBXFileReference; lastKnownFileType = image.png; path = MonkeyGearTail.png; sourceTree = "<group>"; };
		E4D34A4C1969AF05000E7210 /* MonkeyGearTail@2x.png */ = {isa = PBXFileReference; lastKnownFileType = image.png; path = "MonkeyGearTail@2x.png"; sourceTree = "<group>"; };
		E4D34A4D1969AF05000E7210 /* NextLevelButton@2x.png */ = {isa = PBXFileReference; lastKnownFileType = image.png; path = "NextLevelButton@2x.png"; sourceTree = "<group>"; };
		E4D34A4E1969AF05000E7210 /* NextLevelButtonClicked.png */ = {isa = PBXFileReference; lastKnownFileType = image.png; path = NextLevelButtonClicked.png; sourceTree = "<group>"; };
		E4D34A4F1969AF05000E7210 /* NextLevelButtonClicked@2x.png */ = {isa = PBXFileReference; lastKnownFileType = image.png; path = "NextLevelButtonClicked@2x.png"; sourceTree = "<group>"; };
		E4D34A501969AF05000E7210 /* NextLevelButtons.png */ = {isa = PBXFileReference; lastKnownFileType = image.png; path = NextLevelButtons.png; sourceTree = "<group>"; };
		E4D34A511969AF05000E7210 /* PlayAgainButton.png */ = {isa = PBXFileReference; lastKnownFileType = image.png; path = PlayAgainButton.png; sourceTree = "<group>"; };
		E4D34A521969AF05000E7210 /* PlayAgainButton@2x.png */ = {isa = PBXFileReference; lastKnownFileType = image.png; path = "PlayAgainButton@2x.png"; sourceTree = "<group>"; };
		E4D34A531969AF05000E7210 /* PlayAgainButtonClicked.png */ = {isa = PBXFileReference; lastKnownFileType = image.png; path = PlayAgainButtonClicked.png; sourceTree = "<group>"; };
		E4D34A541969AF05000E7210 /* PlayAgainButtonClicked@2x.png */ = {isa = PBXFileReference; lastKnownFileType = image.png; path = "PlayAgainButtonClicked@2x.png"; sourceTree = "<group>"; };
		E4D34A551969AF05000E7210 /* ResetButton.png */ = {isa = PBXFileReference; lastKnownFileType = image.png; path = ResetButton.png; sourceTree = "<group>"; };
		E4D34A561969AF05000E7210 /* ResetButton@2x.png */ = {isa = PBXFileReference; lastKnownFileType = image.png; path = "ResetButton@2x.png"; sourceTree = "<group>"; };
		E4D34A571969AF05000E7210 /* RespawnButton.png */ = {isa = PBXFileReference; lastKnownFileType = image.png; path = RespawnButton.png; sourceTree = "<group>"; };
		E4D34A581969AF05000E7210 /* RespawnButton@2x.png */ = {isa = PBXFileReference; lastKnownFileType = image.png; path = "RespawnButton@2x.png"; sourceTree = "<group>"; };
		E4D34A591969AF05000E7210 /* RespawnButtonClicked.png */ = {isa = PBXFileReference; lastKnownFileType = image.png; path = RespawnButtonClicked.png; sourceTree = "<group>"; };
		E4D34A5A1969AF05000E7210 /* RespawnButtonClicked@2x.png */ = {isa = PBXFileReference; lastKnownFileType = image.png; path = "RespawnButtonClicked@2x.png"; sourceTree = "<group>"; };
		E4D34A5B1969AF05000E7210 /* Rope Segment.png */ = {isa = PBXFileReference; lastKnownFileType = image.png; path = "Rope Segment.png"; sourceTree = "<group>"; };
		E4D34A5C1969AF05000E7210 /* Rope Segment@2x.png */ = {isa = PBXFileReference; lastKnownFileType = image.png; path = "Rope Segment@2x.png"; sourceTree = "<group>"; };
		E4D34A5D1969AF05000E7210 /* StartGame.png */ = {isa = PBXFileReference; lastKnownFileType = image.png; path = StartGame.png; sourceTree = "<group>"; };
		E4D34A5E1969AF05000E7210 /* StartGame@2x.png */ = {isa = PBXFileReference; lastKnownFileType = image.png; path = "StartGame@2x.png"; sourceTree = "<group>"; };
		E4D34A5F1969AF05000E7210 /* StartGameClicked.png */ = {isa = PBXFileReference; lastKnownFileType = image.png; path = StartGameClicked.png; sourceTree = "<group>"; };
		E4D34A601969AF05000E7210 /* StartGameClicked@2x.png */ = {isa = PBXFileReference; lastKnownFileType = image.png; path = "StartGameClicked@2x.png"; sourceTree = "<group>"; };
		E4D34A9B1969AF94000E7210 /* Flux_Architect_Bold.ttf */ = {isa = PBXFileReference; lastKnownFileType = file; path = Flux_Architect_Bold.ttf; sourceTree = "<group>"; };
		E4D34A9C1969AF94000E7210 /* Flux_Architect_Regular.ttf */ = {isa = PBXFileReference; lastKnownFileType = file; path = Flux_Architect_Regular.ttf; sourceTree = "<group>"; };
		E4D34AA31969B877000E7210 /* Dark filter.png */ = {isa = PBXFileReference; lastKnownFileType = image.png; path = "Dark filter.png"; sourceTree = "<group>"; };
		E4D34AA41969B877000E7210 /* Dark filter@2x.png */ = {isa = PBXFileReference; lastKnownFileType = image.png; path = "Dark filter@2x.png"; sourceTree = "<group>"; };
		E4D34ABB1969BFE5000E7210 /* CoreMedia.framework */ = {isa = PBXFileReference; lastKnownFileType = wrapper.framework; name = CoreMedia.framework; path = System/Library/Frameworks/CoreMedia.framework; sourceTree = SDKROOT; };
		E4D34ABD1969BFED000E7210 /* CoreVideo.framework */ = {isa = PBXFileReference; lastKnownFileType = wrapper.framework; name = CoreVideo.framework; path = System/Library/Frameworks/CoreVideo.framework; sourceTree = SDKROOT; };
		E4D34ABF1969BFF4000E7210 /* OpenGLES.framework */ = {isa = PBXFileReference; lastKnownFileType = wrapper.framework; name = OpenGLES.framework; path = System/Library/Frameworks/OpenGLES.framework; sourceTree = SDKROOT; };
		E4D34AC11969BFFD000E7210 /* AVFoundation.framework */ = {isa = PBXFileReference; lastKnownFileType = wrapper.framework; name = AVFoundation.framework; path = System/Library/Frameworks/AVFoundation.framework; sourceTree = SDKROOT; };
		E4D34AC31969C005000E7210 /* QuartzCore.framework */ = {isa = PBXFileReference; lastKnownFileType = wrapper.framework; name = QuartzCore.framework; path = System/Library/Frameworks/QuartzCore.framework; sourceTree = SDKROOT; };
		E4D34AD61969C58E000E7210 /* Accelerate.framework */ = {isa = PBXFileReference; lastKnownFileType = wrapper.framework; name = Accelerate.framework; path = System/Library/Frameworks/Accelerate.framework; sourceTree = SDKROOT; };
		E4D34ADB1969C7CB000E7210 /* CoreImage.framework */ = {isa = PBXFileReference; lastKnownFileType = wrapper.framework; name = CoreImage.framework; path = System/Library/Frameworks/CoreImage.framework; sourceTree = SDKROOT; };
		E4D34ADE1969D6B0000E7210 /* JCRBlurView.h */ = {isa = PBXFileReference; fileEncoding = 4; lastKnownFileType = sourcecode.c.h; path = JCRBlurView.h; sourceTree = "<group>"; };
		E4D34ADF1969D6B0000E7210 /* JCRBlurView.m */ = {isa = PBXFileReference; fileEncoding = 4; lastKnownFileType = sourcecode.c.objc; path = JCRBlurView.m; sourceTree = "<group>"; };
		E4D6DF6E18931D7100F916D0 /* PhysicsParameters.h */ = {isa = PBXFileReference; fileEncoding = 4; lastKnownFileType = sourcecode.c.h; path = PhysicsParameters.h; sourceTree = "<group>"; };
		E4D6DF6F18931D7100F916D0 /* PhysicsParameters.m */ = {isa = PBXFileReference; fileEncoding = 4; lastKnownFileType = sourcecode.c.objc; path = PhysicsParameters.m; sourceTree = "<group>"; };
		E4DCD36F1874E6D20040643C /* MonkeySwing.app */ = {isa = PBXFileReference; explicitFileType = wrapper.application; includeInIndex = 0; path = MonkeySwing.app; sourceTree = BUILT_PRODUCTS_DIR; };
		E4DCD3721874E6D20040643C /* Foundation.framework */ = {isa = PBXFileReference; lastKnownFileType = wrapper.framework; name = Foundation.framework; path = System/Library/Frameworks/Foundation.framework; sourceTree = SDKROOT; };
		E4DCD3741874E6D20040643C /* CoreGraphics.framework */ = {isa = PBXFileReference; lastKnownFileType = wrapper.framework; name = CoreGraphics.framework; path = System/Library/Frameworks/CoreGraphics.framework; sourceTree = SDKROOT; };
		E4DCD3761874E6D20040643C /* UIKit.framework */ = {isa = PBXFileReference; lastKnownFileType = wrapper.framework; name = UIKit.framework; path = System/Library/Frameworks/UIKit.framework; sourceTree = SDKROOT; };
		E4DCD3781874E6D20040643C /* SpriteKit.framework */ = {isa = PBXFileReference; lastKnownFileType = wrapper.framework; name = SpriteKit.framework; path = System/Library/Frameworks/SpriteKit.framework; sourceTree = SDKROOT; };
		E4DCD37C1874E6D20040643C /* MonkeySwing-Info.plist */ = {isa = PBXFileReference; lastKnownFileType = text.plist.xml; path = "MonkeySwing-Info.plist"; sourceTree = "<group>"; };
		E4DCD37E1874E6D20040643C /* en */ = {isa = PBXFileReference; lastKnownFileType = text.plist.strings; name = en; path = en.lproj/InfoPlist.strings; sourceTree = "<group>"; };
		E4DCD3801874E6D20040643C /* main.m */ = {isa = PBXFileReference; lastKnownFileType = sourcecode.c.objc; path = main.m; sourceTree = "<group>"; };
		E4DCD3821874E6D20040643C /* MonkeySwing-Prefix.pch */ = {isa = PBXFileReference; lastKnownFileType = sourcecode.c.h; path = "MonkeySwing-Prefix.pch"; sourceTree = "<group>"; };
		E4DCD3831874E6D20040643C /* AppDelegate.h */ = {isa = PBXFileReference; lastKnownFileType = sourcecode.c.h; path = AppDelegate.h; sourceTree = "<group>"; };
		E4DCD3841874E6D20040643C /* AppDelegate.m */ = {isa = PBXFileReference; lastKnownFileType = sourcecode.c.objc; path = AppDelegate.m; sourceTree = "<group>"; };
		E4DCD3871874E6D20040643C /* Base */ = {isa = PBXFileReference; lastKnownFileType = file.storyboard; name = Base; path = Base.lproj/Main.storyboard; sourceTree = "<group>"; };
		E4DCD3891874E6D20040643C /* ViewController.h */ = {isa = PBXFileReference; lastKnownFileType = sourcecode.c.h; path = ViewController.h; sourceTree = "<group>"; };
		E4DCD38A1874E6D20040643C /* ViewController.m */ = {isa = PBXFileReference; lastKnownFileType = sourcecode.c.objc; path = ViewController.m; sourceTree = "<group>"; };
		E4DCD38C1874E6D20040643C /* MyScene.h */ = {isa = PBXFileReference; lastKnownFileType = sourcecode.c.h; path = MyScene.h; sourceTree = "<group>"; };
		E4DCD38D1874E6D20040643C /* MyScene.m */ = {isa = PBXFileReference; lastKnownFileType = sourcecode.c.objc; path = MyScene.m; sourceTree = "<group>"; };
		E4DCD3911874E6D20040643C /* Images.xcassets */ = {isa = PBXFileReference; lastKnownFileType = folder.assetcatalog; path = Images.xcassets; sourceTree = "<group>"; };
		E4DCD3971874E6D20040643C /* MonkeySwingTests.xctest */ = {isa = PBXFileReference; explicitFileType = wrapper.cfbundle; includeInIndex = 0; path = MonkeySwingTests.xctest; sourceTree = BUILT_PRODUCTS_DIR; };
		E4DCD3981874E6D20040643C /* XCTest.framework */ = {isa = PBXFileReference; lastKnownFileType = wrapper.framework; name = XCTest.framework; path = Library/Frameworks/XCTest.framework; sourceTree = DEVELOPER_DIR; };
		E4DCD3A01874E6D20040643C /* MonkeySwingTests-Info.plist */ = {isa = PBXFileReference; lastKnownFileType = text.plist.xml; path = "MonkeySwingTests-Info.plist"; sourceTree = "<group>"; };
		E4DCD3A21874E6D20040643C /* en */ = {isa = PBXFileReference; lastKnownFileType = text.plist.strings; name = en; path = en.lproj/InfoPlist.strings; sourceTree = "<group>"; };
		E4DCD3A41874E6D20040643C /* MonkeySwingTests.m */ = {isa = PBXFileReference; lastKnownFileType = sourcecode.c.objc; path = MonkeySwingTests.m; sourceTree = "<group>"; };
		E4DCD3EB1874FD120040643C /* ParticleFire.sks */ = {isa = PBXFileReference; lastKnownFileType = file.sks; path = ParticleFire.sks; sourceTree = "<group>"; };
		E4DCD3EC1874FD120040643C /* spark.png */ = {isa = PBXFileReference; lastKnownFileType = image.png; path = spark.png; sourceTree = "<group>"; };
		E4F23706193BA6C400850B61 /* Level2.csv */ = {isa = PBXFileReference; fileEncoding = 4; lastKnownFileType = text; path = Level2.csv; sourceTree = "<group>"; };
/* End PBXFileReference section */

/* Begin PBXFrameworksBuildPhase section */
		E4DCD36C1874E6D20040643C /* Frameworks */ = {
			isa = PBXFrameworksBuildPhase;
			buildActionMask = 2147483647;
			files = (
				E4D34ADD1969C7D2000E7210 /* QuartzCore.framework in Frameworks */,
				E4D34ADC1969C7CB000E7210 /* CoreImage.framework in Frameworks */,
				E4D34AD71969C58E000E7210 /* Accelerate.framework in Frameworks */,
				E4D34AC21969BFFD000E7210 /* AVFoundation.framework in Frameworks */,
				E46317B618A5FEE600E911E6 /* libz.dylib in Frameworks */,
				E4DCD3751874E6D20040643C /* CoreGraphics.framework in Frameworks */,
				E4DCD3771874E6D20040643C /* UIKit.framework in Frameworks */,
				E4770F4D190F6636005E7200 /* GameKit.framework in Frameworks */,
				E4DCD3791874E6D20040643C /* SpriteKit.framework in Frameworks */,
				E4DCD3731874E6D20040643C /* Foundation.framework in Frameworks */,
			);
			runOnlyForDeploymentPostprocessing = 0;
		};
		E4DCD3941874E6D20040643C /* Frameworks */ = {
			isa = PBXFrameworksBuildPhase;
			buildActionMask = 2147483647;
			files = (
				E4DCD3991874E6D20040643C /* XCTest.framework in Frameworks */,
				E4DCD39B1874E6D20040643C /* UIKit.framework in Frameworks */,
				E4DCD39A1874E6D20040643C /* Foundation.framework in Frameworks */,
			);
			runOnlyForDeploymentPostprocessing = 0;
		};
/* End PBXFrameworksBuildPhase section */

/* Begin PBXGroup section */
		E43567BD190CB521002ED25D /* GameKit */ = {
			isa = PBXGroup;
			children = (
				E43567BE190CB554002ED25D /* GameKitHelper.h */,
				E43567BF190CB554002ED25D /* GameKitHelper.m */,
				E45C90941913442B00956737 /* GameCenterFriendData.h */,
				E45C90951913442B00956737 /* GameCenterFriendData.m */,
			);
			name = GameKit;
			sourceTree = "<group>";
		};
		E4A5F8F518ACA646001B28B6 /* Levels */ = {
			isa = PBXGroup;
			children = (
				E458D7D418BDAC1C005D8D03 /* Level1.csv */,
				E4F23706193BA6C400850B61 /* Level2.csv */,
				E4A5F8F218AC9977001B28B6 /* JPMLevelInterpreter.h */,
				E4A5F8F318AC9977001B28B6 /* JPMLevelInterpreter.m */,
			);
			name = Levels;
			sourceTree = "<group>";
		};
		E4A7CF9318767527009CD28B /* Standard Apple Stuff */ = {
			isa = PBXGroup;
			children = (
				E4DCD3911874E6D20040643C /* Images.xcassets */,
				E4DCD3831874E6D20040643C /* AppDelegate.h */,
				E4DCD3841874E6D20040643C /* AppDelegate.m */,
				E4DCD3861874E6D20040643C /* Main.storyboard */,
				E4DCD3891874E6D20040643C /* ViewController.h */,
				E4DCD38A1874E6D20040643C /* ViewController.m */,
			);
			name = "Standard Apple Stuff";
			sourceTree = "<group>";
		};
		E4B169EA1905D0E4004657EB /* Fonts */ = {
			isa = PBXGroup;
			children = (
				E4D34A9B1969AF94000E7210 /* Flux_Architect_Bold.ttf */,
				E4D34A9C1969AF94000E7210 /* Flux_Architect_Regular.ttf */,
			);
			name = Fonts;
			sourceTree = "<group>";
		};
		E4D34A261969AF05000E7210 /* Assets */ = {
			isa = PBXGroup;
			children = (
				E4D34A271969AF05000E7210 /* Apple.png */,
				E4D34A281969AF05000E7210 /* Apple@2x.png */,
				E4D34A291969AF05000E7210 /* Arrow.png */,
				E4D34A2A1969AF05000E7210 /* Arrow@2x.png */,
				E4D34A2B1969AF05000E7210 /* Banana.png */,
				E4D34A2C1969AF05000E7210 /* Banana@2x.png */,
				E4D34AA31969B877000E7210 /* Dark filter.png */,
				E4D34AA41969B877000E7210 /* Dark filter@2x.png */,
				E4D34A2D1969AF05000E7210 /* DeadMonkeysButton.png */,
				E4D34A2E1969AF05000E7210 /* DeadMonkeysButton@2x.png */,
				E4D34A2F1969AF05000E7210 /* DeadMonkeysButtonClicked.png */,
				E4D34A301969AF05000E7210 /* DeadMonkeysButtonClicked@2x.png */,
				E4D34A311969AF05000E7210 /* FullLevel1.png */,
				E4D34A321969AF05000E7210 /* FullLevel1@2x.png */,
				E4D34A331969AF05000E7210 /* FullLevel2.png */,
				E4D34A341969AF05000E7210 /* FullLevel2@2x.png */,
				E4D34A351969AF05000E7210 /* GameOverByFireButton.png */,
				E4D34A361969AF05000E7210 /* GameOverByFireButton@2x.png */,
				E4D34A371969AF05000E7210 /* GameOverByFireButtonClicked.png */,
				E4D34A381969AF05000E7210 /* GameOverByFireButtonClicked@2x.png */,
				E4D34A391969AF05000E7210 /* HudBanana.png */,
				E4D34A3A1969AF05000E7210 /* HudBanana@2x.png */,
				E4D34A3B1969AF05000E7210 /* HudFire.png */,
				E4D34A3C1969AF05000E7210 /* HudFire@2x.png */,
				E4D34A3D1969AF05000E7210 /* Leaf1.png */,
				E4D34A3E1969AF05000E7210 /* Leaf1@2x.png */,
				E4D34A3F1969AF05000E7210 /* Leaf2.png */,
				E4D34A401969AF05000E7210 /* Leaf2@2x.png */,
				E4D34A411969AF05000E7210 /* MainMenuSettingsBackground.png */,
				E4D34A421969AF05000E7210 /* MainMenuSettingsBackground@2x.png */,
				E4D34A431969AF05000E7210 /* MenuButton.png */,
				E4D34A441969AF05000E7210 /* MenuButton@2x.png */,
				E4D34A451969AF05000E7210 /* MenuButtonClicked.png */,
				E4D34A461969AF05000E7210 /* MenuButtonClicked@2x.png */,
				E4D34A471969AF05000E7210 /* Monkey.png */,
				E4D34A481969AF05000E7210 /* Monkey@2x.png */,
				E4D34A491969AF05000E7210 /* MonkeyAngry.png */,
				E4D34A4A1969AF05000E7210 /* MonkeyAngry@2x.png */,
				E4D34A4B1969AF05000E7210 /* MonkeyGearTail.png */,
				E4D34A4C1969AF05000E7210 /* MonkeyGearTail@2x.png */,
				E4D34A4D1969AF05000E7210 /* NextLevelButton@2x.png */,
				E4D34A4E1969AF05000E7210 /* NextLevelButtonClicked.png */,
				E4D34A4F1969AF05000E7210 /* NextLevelButtonClicked@2x.png */,
				E4D34A501969AF05000E7210 /* NextLevelButtons.png */,
				E4D34A511969AF05000E7210 /* PlayAgainButton.png */,
				E4D34A521969AF05000E7210 /* PlayAgainButton@2x.png */,
				E4D34A531969AF05000E7210 /* PlayAgainButtonClicked.png */,
				E4D34A541969AF05000E7210 /* PlayAgainButtonClicked@2x.png */,
				E4D34A551969AF05000E7210 /* ResetButton.png */,
				E4D34A561969AF05000E7210 /* ResetButton@2x.png */,
				E4D34A571969AF05000E7210 /* RespawnButton.png */,
				E4D34A581969AF05000E7210 /* RespawnButton@2x.png */,
				E4D34A591969AF05000E7210 /* RespawnButtonClicked.png */,
				E4D34A5A1969AF05000E7210 /* RespawnButtonClicked@2x.png */,
				E4D34A5B1969AF05000E7210 /* Rope Segment.png */,
				E4D34A5C1969AF05000E7210 /* Rope Segment@2x.png */,
				E4D34A5D1969AF05000E7210 /* StartGame.png */,
				E4D34A5E1969AF05000E7210 /* StartGame@2x.png */,
				E4D34A5F1969AF05000E7210 /* StartGameClicked.png */,
				E4D34A601969AF05000E7210 /* StartGameClicked@2x.png */,
			);
			path = Assets;
			sourceTree = "<group>";
		};
		E4D34AAA1969BADC000E7210 /* Image Blur */ = {
			isa = PBXGroup;
			children = (
				E4D34ADE1969D6B0000E7210 /* JCRBlurView.h */,
				E4D34ADF1969D6B0000E7210 /* JCRBlurView.m */,
			);
			name = "Image Blur";
			sourceTree = "<group>";
		};
		E4DCD3661874E6D20040643C = {
			isa = PBXGroup;
			children = (
				E4DCD37A1874E6D20040643C /* MonkeySwing */,
				E4DCD39E1874E6D20040643C /* MonkeySwingTests */,
				E4DCD3711874E6D20040643C /* Frameworks */,
				E4DCD3701874E6D20040643C /* Products */,
			);
			sourceTree = "<group>";
		};
		E4DCD3701874E6D20040643C /* Products */ = {
			isa = PBXGroup;
			children = (
				E4DCD36F1874E6D20040643C /* MonkeySwing.app */,
				E4DCD3971874E6D20040643C /* MonkeySwingTests.xctest */,
			);
			name = Products;
			sourceTree = "<group>";
		};
		E4DCD3711874E6D20040643C /* Frameworks */ = {
			isa = PBXGroup;
			children = (
				E4D34ADB1969C7CB000E7210 /* CoreImage.framework */,
				E4D34AD61969C58E000E7210 /* Accelerate.framework */,
				E4D34AC31969C005000E7210 /* QuartzCore.framework */,
				E4D34AC11969BFFD000E7210 /* AVFoundation.framework */,
				E4D34ABF1969BFF4000E7210 /* OpenGLES.framework */,
				E4D34ABD1969BFED000E7210 /* CoreVideo.framework */,
				E4D34ABB1969BFE5000E7210 /* CoreMedia.framework */,
				E4770F4C190F6636005E7200 /* GameKit.framework */,
				E4271007189E230400007F33 /* libz.dylib */,
				E4DCD3721874E6D20040643C /* Foundation.framework */,
				E4DCD3741874E6D20040643C /* CoreGraphics.framework */,
				E4DCD3761874E6D20040643C /* UIKit.framework */,
				E4DCD3781874E6D20040643C /* SpriteKit.framework */,
				E4DCD3981874E6D20040643C /* XCTest.framework */,
			);
			name = Frameworks;
			sourceTree = "<group>";
		};
		E4DCD37A1874E6D20040643C /* MonkeySwing */ = {
			isa = PBXGroup;
			children = (
				E4271015189ED60800007F33 /* MainMenuScene.h */,
				E4271016189ED60800007F33 /* MainMenuScene.m */,
				E46F69F0196506020001E462 /* MainMenuPage0ViewController.h */,
				E46F69F1196506020001E462 /* MainMenuPage0ViewController.m */,
				E46F69F2196506020001E462 /* MainMenuPage0ViewController.xib */,
				E46F69E61964FD3D0001E462 /* MainMenuPage1ViewController.h */,
				E46F69E71964FD3D0001E462 /* MainMenuPage1ViewController.m */,
				E46F69E81964FD3D0001E462 /* MainMenuPage1ViewController.xib */,
				E46F69EB196505B10001E462 /* MainMenuPage2ViewController.h */,
				E46F69EC196505B10001E462 /* MainMenuPage2ViewController.m */,
				E46F69ED196505B10001E462 /* MainMenuPage2ViewController.xib */,
				E4DCD38C1874E6D20040643C /* MyScene.h */,
				E4DCD38D1874E6D20040643C /* MyScene.m */,
				E4880C4C18B44DF700DBE7B2 /* LevelEndView.h */,
				E4880C4D18B44DF700DBE7B2 /* LevelEndView.m */,
				E4B5B97A18DAB9B60092E231 /* PlayerLevelRunData.h */,
				E4B5B97B18DAB9B60092E231 /* PlayerLevelRunData.m */,
				E49F78AC1883598900BDA47C /* JPMButton.h */,
				E49F78AD1883598900BDA47C /* JPMButton.m */,
				E4D6DF6E18931D7100F916D0 /* PhysicsParameters.h */,
				E4D6DF6F18931D7100F916D0 /* PhysicsParameters.m */,
				E423238C18ADA93E00F852A0 /* BonusPointsObject.h */,
				E423238D18ADA93E00F852A0 /* BonusPointsObject.m */,
				E4D34AAA1969BADC000E7210 /* Image Blur */,
				E43567BD190CB521002ED25D /* GameKit */,
				E4A5F8F518ACA646001B28B6 /* Levels */,
				E4DCD37B1874E6D20040643C /* Supporting Files */,
				E4A7CF9318767527009CD28B /* Standard Apple Stuff */,
			);
			path = MonkeySwing;
			sourceTree = "<group>";
		};
		E4DCD37B1874E6D20040643C /* Supporting Files */ = {
			isa = PBXGroup;
			children = (
				E4D34A261969AF05000E7210 /* Assets */,
				E4B169EA1905D0E4004657EB /* Fonts */,
				E4DCD37C1874E6D20040643C /* MonkeySwing-Info.plist */,
				E4DCD37D1874E6D20040643C /* InfoPlist.strings */,
				E4DCD3801874E6D20040643C /* main.m */,
				E4DCD3821874E6D20040643C /* MonkeySwing-Prefix.pch */,
				E4DCD3EB1874FD120040643C /* ParticleFire.sks */,
				E4DCD3EC1874FD120040643C /* spark.png */,
			);
			name = "Supporting Files";
			sourceTree = "<group>";
		};
		E4DCD39E1874E6D20040643C /* MonkeySwingTests */ = {
			isa = PBXGroup;
			children = (
				E4DCD3A41874E6D20040643C /* MonkeySwingTests.m */,
				E4DCD39F1874E6D20040643C /* Supporting Files */,
			);
			path = MonkeySwingTests;
			sourceTree = "<group>";
		};
		E4DCD39F1874E6D20040643C /* Supporting Files */ = {
			isa = PBXGroup;
			children = (
				E4DCD3A01874E6D20040643C /* MonkeySwingTests-Info.plist */,
				E4DCD3A11874E6D20040643C /* InfoPlist.strings */,
			);
			name = "Supporting Files";
			sourceTree = "<group>";
		};
/* End PBXGroup section */

/* Begin PBXNativeTarget section */
		E4DCD36E1874E6D20040643C /* MonkeySwing */ = {
			isa = PBXNativeTarget;
			buildConfigurationList = E4DCD3A81874E6D20040643C /* Build configuration list for PBXNativeTarget "MonkeySwing" */;
			buildPhases = (
				E4DCD36B1874E6D20040643C /* Sources */,
				E4DCD36C1874E6D20040643C /* Frameworks */,
				E4DCD36D1874E6D20040643C /* Resources */,
			);
			buildRules = (
			);
			dependencies = (
			);
			name = MonkeySwing;
			productName = MonkeySwing;
			productReference = E4DCD36F1874E6D20040643C /* MonkeySwing.app */;
			productType = "com.apple.product-type.application";
		};
		E4DCD3961874E6D20040643C /* MonkeySwingTests */ = {
			isa = PBXNativeTarget;
			buildConfigurationList = E4DCD3AB1874E6D20040643C /* Build configuration list for PBXNativeTarget "MonkeySwingTests" */;
			buildPhases = (
				E4DCD3931874E6D20040643C /* Sources */,
				E4DCD3941874E6D20040643C /* Frameworks */,
				E4DCD3951874E6D20040643C /* Resources */,
			);
			buildRules = (
			);
			dependencies = (
				E4DCD39D1874E6D20040643C /* PBXTargetDependency */,
			);
			name = MonkeySwingTests;
			productName = MonkeySwingTests;
			productReference = E4DCD3971874E6D20040643C /* MonkeySwingTests.xctest */;
			productType = "com.apple.product-type.bundle.unit-test";
		};
/* End PBXNativeTarget section */

/* Begin PBXProject section */
		E4DCD3671874E6D20040643C /* Project object */ = {
			isa = PBXProject;
			attributes = {
				LastUpgradeCheck = 0510;
				ORGANIZATIONNAME = "James Paul Mason";
				TargetAttributes = {
					E4DCD36E1874E6D20040643C = {
						DevelopmentTeam = Y3EC579VUK;
						SystemCapabilities = {
							com.apple.GameCenter = {
								enabled = 1;
							};
						};
					};
					E4DCD3961874E6D20040643C = {
						TestTargetID = E4DCD36E1874E6D20040643C;
					};
				};
			};
			buildConfigurationList = E4DCD36A1874E6D20040643C /* Build configuration list for PBXProject "MonkeySwing" */;
			compatibilityVersion = "Xcode 3.2";
			developmentRegion = English;
			hasScannedForEncodings = 0;
			knownRegions = (
				en,
				Base,
			);
			mainGroup = E4DCD3661874E6D20040643C;
			productRefGroup = E4DCD3701874E6D20040643C /* Products */;
			projectDirPath = "";
			projectRoot = "";
			targets = (
				E4DCD36E1874E6D20040643C /* MonkeySwing */,
				E4DCD3961874E6D20040643C /* MonkeySwingTests */,
			);
		};
/* End PBXProject section */

/* Begin PBXResourcesBuildPhase section */
		E4DCD36D1874E6D20040643C /* Resources */ = {
			isa = PBXResourcesBuildPhase;
			buildActionMask = 2147483647;
			files = (
				E4D34A931969AF05000E7210 /* RespawnButtonClicked.png in Resources */,
				E4D34A781969AF05000E7210 /* Leaf1@2x.png in Resources */,
				E4D34A991969AF05000E7210 /* StartGameClicked.png in Resources */,
				E4D34A631969AF05000E7210 /* Arrow.png in Resources */,
				E4D34A7E1969AF05000E7210 /* MenuButton@2x.png in Resources */,
				E4D34A891969AF05000E7210 /* NextLevelButtonClicked@2x.png in Resources */,
				E4DCD37F1874E6D20040643C /* InfoPlist.strings in Resources */,
				E4DCD3921874E6D20040643C /* Images.xcassets in Resources */,
				E46F69EF196505B10001E462 /* MainMenuPage2ViewController.xib in Resources */,
				E4D34AA51969B877000E7210 /* Dark filter.png in Resources */,
				E4D34A751969AF05000E7210 /* HudFire.png in Resources */,
				E4D34A841969AF05000E7210 /* MonkeyAngry@2x.png in Resources */,
				E4D34A661969AF05000E7210 /* Banana@2x.png in Resources */,
				E4D34A951969AF05000E7210 /* Rope Segment.png in Resources */,
				E4D34A821969AF05000E7210 /* Monkey@2x.png in Resources */,
				E4D34A801969AF05000E7210 /* MenuButtonClicked@2x.png in Resources */,
				E4D34A9D1969AF94000E7210 /* Flux_Architect_Bold.ttf in Resources */,
				E4D34A7A1969AF05000E7210 /* Leaf2@2x.png in Resources */,
				E4D34A6D1969AF05000E7210 /* FullLevel2.png in Resources */,
				E4DCD3881874E6D20040643C /* Main.storyboard in Resources */,
				E4D34A8C1969AF05000E7210 /* PlayAgainButton@2x.png in Resources */,
				E4D34A7F1969AF05000E7210 /* MenuButtonClicked.png in Resources */,
				E4D34A901969AF05000E7210 /* ResetButton@2x.png in Resources */,
				E4D34A761969AF05000E7210 /* HudFire@2x.png in Resources */,
				E4D34A6F1969AF05000E7210 /* GameOverByFireButton.png in Resources */,
				E4DCD3ED1874FD120040643C /* ParticleFire.sks in Resources */,
				E4D34A6A1969AF05000E7210 /* DeadMonkeysButtonClicked@2x.png in Resources */,
				E4D34A8E1969AF05000E7210 /* PlayAgainButtonClicked@2x.png in Resources */,
				E4D34A911969AF05000E7210 /* RespawnButton.png in Resources */,
				E4D34A871969AF05000E7210 /* NextLevelButton@2x.png in Resources */,
				E4D34A771969AF05000E7210 /* Leaf1.png in Resources */,
				E4D34A881969AF05000E7210 /* NextLevelButtonClicked.png in Resources */,
				E4D34A7B1969AF05000E7210 /* MainMenuSettingsBackground.png in Resources */,
				E4D34A611969AF05000E7210 /* Apple.png in Resources */,
				E4D34A741969AF05000E7210 /* HudBanana@2x.png in Resources */,
				E4D34A711969AF05000E7210 /* GameOverByFireButtonClicked.png in Resources */,
				E4D34A791969AF05000E7210 /* Leaf2.png in Resources */,
				E4D34A8F1969AF05000E7210 /* ResetButton.png in Resources */,
				E4D34A811969AF05000E7210 /* Monkey.png in Resources */,
				E4D34A9A1969AF05000E7210 /* StartGameClicked@2x.png in Resources */,
				E4D34A861969AF05000E7210 /* MonkeyGearTail@2x.png in Resources */,
				E4D34A981969AF05000E7210 /* StartGame@2x.png in Resources */,
				E46F69F4196506020001E462 /* MainMenuPage0ViewController.xib in Resources */,
				E4F23707193BA6C400850B61 /* Level2.csv in Resources */,
				E4D34A701969AF05000E7210 /* GameOverByFireButton@2x.png in Resources */,
				E4D34A8B1969AF05000E7210 /* PlayAgainButton.png in Resources */,
				E4D34A641969AF05000E7210 /* Arrow@2x.png in Resources */,
				E46F69EA1964FD3D0001E462 /* MainMenuPage1ViewController.xib in Resources */,
				E4D34A7D1969AF05000E7210 /* MenuButton.png in Resources */,
				E4D34A921969AF05000E7210 /* RespawnButton@2x.png in Resources */,
				E4D34A971969AF05000E7210 /* StartGame.png in Resources */,
				E4D34A851969AF05000E7210 /* MonkeyGearTail.png in Resources */,
				E4DCD3EE1874FD120040643C /* spark.png in Resources */,
				E4D34A961969AF05000E7210 /* Rope Segment@2x.png in Resources */,
				E4D34A691969AF05000E7210 /* DeadMonkeysButtonClicked.png in Resources */,
				E4D34A671969AF05000E7210 /* DeadMonkeysButton.png in Resources */,
				E4D34A721969AF05000E7210 /* GameOverByFireButtonClicked@2x.png in Resources */,
				E4D34A731969AF05000E7210 /* HudBanana.png in Resources */,
				E458D7D518BDAC1C005D8D03 /* Level1.csv in Resources */,
				E4D34A6C1969AF05000E7210 /* FullLevel1@2x.png in Resources */,
				E4D34A9E1969AF94000E7210 /* Flux_Architect_Regular.ttf in Resources */,
				E4D34A681969AF05000E7210 /* DeadMonkeysButton@2x.png in Resources */,
				E4D34A6B1969AF05000E7210 /* FullLevel1.png in Resources */,
				E4D34A7C1969AF05000E7210 /* MainMenuSettingsBackground@2x.png in Resources */,
				E4D34A651969AF05000E7210 /* Banana.png in Resources */,
				E4D34A621969AF05000E7210 /* Apple@2x.png in Resources */,
				E4D34A831969AF05000E7210 /* MonkeyAngry.png in Resources */,
				E4D34A941969AF05000E7210 /* RespawnButtonClicked@2x.png in Resources */,
				E4D34A8A1969AF05000E7210 /* NextLevelButtons.png in Resources */,
				E4D34A8D1969AF05000E7210 /* PlayAgainButtonClicked.png in Resources */,
				E4D34A6E1969AF05000E7210 /* FullLevel2@2x.png in Resources */,
				E4D34AA61969B877000E7210 /* Dark filter@2x.png in Resources */,
			);
			runOnlyForDeploymentPostprocessing = 0;
		};
		E4DCD3951874E6D20040643C /* Resources */ = {
			isa = PBXResourcesBuildPhase;
			buildActionMask = 2147483647;
			files = (
				E4DCD3A31874E6D20040643C /* InfoPlist.strings in Resources */,
			);
			runOnlyForDeploymentPostprocessing = 0;
		};
/* End PBXResourcesBuildPhase section */

/* Begin PBXSourcesBuildPhase section */
		E4DCD36B1874E6D20040643C /* Sources */ = {
			isa = PBXSourcesBuildPhase;
			buildActionMask = 2147483647;
			files = (
				E46F69EE196505B10001E462 /* MainMenuPage2ViewController.m in Sources */,
				E43567C0190CB554002ED25D /* GameKitHelper.m in Sources */,
				E45C90961913442B00956737 /* GameCenterFriendData.m in Sources */,
				E49F78AE1883598900BDA47C /* JPMButton.m in Sources */,
				E46F69E91964FD3D0001E462 /* MainMenuPage1ViewController.m in Sources */,
				E423238E18ADA93E00F852A0 /* BonusPointsObject.m in Sources */,
				E4880C4E18B44DF700DBE7B2 /* LevelEndView.m in Sources */,
				E4DCD38E1874E6D20040643C /* MyScene.m in Sources */,
				E4B5B97C18DAB9B60092E231 /* PlayerLevelRunData.m in Sources */,
				E4DCD38B1874E6D20040643C /* ViewController.m in Sources */,
				E4A5F8F418AC9977001B28B6 /* JPMLevelInterpreter.m in Sources */,
				E4D34AE01969D6B0000E7210 /* JCRBlurView.m in Sources */,
				E4DCD3851874E6D20040643C /* AppDelegate.m in Sources */,
				E4271017189ED60800007F33 /* MainMenuScene.m in Sources */,
				E4DCD3811874E6D20040643C /* main.m in Sources */,
				E46F69F3196506020001E462 /* MainMenuPage0ViewController.m in Sources */,
				E4D6DF7018931D7100F916D0 /* PhysicsParameters.m in Sources */,
			);
			runOnlyForDeploymentPostprocessing = 0;
		};
		E4DCD3931874E6D20040643C /* Sources */ = {
			isa = PBXSourcesBuildPhase;
			buildActionMask = 2147483647;
			files = (
				E4DCD3A51874E6D20040643C /* MonkeySwingTests.m in Sources */,
			);
			runOnlyForDeploymentPostprocessing = 0;
		};
/* End PBXSourcesBuildPhase section */

/* Begin PBXTargetDependency section */
		E4DCD39D1874E6D20040643C /* PBXTargetDependency */ = {
			isa = PBXTargetDependency;
			target = E4DCD36E1874E6D20040643C /* MonkeySwing */;
			targetProxy = E4DCD39C1874E6D20040643C /* PBXContainerItemProxy */;
		};
/* End PBXTargetDependency section */

/* Begin PBXVariantGroup section */
		E4DCD37D1874E6D20040643C /* InfoPlist.strings */ = {
			isa = PBXVariantGroup;
			children = (
				E4DCD37E1874E6D20040643C /* en */,
			);
			name = InfoPlist.strings;
			sourceTree = "<group>";
		};
		E4DCD3861874E6D20040643C /* Main.storyboard */ = {
			isa = PBXVariantGroup;
			children = (
				E4DCD3871874E6D20040643C /* Base */,
			);
			name = Main.storyboard;
			sourceTree = "<group>";
		};
		E4DCD3A11874E6D20040643C /* InfoPlist.strings */ = {
			isa = PBXVariantGroup;
			children = (
				E4DCD3A21874E6D20040643C /* en */,
			);
			name = InfoPlist.strings;
			sourceTree = "<group>";
		};
/* End PBXVariantGroup section */

/* Begin XCBuildConfiguration section */
		E4DCD3A61874E6D20040643C /* Debug */ = {
			isa = XCBuildConfiguration;
			buildSettings = {
				ALWAYS_SEARCH_USER_PATHS = NO;
				CLANG_CXX_LANGUAGE_STANDARD = "gnu++0x";
				CLANG_CXX_LIBRARY = "libc++";
				CLANG_ENABLE_MODULES = YES;
				CLANG_ENABLE_OBJC_ARC = YES;
				CLANG_WARN_BOOL_CONVERSION = YES;
				CLANG_WARN_CONSTANT_CONVERSION = YES;
				CLANG_WARN_DIRECT_OBJC_ISA_USAGE = YES_ERROR;
				CLANG_WARN_EMPTY_BODY = YES;
				CLANG_WARN_ENUM_CONVERSION = YES;
				CLANG_WARN_INT_CONVERSION = YES;
				CLANG_WARN_OBJC_ROOT_CLASS = YES_ERROR;
				CLANG_WARN__DUPLICATE_METHOD_MATCH = YES;
				"CODE_SIGN_IDENTITY[sdk=iphoneos*]" = "iPhone Developer";
				COPY_PHASE_STRIP = NO;
				GCC_C_LANGUAGE_STANDARD = gnu99;
				GCC_DYNAMIC_NO_PIC = NO;
				GCC_OPTIMIZATION_LEVEL = 0;
				GCC_PREPROCESSOR_DEFINITIONS = (
					"DEBUG=1",
					"$(inherited)",
				);
				GCC_SYMBOLS_PRIVATE_EXTERN = NO;
				GCC_WARN_64_TO_32_BIT_CONVERSION = YES;
				GCC_WARN_ABOUT_RETURN_TYPE = YES_ERROR;
				GCC_WARN_UNDECLARED_SELECTOR = YES;
				GCC_WARN_UNINITIALIZED_AUTOS = YES;
				GCC_WARN_UNUSED_FUNCTION = YES;
				GCC_WARN_UNUSED_VARIABLE = YES;
				IPHONEOS_DEPLOYMENT_TARGET = 7.0;
				ONLY_ACTIVE_ARCH = YES;
				SDKROOT = iphoneos;
			};
			name = Debug;
		};
		E4DCD3A71874E6D20040643C /* Release */ = {
			isa = XCBuildConfiguration;
			buildSettings = {
				ALWAYS_SEARCH_USER_PATHS = NO;
				CLANG_CXX_LANGUAGE_STANDARD = "gnu++0x";
				CLANG_CXX_LIBRARY = "libc++";
				CLANG_ENABLE_MODULES = YES;
				CLANG_ENABLE_OBJC_ARC = YES;
				CLANG_WARN_BOOL_CONVERSION = YES;
				CLANG_WARN_CONSTANT_CONVERSION = YES;
				CLANG_WARN_DIRECT_OBJC_ISA_USAGE = YES_ERROR;
				CLANG_WARN_EMPTY_BODY = YES;
				CLANG_WARN_ENUM_CONVERSION = YES;
				CLANG_WARN_INT_CONVERSION = YES;
				CLANG_WARN_OBJC_ROOT_CLASS = YES_ERROR;
				CLANG_WARN__DUPLICATE_METHOD_MATCH = YES;
				"CODE_SIGN_IDENTITY[sdk=iphoneos*]" = "iPhone Developer";
				COPY_PHASE_STRIP = YES;
				ENABLE_NS_ASSERTIONS = NO;
				GCC_C_LANGUAGE_STANDARD = gnu99;
				GCC_WARN_64_TO_32_BIT_CONVERSION = YES;
				GCC_WARN_ABOUT_RETURN_TYPE = YES_ERROR;
				GCC_WARN_UNDECLARED_SELECTOR = YES;
				GCC_WARN_UNINITIALIZED_AUTOS = YES;
				GCC_WARN_UNUSED_FUNCTION = YES;
				GCC_WARN_UNUSED_VARIABLE = YES;
				IPHONEOS_DEPLOYMENT_TARGET = 7.0;
				SDKROOT = iphoneos;
				VALIDATE_PRODUCT = YES;
			};
			name = Release;
		};
		E4DCD3A91874E6D20040643C /* Debug */ = {
			isa = XCBuildConfiguration;
			buildSettings = {
				ALWAYS_SEARCH_USER_PATHS = NO;
				ASSETCATALOG_COMPILER_APPICON_NAME = AppIcon;
				ASSETCATALOG_COMPILER_LAUNCHIMAGE_NAME = LaunchImage;
				CODE_SIGN_IDENTITY = "iPhone Developer";
				"CODE_SIGN_IDENTITY[sdk=iphoneos*]" = "iPhone Developer";
				GCC_PRECOMPILE_PREFIX_HEADER = YES;
				GCC_PREFIX_HEADER = "MonkeySwing/MonkeySwing-Prefix.pch";
				INFOPLIST_FILE = "MonkeySwing/MonkeySwing-Info.plist";
				PRODUCT_NAME = "$(TARGET_NAME)";
				PROVISIONING_PROFILE = "";
				SPRITEKIT_TEXTURE_ATLAS_OUTPUT = YES;
				USER_HEADER_SEARCH_PATHS = "";
				WRAPPER_EXTENSION = app;
			};
			name = Debug;
		};
		E4DCD3AA1874E6D20040643C /* Release */ = {
			isa = XCBuildConfiguration;
			buildSettings = {
				ALWAYS_SEARCH_USER_PATHS = NO;
				ASSETCATALOG_COMPILER_APPICON_NAME = AppIcon;
				ASSETCATALOG_COMPILER_LAUNCHIMAGE_NAME = LaunchImage;
				CODE_SIGN_IDENTITY = "iPhone Developer";
				"CODE_SIGN_IDENTITY[sdk=iphoneos*]" = "iPhone Developer";
				GCC_PRECOMPILE_PREFIX_HEADER = YES;
				GCC_PREFIX_HEADER = "MonkeySwing/MonkeySwing-Prefix.pch";
				INFOPLIST_FILE = "MonkeySwing/MonkeySwing-Info.plist";
				PRODUCT_NAME = "$(TARGET_NAME)";
				PROVISIONING_PROFILE = "";
				SPRITEKIT_TEXTURE_ATLAS_OUTPUT = YES;
				USER_HEADER_SEARCH_PATHS = "";
				WRAPPER_EXTENSION = app;
			};
			name = Release;
		};
		E4DCD3AC1874E6D20040643C /* Debug */ = {
			isa = XCBuildConfiguration;
			buildSettings = {
				BUNDLE_LOADER = "$(BUILT_PRODUCTS_DIR)/MonkeySwing.app/MonkeySwing";
				FRAMEWORK_SEARCH_PATHS = (
					"$(SDKROOT)/Developer/Library/Frameworks",
					"$(inherited)",
					"$(DEVELOPER_FRAMEWORKS_DIR)",
				);
				GCC_PRECOMPILE_PREFIX_HEADER = YES;
				GCC_PREFIX_HEADER = "MonkeySwing/MonkeySwing-Prefix.pch";
				GCC_PREPROCESSOR_DEFINITIONS = (
					"DEBUG=1",
					"$(inherited)",
				);
				INFOPLIST_FILE = "MonkeySwingTests/MonkeySwingTests-Info.plist";
				PRODUCT_NAME = "$(TARGET_NAME)";
				TEST_HOST = "$(BUNDLE_LOADER)";
				WRAPPER_EXTENSION = xctest;
			};
			name = Debug;
		};
		E4DCD3AD1874E6D20040643C /* Release */ = {
			isa = XCBuildConfiguration;
			buildSettings = {
				BUNDLE_LOADER = "$(BUILT_PRODUCTS_DIR)/MonkeySwing.app/MonkeySwing";
				FRAMEWORK_SEARCH_PATHS = (
					"$(SDKROOT)/Developer/Library/Frameworks",
					"$(inherited)",
					"$(DEVELOPER_FRAMEWORKS_DIR)",
				);
				GCC_PRECOMPILE_PREFIX_HEADER = YES;
				GCC_PREFIX_HEADER = "MonkeySwing/MonkeySwing-Prefix.pch";
				INFOPLIST_FILE = "MonkeySwingTests/MonkeySwingTests-Info.plist";
				PRODUCT_NAME = "$(TARGET_NAME)";
				TEST_HOST = "$(BUNDLE_LOADER)";
				WRAPPER_EXTENSION = xctest;
			};
			name = Release;
		};
/* End XCBuildConfiguration section */

/* Begin XCConfigurationList section */
		E4DCD36A1874E6D20040643C /* Build configuration list for PBXProject "MonkeySwing" */ = {
			isa = XCConfigurationList;
			buildConfigurations = (
				E4DCD3A61874E6D20040643C /* Debug */,
				E4DCD3A71874E6D20040643C /* Release */,
			);
			defaultConfigurationIsVisible = 0;
			defaultConfigurationName = Release;
		};
		E4DCD3A81874E6D20040643C /* Build configuration list for PBXNativeTarget "MonkeySwing" */ = {
			isa = XCConfigurationList;
			buildConfigurations = (
				E4DCD3A91874E6D20040643C /* Debug */,
				E4DCD3AA1874E6D20040643C /* Release */,
			);
			defaultConfigurationIsVisible = 0;
			defaultConfigurationName = Release;
		};
		E4DCD3AB1874E6D20040643C /* Build configuration list for PBXNativeTarget "MonkeySwingTests" */ = {
			isa = XCConfigurationList;
			buildConfigurations = (
				E4DCD3AC1874E6D20040643C /* Debug */,
				E4DCD3AD1874E6D20040643C /* Release */,
			);
			defaultConfigurationIsVisible = 0;
			defaultConfigurationName = Release;
		};
/* End XCConfigurationList section */
	};
	rootObject = E4DCD3671874E6D20040643C /* Project object */;
}
