// !$*UTF8*$!
{
	archiveVersion = 1;
	classes = {
	};
	objectVersion = 46;
	objects = {

/* Begin PBXBuildFile section */
		E41BEA531976073300EA7801 /* MainMenuContentViewController.m in Sources */ = {isa = PBXBuildFile; fileRef = E41BEA521976073300EA7801 /* MainMenuContentViewController.m */; };
		E423238E18ADA93E00F852A0 /* BonusPointsObject.m in Sources */ = {isa = PBXBuildFile; fileRef = E423238D18ADA93E00F852A0 /* BonusPointsObject.m */; };
		E43567C0190CB554002ED25D /* GameKitHelper.m in Sources */ = {isa = PBXBuildFile; fileRef = E43567BF190CB554002ED25D /* GameKitHelper.m */; };
		E458D7D518BDAC1C005D8D03 /* Level1.csv in Resources */ = {isa = PBXBuildFile; fileRef = E458D7D418BDAC1C005D8D03 /* Level1.csv */; };
		E45C90961913442B00956737 /* GameCenterFriendData.m in Sources */ = {isa = PBXBuildFile; fileRef = E45C90951913442B00956737 /* GameCenterFriendData.m */; };
		E46317B618A5FEE600E911E6 /* libz.dylib in Frameworks */ = {isa = PBXBuildFile; fileRef = E4271007189E230400007F33 /* libz.dylib */; };
		E468A283198B3831005D890F /* Level3SelectionScreen.png in Resources */ = {isa = PBXBuildFile; fileRef = E468A281198B3831005D890F /* Level3SelectionScreen.png */; };
		E468A284198B3831005D890F /* Level3SelectionScreen@2x.png in Resources */ = {isa = PBXBuildFile; fileRef = E468A282198B3831005D890F /* Level3SelectionScreen@2x.png */; };
		E4770F4D190F6636005E7200 /* GameKit.framework in Frameworks */ = {isa = PBXBuildFile; fileRef = E4770F4C190F6636005E7200 /* GameKit.framework */; };
		E4794A1E19733C1C00CE739B /* LevelSelectionContentViewController.m in Sources */ = {isa = PBXBuildFile; fileRef = E4794A1C19733C1C00CE739B /* LevelSelectionContentViewController.m */; };
		E4794A5719733CAD00CE739B /* Apple.png in Resources */ = {isa = PBXBuildFile; fileRef = E4794A2119733CAD00CE739B /* Apple.png */; };
		E4794A5819733CAD00CE739B /* Apple@2x.png in Resources */ = {isa = PBXBuildFile; fileRef = E4794A2219733CAD00CE739B /* Apple@2x.png */; };
		E4794A5919733CAD00CE739B /* Arrow.png in Resources */ = {isa = PBXBuildFile; fileRef = E4794A2319733CAD00CE739B /* Arrow.png */; };
		E4794A5A19733CAD00CE739B /* Arrow@2x.png in Resources */ = {isa = PBXBuildFile; fileRef = E4794A2419733CAD00CE739B /* Arrow@2x.png */; };
		E4794A5B19733CAD00CE739B /* Banana.png in Resources */ = {isa = PBXBuildFile; fileRef = E4794A2519733CAD00CE739B /* Banana.png */; };
		E4794A5C19733CAD00CE739B /* Banana@2x.png in Resources */ = {isa = PBXBuildFile; fileRef = E4794A2619733CAD00CE739B /* Banana@2x.png */; };
		E4794A5D19733CAD00CE739B /* ContinueButton.png in Resources */ = {isa = PBXBuildFile; fileRef = E4794A2719733CAD00CE739B /* ContinueButton.png */; };
		E4794A5E19733CAD00CE739B /* ContinueButton@2x.png in Resources */ = {isa = PBXBuildFile; fileRef = E4794A2819733CAD00CE739B /* ContinueButton@2x.png */; };
		E4794A5F19733CAD00CE739B /* DeadMonkeysButton.png in Resources */ = {isa = PBXBuildFile; fileRef = E4794A2919733CAD00CE739B /* DeadMonkeysButton.png */; };
		E4794A6019733CAD00CE739B /* DeadMonkeysButton@2x.png in Resources */ = {isa = PBXBuildFile; fileRef = E4794A2A19733CAD00CE739B /* DeadMonkeysButton@2x.png */; };
		E4794A6119733CAD00CE739B /* FullLevel1.png in Resources */ = {isa = PBXBuildFile; fileRef = E4794A2B19733CAD00CE739B /* FullLevel1.png */; };
		E4794A6219733CAD00CE739B /* FullLevel1@2x.png in Resources */ = {isa = PBXBuildFile; fileRef = E4794A2C19733CAD00CE739B /* FullLevel1@2x.png */; };
		E4794A6319733CAD00CE739B /* FullLevel2.png in Resources */ = {isa = PBXBuildFile; fileRef = E4794A2D19733CAD00CE739B /* FullLevel2.png */; };
		E4794A6419733CAD00CE739B /* FullLevel2@2x.png in Resources */ = {isa = PBXBuildFile; fileRef = E4794A2E19733CAD00CE739B /* FullLevel2@2x.png */; };
		E4794A6519733CAD00CE739B /* GameOverByFireButton.png in Resources */ = {isa = PBXBuildFile; fileRef = E4794A2F19733CAD00CE739B /* GameOverByFireButton.png */; };
		E4794A6619733CAD00CE739B /* GameOverByFireButton@2x.png in Resources */ = {isa = PBXBuildFile; fileRef = E4794A3019733CAD00CE739B /* GameOverByFireButton@2x.png */; };
		E4794A6719733CAD00CE739B /* HudBanana.png in Resources */ = {isa = PBXBuildFile; fileRef = E4794A3119733CAD00CE739B /* HudBanana.png */; };
		E4794A6819733CAD00CE739B /* HudBanana@2x.png in Resources */ = {isa = PBXBuildFile; fileRef = E4794A3219733CAD00CE739B /* HudBanana@2x.png */; };
		E4794A6919733CAD00CE739B /* HudFire.png in Resources */ = {isa = PBXBuildFile; fileRef = E4794A3319733CAD00CE739B /* HudFire.png */; };
		E4794A6A19733CAD00CE739B /* HudFire@2x.png in Resources */ = {isa = PBXBuildFile; fileRef = E4794A3419733CAD00CE739B /* HudFire@2x.png */; };
		E4794A6B19733CAD00CE739B /* Leaf1.png in Resources */ = {isa = PBXBuildFile; fileRef = E4794A3519733CAD00CE739B /* Leaf1.png */; };
		E4794A6C19733CAD00CE739B /* Leaf1@2x.png in Resources */ = {isa = PBXBuildFile; fileRef = E4794A3619733CAD00CE739B /* Leaf1@2x.png */; };
		E4794A6D19733CAD00CE739B /* Leaf2.png in Resources */ = {isa = PBXBuildFile; fileRef = E4794A3719733CAD00CE739B /* Leaf2.png */; };
		E4794A6E19733CAD00CE739B /* Leaf2@2x.png in Resources */ = {isa = PBXBuildFile; fileRef = E4794A3819733CAD00CE739B /* Leaf2@2x.png */; };
		E4794A6F19733CAD00CE739B /* Level1SelectionScreen.png in Resources */ = {isa = PBXBuildFile; fileRef = E4794A3919733CAD00CE739B /* Level1SelectionScreen.png */; };
		E4794A7019733CAD00CE739B /* Level1SelectionScreen@2x.png in Resources */ = {isa = PBXBuildFile; fileRef = E4794A3A19733CAD00CE739B /* Level1SelectionScreen@2x.png */; };
		E4794A7119733CAD00CE739B /* Level2SelectionScreen.png in Resources */ = {isa = PBXBuildFile; fileRef = E4794A3B19733CAD00CE739B /* Level2SelectionScreen.png */; };
		E4794A7219733CAD00CE739B /* Level2SelectionScreen@2x.png in Resources */ = {isa = PBXBuildFile; fileRef = E4794A3C19733CAD00CE739B /* Level2SelectionScreen@2x.png */; };
		E4794A7319733CAD00CE739B /* LevelButton.png in Resources */ = {isa = PBXBuildFile; fileRef = E4794A3D19733CAD00CE739B /* LevelButton.png */; };
		E4794A7419733CAD00CE739B /* LevelButton@2x.png in Resources */ = {isa = PBXBuildFile; fileRef = E4794A3E19733CAD00CE739B /* LevelButton@2x.png */; };
		E4794A7519733CAD00CE739B /* MainMenuBackground.png in Resources */ = {isa = PBXBuildFile; fileRef = E4794A3F19733CAD00CE739B /* MainMenuBackground.png */; };
		E4794A7619733CAD00CE739B /* MainMenuBackground@2x.png in Resources */ = {isa = PBXBuildFile; fileRef = E4794A4019733CAD00CE739B /* MainMenuBackground@2x.png */; };
		E4794A7719733CAD00CE739B /* MainMenuSettingsBackground.png in Resources */ = {isa = PBXBuildFile; fileRef = E4794A4119733CAD00CE739B /* MainMenuSettingsBackground.png */; };
		E4794A7819733CAD00CE739B /* MainMenuSettingsBackground@2x.png in Resources */ = {isa = PBXBuildFile; fileRef = E4794A4219733CAD00CE739B /* MainMenuSettingsBackground@2x.png */; };
		E4794A7919733CAD00CE739B /* MenuButton.png in Resources */ = {isa = PBXBuildFile; fileRef = E4794A4319733CAD00CE739B /* MenuButton.png */; };
		E4794A7A19733CAD00CE739B /* MenuButton@2x.png in Resources */ = {isa = PBXBuildFile; fileRef = E4794A4419733CAD00CE739B /* MenuButton@2x.png */; };
		E4794A7B19733CAD00CE739B /* Monkey.png in Resources */ = {isa = PBXBuildFile; fileRef = E4794A4519733CAD00CE739B /* Monkey.png */; };
		E4794A7C19733CAD00CE739B /* Monkey@2x.png in Resources */ = {isa = PBXBuildFile; fileRef = E4794A4619733CAD00CE739B /* Monkey@2x.png */; };
		E4794A7D19733CAD00CE739B /* MonkeyAngry.png in Resources */ = {isa = PBXBuildFile; fileRef = E4794A4719733CAD00CE739B /* MonkeyAngry.png */; };
		E4794A7E19733CAD00CE739B /* MonkeyAngry@2x.png in Resources */ = {isa = PBXBuildFile; fileRef = E4794A4819733CAD00CE739B /* MonkeyAngry@2x.png */; };
		E4794A7F19733CAD00CE739B /* MonkeyGearTail.png in Resources */ = {isa = PBXBuildFile; fileRef = E4794A4919733CAD00CE739B /* MonkeyGearTail.png */; };
		E4794A8019733CAD00CE739B /* MonkeyGearTail@2x.png in Resources */ = {isa = PBXBuildFile; fileRef = E4794A4A19733CAD00CE739B /* MonkeyGearTail@2x.png */; };
		E4794A8119733CAD00CE739B /* NextLevelButton@2x.png in Resources */ = {isa = PBXBuildFile; fileRef = E4794A4B19733CAD00CE739B /* NextLevelButton@2x.png */; };
		E4794A8219733CAD00CE739B /* NextLevelButtons.png in Resources */ = {isa = PBXBuildFile; fileRef = E4794A4C19733CAD00CE739B /* NextLevelButtons.png */; };
		E4794A8319733CAD00CE739B /* PlayAgainButton.png in Resources */ = {isa = PBXBuildFile; fileRef = E4794A4D19733CAD00CE739B /* PlayAgainButton.png */; };
		E4794A8419733CAD00CE739B /* PlayAgainButton@2x.png in Resources */ = {isa = PBXBuildFile; fileRef = E4794A4E19733CAD00CE739B /* PlayAgainButton@2x.png */; };
		E4794A8519733CAD00CE739B /* ResetButton.png in Resources */ = {isa = PBXBuildFile; fileRef = E4794A4F19733CAD00CE739B /* ResetButton.png */; };
		E4794A8619733CAD00CE739B /* ResetButton@2x.png in Resources */ = {isa = PBXBuildFile; fileRef = E4794A5019733CAD00CE739B /* ResetButton@2x.png */; };
		E4794A8719733CAD00CE739B /* RespawnButton.png in Resources */ = {isa = PBXBuildFile; fileRef = E4794A5119733CAD00CE739B /* RespawnButton.png */; };
		E4794A8819733CAD00CE739B /* RespawnButton@2x.png in Resources */ = {isa = PBXBuildFile; fileRef = E4794A5219733CAD00CE739B /* RespawnButton@2x.png */; };
		E4794A8919733CAD00CE739B /* Rope Segment.png in Resources */ = {isa = PBXBuildFile; fileRef = E4794A5319733CAD00CE739B /* Rope Segment.png */; };
		E4794A8A19733CAD00CE739B /* Rope Segment@2x.png in Resources */ = {isa = PBXBuildFile; fileRef = E4794A5419733CAD00CE739B /* Rope Segment@2x.png */; };
		E4794A8B19733CAD00CE739B /* Rope.png in Resources */ = {isa = PBXBuildFile; fileRef = E4794A5519733CAD00CE739B /* Rope.png */; };
		E4794A8C19733CAD00CE739B /* Rope@2x.png in Resources */ = {isa = PBXBuildFile; fileRef = E4794A5619733CAD00CE739B /* Rope@2x.png */; };
		E4880C4E18B44DF700DBE7B2 /* LevelEndView.m in Sources */ = {isa = PBXBuildFile; fileRef = E4880C4D18B44DF700DBE7B2 /* LevelEndView.m */; };
		E49F78AE1883598900BDA47C /* JPMButton.m in Sources */ = {isa = PBXBuildFile; fileRef = E49F78AD1883598900BDA47C /* JPMButton.m */; };
		E4A5F8F418AC9977001B28B6 /* JPMLevelInterpreter.m in Sources */ = {isa = PBXBuildFile; fileRef = E4A5F8F318AC9977001B28B6 /* JPMLevelInterpreter.m */; };
		E4A6C21219A8E6A600C65656 /* PlayButton.png in Resources */ = {isa = PBXBuildFile; fileRef = E4A6C21019A8E6A600C65656 /* PlayButton.png */; };
		E4A6C21319A8E6A600C65656 /* PlayButton@2x.png in Resources */ = {isa = PBXBuildFile; fileRef = E4A6C21119A8E6A600C65656 /* PlayButton@2x.png */; };
		E4B5B97C18DAB9B60092E231 /* PlayerLevelRunData.m in Sources */ = {isa = PBXBuildFile; fileRef = E4B5B97B18DAB9B60092E231 /* PlayerLevelRunData.m */; };
		E4D34A9D1969AF94000E7210 /* Flux_Architect_Bold.ttf in Resources */ = {isa = PBXBuildFile; fileRef = E4D34A9B1969AF94000E7210 /* Flux_Architect_Bold.ttf */; };
		E4D34A9E1969AF94000E7210 /* Flux_Architect_Regular.ttf in Resources */ = {isa = PBXBuildFile; fileRef = E4D34A9C1969AF94000E7210 /* Flux_Architect_Regular.ttf */; };
		E4D34AC21969BFFD000E7210 /* AVFoundation.framework in Frameworks */ = {isa = PBXBuildFile; fileRef = E4D34AC11969BFFD000E7210 /* AVFoundation.framework */; };
		E4D34AD71969C58E000E7210 /* Accelerate.framework in Frameworks */ = {isa = PBXBuildFile; fileRef = E4D34AD61969C58E000E7210 /* Accelerate.framework */; };
		E4D34ADC1969C7CB000E7210 /* CoreImage.framework in Frameworks */ = {isa = PBXBuildFile; fileRef = E4D34ADB1969C7CB000E7210 /* CoreImage.framework */; };
		E4D34ADD1969C7D2000E7210 /* QuartzCore.framework in Frameworks */ = {isa = PBXBuildFile; fileRef = E4D34AC31969C005000E7210 /* QuartzCore.framework */; };
		E4D34AE01969D6B0000E7210 /* JCRBlurView.m in Sources */ = {isa = PBXBuildFile; fileRef = E4D34ADF1969D6B0000E7210 /* JCRBlurView.m */; };
		E4D6DF7018931D7100F916D0 /* PhysicsParameters.m in Sources */ = {isa = PBXBuildFile; fileRef = E4D6DF6F18931D7100F916D0 /* PhysicsParameters.m */; };
		E4DCD3731874E6D20040643C /* Foundation.framework in Frameworks */ = {isa = PBXBuildFile; fileRef = E4DCD3721874E6D20040643C /* Foundation.framework */; };
		E4DCD3751874E6D20040643C /* CoreGraphics.framework in Frameworks */ = {isa = PBXBuildFile; fileRef = E4DCD3741874E6D20040643C /* CoreGraphics.framework */; };
		E4DCD3771874E6D20040643C /* UIKit.framework in Frameworks */ = {isa = PBXBuildFile; fileRef = E4DCD3761874E6D20040643C /* UIKit.framework */; };
		E4DCD3791874E6D20040643C /* SpriteKit.framework in Frameworks */ = {isa = PBXBuildFile; fileRef = E4DCD3781874E6D20040643C /* SpriteKit.framework */; };
		E4DCD37F1874E6D20040643C /* InfoPlist.strings in Resources */ = {isa = PBXBuildFile; fileRef = E4DCD37D1874E6D20040643C /* InfoPlist.strings */; };
		E4DCD3811874E6D20040643C /* main.m in Sources */ = {isa = PBXBuildFile; fileRef = E4DCD3801874E6D20040643C /* main.m */; };
		E4DCD3851874E6D20040643C /* AppDelegate.m in Sources */ = {isa = PBXBuildFile; fileRef = E4DCD3841874E6D20040643C /* AppDelegate.m */; };
		E4DCD3881874E6D20040643C /* Main.storyboard in Resources */ = {isa = PBXBuildFile; fileRef = E4DCD3861874E6D20040643C /* Main.storyboard */; };
		E4DCD38B1874E6D20040643C /* MenuViewController.m in Sources */ = {isa = PBXBuildFile; fileRef = E4DCD38A1874E6D20040643C /* MenuViewController.m */; };
		E4DCD38E1874E6D20040643C /* GamePlayScene.m in Sources */ = {isa = PBXBuildFile; fileRef = E4DCD38D1874E6D20040643C /* GamePlayScene.m */; };
		E4DCD3921874E6D20040643C /* Images.xcassets in Resources */ = {isa = PBXBuildFile; fileRef = E4DCD3911874E6D20040643C /* Images.xcassets */; };
		E4DCD3991874E6D20040643C /* XCTest.framework in Frameworks */ = {isa = PBXBuildFile; fileRef = E4DCD3981874E6D20040643C /* XCTest.framework */; };
		E4DCD39A1874E6D20040643C /* Foundation.framework in Frameworks */ = {isa = PBXBuildFile; fileRef = E4DCD3721874E6D20040643C /* Foundation.framework */; };
		E4DCD39B1874E6D20040643C /* UIKit.framework in Frameworks */ = {isa = PBXBuildFile; fileRef = E4DCD3761874E6D20040643C /* UIKit.framework */; };
		E4DCD3A31874E6D20040643C /* InfoPlist.strings in Resources */ = {isa = PBXBuildFile; fileRef = E4DCD3A11874E6D20040643C /* InfoPlist.strings */; };
		E4DCD3A51874E6D20040643C /* MonkeySwingTests.m in Sources */ = {isa = PBXBuildFile; fileRef = E4DCD3A41874E6D20040643C /* MonkeySwingTests.m */; };
		E4DCD3ED1874FD120040643C /* ParticleFire.sks in Resources */ = {isa = PBXBuildFile; fileRef = E4DCD3EB1874FD120040643C /* ParticleFire.sks */; };
		E4DCD3EE1874FD120040643C /* spark.png in Resources */ = {isa = PBXBuildFile; fileRef = E4DCD3EC1874FD120040643C /* spark.png */; };
		E4F23707193BA6C400850B61 /* Level2.csv in Resources */ = {isa = PBXBuildFile; fileRef = E4F23706193BA6C400850B61 /* Level2.csv */; };
/* End PBXBuildFile section */

/* Begin PBXContainerItemProxy section */
		E4DCD39C1874E6D20040643C /* PBXContainerItemProxy */ = {
			isa = PBXContainerItemProxy;
			containerPortal = E4DCD3671874E6D20040643C /* Project object */;
			proxyType = 1;
			remoteGlobalIDString = E4DCD36E1874E6D20040643C;
			remoteInfo = MonkeySwing;
		};
/* End PBXContainerItemProxy section */

/* Begin PBXFileReference section */
		E41BEA511976073300EA7801 /* MainMenuContentViewController.h */ = {isa = PBXFileReference; fileEncoding = 4; lastKnownFileType = sourcecode.c.h; path = MainMenuContentViewController.h; sourceTree = "<group>"; };
		E41BEA521976073300EA7801 /* MainMenuContentViewController.m */ = {isa = PBXFileReference; fileEncoding = 4; lastKnownFileType = sourcecode.c.objc; path = MainMenuContentViewController.m; sourceTree = "<group>"; };
		E423238C18ADA93E00F852A0 /* BonusPointsObject.h */ = {isa = PBXFileReference; fileEncoding = 4; lastKnownFileType = sourcecode.c.h; path = BonusPointsObject.h; sourceTree = "<group>"; };
		E423238D18ADA93E00F852A0 /* BonusPointsObject.m */ = {isa = PBXFileReference; fileEncoding = 4; lastKnownFileType = sourcecode.c.objc; path = BonusPointsObject.m; sourceTree = "<group>"; };
		E4271007189E230400007F33 /* libz.dylib */ = {isa = PBXFileReference; lastKnownFileType = "compiled.mach-o.dylib"; name = libz.dylib; path = usr/lib/libz.dylib; sourceTree = SDKROOT; };
		E43567BE190CB554002ED25D /* GameKitHelper.h */ = {isa = PBXFileReference; fileEncoding = 4; lastKnownFileType = sourcecode.c.h; path = GameKitHelper.h; sourceTree = "<group>"; };
		E43567BF190CB554002ED25D /* GameKitHelper.m */ = {isa = PBXFileReference; fileEncoding = 4; lastKnownFileType = sourcecode.c.objc; path = GameKitHelper.m; sourceTree = "<group>"; };
		E458D7D418BDAC1C005D8D03 /* Level1.csv */ = {isa = PBXFileReference; fileEncoding = 4; lastKnownFileType = text; path = Level1.csv; sourceTree = "<group>"; };
		E45C90941913442B00956737 /* GameCenterFriendData.h */ = {isa = PBXFileReference; fileEncoding = 4; lastKnownFileType = sourcecode.c.h; path = GameCenterFriendData.h; sourceTree = "<group>"; };
		E45C90951913442B00956737 /* GameCenterFriendData.m */ = {isa = PBXFileReference; fileEncoding = 4; lastKnownFileType = sourcecode.c.objc; path = GameCenterFriendData.m; sourceTree = "<group>"; };
		E468A281198B3831005D890F /* Level3SelectionScreen.png */ = {isa = PBXFileReference; lastKnownFileType = image.png; path = Level3SelectionScreen.png; sourceTree = "<group>"; };
		E468A282198B3831005D890F /* Level3SelectionScreen@2x.png */ = {isa = PBXFileReference; lastKnownFileType = image.png; path = "Level3SelectionScreen@2x.png"; sourceTree = "<group>"; };
		E4770F4C190F6636005E7200 /* GameKit.framework */ = {isa = PBXFileReference; lastKnownFileType = wrapper.framework; name = GameKit.framework; path = System/Library/Frameworks/GameKit.framework; sourceTree = SDKROOT; };
		E4794A1B19733C1C00CE739B /* LevelSelectionContentViewController.h */ = {isa = PBXFileReference; fileEncoding = 4; lastKnownFileType = sourcecode.c.h; path = LevelSelectionContentViewController.h; sourceTree = "<group>"; };
		E4794A1C19733C1C00CE739B /* LevelSelectionContentViewController.m */ = {isa = PBXFileReference; fileEncoding = 4; lastKnownFileType = sourcecode.c.objc; path = LevelSelectionContentViewController.m; sourceTree = "<group>"; };
		E4794A2119733CAD00CE739B /* Apple.png */ = {isa = PBXFileReference; lastKnownFileType = image.png; path = Apple.png; sourceTree = "<group>"; };
		E4794A2219733CAD00CE739B /* Apple@2x.png */ = {isa = PBXFileReference; lastKnownFileType = image.png; path = "Apple@2x.png"; sourceTree = "<group>"; };
		E4794A2319733CAD00CE739B /* Arrow.png */ = {isa = PBXFileReference; lastKnownFileType = image.png; path = Arrow.png; sourceTree = "<group>"; };
		E4794A2419733CAD00CE739B /* Arrow@2x.png */ = {isa = PBXFileReference; lastKnownFileType = image.png; path = "Arrow@2x.png"; sourceTree = "<group>"; };
		E4794A2519733CAD00CE739B /* Banana.png */ = {isa = PBXFileReference; lastKnownFileType = image.png; path = Banana.png; sourceTree = "<group>"; };
		E4794A2619733CAD00CE739B /* Banana@2x.png */ = {isa = PBXFileReference; lastKnownFileType = image.png; path = "Banana@2x.png"; sourceTree = "<group>"; };
		E4794A2719733CAD00CE739B /* ContinueButton.png */ = {isa = PBXFileReference; lastKnownFileType = image.png; path = ContinueButton.png; sourceTree = "<group>"; };
		E4794A2819733CAD00CE739B /* ContinueButton@2x.png */ = {isa = PBXFileReference; lastKnownFileType = image.png; path = "ContinueButton@2x.png"; sourceTree = "<group>"; };
		E4794A2919733CAD00CE739B /* DeadMonkeysButton.png */ = {isa = PBXFileReference; lastKnownFileType = image.png; path = DeadMonkeysButton.png; sourceTree = "<group>"; };
		E4794A2A19733CAD00CE739B /* DeadMonkeysButton@2x.png */ = {isa = PBXFileReference; lastKnownFileType = image.png; path = "DeadMonkeysButton@2x.png"; sourceTree = "<group>"; };
		E4794A2B19733CAD00CE739B /* FullLevel1.png */ = {isa = PBXFileReference; lastKnownFileType = image.png; path = FullLevel1.png; sourceTree = "<group>"; };
		E4794A2C19733CAD00CE739B /* FullLevel1@2x.png */ = {isa = PBXFileReference; lastKnownFileType = image.png; path = "FullLevel1@2x.png"; sourceTree = "<group>"; };
		E4794A2D19733CAD00CE739B /* FullLevel2.png */ = {isa = PBXFileReference; lastKnownFileType = image.png; path = FullLevel2.png; sourceTree = "<group>"; };
		E4794A2E19733CAD00CE739B /* FullLevel2@2x.png */ = {isa = PBXFileReference; lastKnownFileType = image.png; path = "FullLevel2@2x.png"; sourceTree = "<group>"; };
		E4794A2F19733CAD00CE739B /* GameOverByFireButton.png */ = {isa = PBXFileReference; lastKnownFileType = image.png; path = GameOverByFireButton.png; sourceTree = "<group>"; };
		E4794A3019733CAD00CE739B /* GameOverByFireButton@2x.png */ = {isa = PBXFileReference; lastKnownFileType = image.png; path = "GameOverByFireButton@2x.png"; sourceTree = "<group>"; };
		E4794A3119733CAD00CE739B /* HudBanana.png */ = {isa = PBXFileReference; lastKnownFileType = image.png; path = HudBanana.png; sourceTree = "<group>"; };
		E4794A3219733CAD00CE739B /* HudBanana@2x.png */ = {isa = PBXFileReference; lastKnownFileType = image.png; path = "HudBanana@2x.png"; sourceTree = "<group>"; };
		E4794A3319733CAD00CE739B /* HudFire.png */ = {isa = PBXFileReference; lastKnownFileType = image.png; path = HudFire.png; sourceTree = "<group>"; };
		E4794A3419733CAD00CE739B /* HudFire@2x.png */ = {isa = PBXFileReference; lastKnownFileType = image.png; path = "HudFire@2x.png"; sourceTree = "<group>"; };
		E4794A3519733CAD00CE739B /* Leaf1.png */ = {isa = PBXFileReference; lastKnownFileType = image.png; path = Leaf1.png; sourceTree = "<group>"; };
		E4794A3619733CAD00CE739B /* Leaf1@2x.png */ = {isa = PBXFileReference; lastKnownFileType = image.png; path = "Leaf1@2x.png"; sourceTree = "<group>"; };
		E4794A3719733CAD00CE739B /* Leaf2.png */ = {isa = PBXFileReference; lastKnownFileType = image.png; path = Leaf2.png; sourceTree = "<group>"; };
		E4794A3819733CAD00CE739B /* Leaf2@2x.png */ = {isa = PBXFileReference; lastKnownFileType = image.png; path = "Leaf2@2x.png"; sourceTree = "<group>"; };
		E4794A3919733CAD00CE739B /* Level1SelectionScreen.png */ = {isa = PBXFileReference; lastKnownFileType = image.png; path = Level1SelectionScreen.png; sourceTree = "<group>"; };
		E4794A3A19733CAD00CE739B /* Level1SelectionScreen@2x.png */ = {isa = PBXFileReference; lastKnownFileType = image.png; path = "Level1SelectionScreen@2x.png"; sourceTree = "<group>"; };
		E4794A3B19733CAD00CE739B /* Level2SelectionScreen.png */ = {isa = PBXFileReference; lastKnownFileType = image.png; path = Level2SelectionScreen.png; sourceTree = "<group>"; };
		E4794A3C19733CAD00CE739B /* Level2SelectionScreen@2x.png */ = {isa = PBXFileReference; lastKnownFileType = image.png; path = "Level2SelectionScreen@2x.png"; sourceTree = "<group>"; };
		E4794A3D19733CAD00CE739B /* LevelButton.png */ = {isa = PBXFileReference; lastKnownFileType = image.png; path = LevelButton.png; sourceTree = "<group>"; };
		E4794A3E19733CAD00CE739B /* LevelButton@2x.png */ = {isa = PBXFileReference; lastKnownFileType = image.png; path = "LevelButton@2x.png"; sourceTree = "<group>"; };
		E4794A3F19733CAD00CE739B /* MainMenuBackground.png */ = {isa = PBXFileReference; lastKnownFileType = image.png; path = MainMenuBackground.png; sourceTree = "<group>"; };
		E4794A4019733CAD00CE739B /* MainMenuBackground@2x.png */ = {isa = PBXFileReference; lastKnownFileType = image.png; path = "MainMenuBackground@2x.png"; sourceTree = "<group>"; };
		E4794A4119733CAD00CE739B /* MainMenuSettingsBackground.png */ = {isa = PBXFileReference; lastKnownFileType = image.png; path = MainMenuSettingsBackground.png; sourceTree = "<group>"; };
		E4794A4219733CAD00CE739B /* MainMenuSettingsBackground@2x.png */ = {isa = PBXFileReference; lastKnownFileType = image.png; path = "MainMenuSettingsBackground@2x.png"; sourceTree = "<group>"; };
		E4794A4319733CAD00CE739B /* MenuButton.png */ = {isa = PBXFileReference; lastKnownFileType = image.png; path = MenuButton.png; sourceTree = "<group>"; };
		E4794A4419733CAD00CE739B /* MenuButton@2x.png */ = {isa = PBXFileReference; lastKnownFileType = image.png; path = "MenuButton@2x.png"; sourceTree = "<group>"; };
		E4794A4519733CAD00CE739B /* Monkey.png */ = {isa = PBXFileReference; lastKnownFileType = image.png; path = Monkey.png; sourceTree = "<group>"; };
		E4794A4619733CAD00CE739B /* Monkey@2x.png */ = {isa = PBXFileReference; lastKnownFileType = image.png; path = "Monkey@2x.png"; sourceTree = "<group>"; };
		E4794A4719733CAD00CE739B /* MonkeyAngry.png */ = {isa = PBXFileReference; lastKnownFileType = image.png; path = MonkeyAngry.png; sourceTree = "<group>"; };
		E4794A4819733CAD00CE739B /* MonkeyAngry@2x.png */ = {isa = PBXFileReference; lastKnownFileType = image.png; path = "MonkeyAngry@2x.png"; sourceTree = "<group>"; };
		E4794A4919733CAD00CE739B /* MonkeyGearTail.png */ = {isa = PBXFileReference; lastKnownFileType = image.png; path = MonkeyGearTail.png; sourceTree = "<group>"; };
		E4794A4A19733CAD00CE739B /* MonkeyGearTail@2x.png */ = {isa = PBXFileReference; lastKnownFileType = image.png; path = "MonkeyGearTail@2x.png"; sourceTree = "<group>"; };
		E4794A4B19733CAD00CE739B /* NextLevelButton@2x.png */ = {isa = PBXFileReference; lastKnownFileType = image.png; path = "NextLevelButton@2x.png"; sourceTree = "<group>"; };
		E4794A4C19733CAD00CE739B /* NextLevelButtons.png */ = {isa = PBXFileReference; lastKnownFileType = image.png; path = NextLevelButtons.png; sourceTree = "<group>"; };
		E4794A4D19733CAD00CE739B /* PlayAgainButton.png */ = {isa = PBXFileReference; lastKnownFileType = image.png; path = PlayAgainButton.png; sourceTree = "<group>"; };
		E4794A4E19733CAD00CE739B /* PlayAgainButton@2x.png */ = {isa = PBXFileReference; lastKnownFileType = image.png; path = "PlayAgainButton@2x.png"; sourceTree = "<group>"; };
		E4794A4F19733CAD00CE739B /* ResetButton.png */ = {isa = PBXFileReference; lastKnownFileType = image.png; path = ResetButton.png; sourceTree = "<group>"; };
		E4794A5019733CAD00CE739B /* ResetButton@2x.png */ = {isa = PBXFileReference; lastKnownFileType = image.png; path = "ResetButton@2x.png"; sourceTree = "<group>"; };
		E4794A5119733CAD00CE739B /* RespawnButton.png */ = {isa = PBXFileReference; lastKnownFileType = image.png; path = RespawnButton.png; sourceTree = "<group>"; };
		E4794A5219733CAD00CE739B /* RespawnButton@2x.png */ = {isa = PBXFileReference; lastKnownFileType = image.png; path = "RespawnButton@2x.png"; sourceTree = "<group>"; };
		E4794A5319733CAD00CE739B /* Rope Segment.png */ = {isa = PBXFileReference; lastKnownFileType = image.png; path = "Rope Segment.png"; sourceTree = "<group>"; };
		E4794A5419733CAD00CE739B /* Rope Segment@2x.png */ = {isa = PBXFileReference; lastKnownFileType = image.png; path = "Rope Segment@2x.png"; sourceTree = "<group>"; };
		E4794A5519733CAD00CE739B /* Rope.png */ = {isa = PBXFileReference; lastKnownFileType = image.png; path = Rope.png; sourceTree = "<group>"; };
		E4794A5619733CAD00CE739B /* Rope@2x.png */ = {isa = PBXFileReference; lastKnownFileType = image.png; path = "Rope@2x.png"; sourceTree = "<group>"; };
		E4880C4C18B44DF700DBE7B2 /* LevelEndView.h */ = {isa = PBXFileReference; fileEncoding = 4; lastKnownFileType = sourcecode.c.h; path = LevelEndView.h; sourceTree = "<group>"; };
		E4880C4D18B44DF700DBE7B2 /* LevelEndView.m */ = {isa = PBXFileReference; fileEncoding = 4; lastKnownFileType = sourcecode.c.objc; path = LevelEndView.m; sourceTree = "<group>"; };
		E49F78AC1883598900BDA47C /* JPMButton.h */ = {isa = PBXFileReference; fileEncoding = 4; lastKnownFileType = sourcecode.c.h; path = JPMButton.h; sourceTree = "<group>"; };
		E49F78AD1883598900BDA47C /* JPMButton.m */ = {isa = PBXFileReference; fileEncoding = 4; lastKnownFileType = sourcecode.c.objc; path = JPMButton.m; sourceTree = "<group>"; };
		E4A5F8F218AC9977001B28B6 /* JPMLevelInterpreter.h */ = {isa = PBXFileReference; fileEncoding = 4; lastKnownFileType = sourcecode.c.h; path = JPMLevelInterpreter.h; sourceTree = "<group>"; };
		E4A5F8F318AC9977001B28B6 /* JPMLevelInterpreter.m */ = {isa = PBXFileReference; fileEncoding = 4; lastKnownFileType = sourcecode.c.objc; path = JPMLevelInterpreter.m; sourceTree = "<group>"; };
		E4A6C21019A8E6A600C65656 /* PlayButton.png */ = {isa = PBXFileReference; lastKnownFileType = image.png; path = PlayButton.png; sourceTree = "<group>"; };
		E4A6C21119A8E6A600C65656 /* PlayButton@2x.png */ = {isa = PBXFileReference; lastKnownFileType = image.png; path = "PlayButton@2x.png"; sourceTree = "<group>"; };
		E4B5B97A18DAB9B60092E231 /* PlayerLevelRunData.h */ = {isa = PBXFileReference; fileEncoding = 4; lastKnownFileType = sourcecode.c.h; path = PlayerLevelRunData.h; sourceTree = "<group>"; };
		E4B5B97B18DAB9B60092E231 /* PlayerLevelRunData.m */ = {isa = PBXFileReference; fileEncoding = 4; lastKnownFileType = sourcecode.c.objc; path = PlayerLevelRunData.m; sourceTree = "<group>"; };
		E4D34A9B1969AF94000E7210 /* Flux_Architect_Bold.ttf */ = {isa = PBXFileReference; lastKnownFileType = file; path = Flux_Architect_Bold.ttf; sourceTree = "<group>"; };
		E4D34A9C1969AF94000E7210 /* Flux_Architect_Regular.ttf */ = {isa = PBXFileReference; lastKnownFileType = file; path = Flux_Architect_Regular.ttf; sourceTree = "<group>"; };
		E4D34ABB1969BFE5000E7210 /* CoreMedia.framework */ = {isa = PBXFileReference; lastKnownFileType = wrapper.framework; name = CoreMedia.framework; path = System/Library/Frameworks/CoreMedia.framework; sourceTree = SDKROOT; };
		E4D34ABD1969BFED000E7210 /* CoreVideo.framework */ = {isa = PBXFileReference; lastKnownFileType = wrapper.framework; name = CoreVideo.framework; path = System/Library/Frameworks/CoreVideo.framework; sourceTree = SDKROOT; };
		E4D34ABF1969BFF4000E7210 /* OpenGLES.framework */ = {isa = PBXFileReference; lastKnownFileType = wrapper.framework; name = OpenGLES.framework; path = System/Library/Frameworks/OpenGLES.framework; sourceTree = SDKROOT; };
		E4D34AC11969BFFD000E7210 /* AVFoundation.framework */ = {isa = PBXFileReference; lastKnownFileType = wrapper.framework; name = AVFoundation.framework; path = System/Library/Frameworks/AVFoundation.framework; sourceTree = SDKROOT; };
		E4D34AC31969C005000E7210 /* QuartzCore.framework */ = {isa = PBXFileReference; lastKnownFileType = wrapper.framework; name = QuartzCore.framework; path = System/Library/Frameworks/QuartzCore.framework; sourceTree = SDKROOT; };
		E4D34AD61969C58E000E7210 /* Accelerate.framework */ = {isa = PBXFileReference; lastKnownFileType = wrapper.framework; name = Accelerate.framework; path = System/Library/Frameworks/Accelerate.framework; sourceTree = SDKROOT; };
		E4D34ADB1969C7CB000E7210 /* CoreImage.framework */ = {isa = PBXFileReference; lastKnownFileType = wrapper.framework; name = CoreImage.framework; path = System/Library/Frameworks/CoreImage.framework; sourceTree = SDKROOT; };
		E4D34ADE1969D6B0000E7210 /* JCRBlurView.h */ = {isa = PBXFileReference; fileEncoding = 4; lastKnownFileType = sourcecode.c.h; path = JCRBlurView.h; sourceTree = "<group>"; };
		E4D34ADF1969D6B0000E7210 /* JCRBlurView.m */ = {isa = PBXFileReference; fileEncoding = 4; lastKnownFileType = sourcecode.c.objc; path = JCRBlurView.m; sourceTree = "<group>"; };
		E4D6DF6E18931D7100F916D0 /* PhysicsParameters.h */ = {isa = PBXFileReference; fileEncoding = 4; lastKnownFileType = sourcecode.c.h; path = PhysicsParameters.h; sourceTree = "<group>"; };
		E4D6DF6F18931D7100F916D0 /* PhysicsParameters.m */ = {isa = PBXFileReference; fileEncoding = 4; lastKnownFileType = sourcecode.c.objc; path = PhysicsParameters.m; sourceTree = "<group>"; };
		E4DCD36F1874E6D20040643C /* MonkeySwing.app */ = {isa = PBXFileReference; explicitFileType = wrapper.application; includeInIndex = 0; path = MonkeySwing.app; sourceTree = BUILT_PRODUCTS_DIR; };
		E4DCD3721874E6D20040643C /* Foundation.framework */ = {isa = PBXFileReference; lastKnownFileType = wrapper.framework; name = Foundation.framework; path = System/Library/Frameworks/Foundation.framework; sourceTree = SDKROOT; };
		E4DCD3741874E6D20040643C /* CoreGraphics.framework */ = {isa = PBXFileReference; lastKnownFileType = wrapper.framework; name = CoreGraphics.framework; path = System/Library/Frameworks/CoreGraphics.framework; sourceTree = SDKROOT; };
		E4DCD3761874E6D20040643C /* UIKit.framework */ = {isa = PBXFileReference; lastKnownFileType = wrapper.framework; name = UIKit.framework; path = System/Library/Frameworks/UIKit.framework; sourceTree = SDKROOT; };
		E4DCD3781874E6D20040643C /* SpriteKit.framework */ = {isa = PBXFileReference; lastKnownFileType = wrapper.framework; name = SpriteKit.framework; path = System/Library/Frameworks/SpriteKit.framework; sourceTree = SDKROOT; };
		E4DCD37C1874E6D20040643C /* MonkeySwing-Info.plist */ = {isa = PBXFileReference; lastKnownFileType = text.plist.xml; path = "MonkeySwing-Info.plist"; sourceTree = "<group>"; };
		E4DCD37E1874E6D20040643C /* en */ = {isa = PBXFileReference; lastKnownFileType = text.plist.strings; name = en; path = en.lproj/InfoPlist.strings; sourceTree = "<group>"; };
		E4DCD3801874E6D20040643C /* main.m */ = {isa = PBXFileReference; lastKnownFileType = sourcecode.c.objc; path = main.m; sourceTree = "<group>"; };
		E4DCD3821874E6D20040643C /* MonkeySwing-Prefix.pch */ = {isa = PBXFileReference; lastKnownFileType = sourcecode.c.h; path = "MonkeySwing-Prefix.pch"; sourceTree = "<group>"; };
		E4DCD3831874E6D20040643C /* AppDelegate.h */ = {isa = PBXFileReference; lastKnownFileType = sourcecode.c.h; path = AppDelegate.h; sourceTree = "<group>"; };
		E4DCD3841874E6D20040643C /* AppDelegate.m */ = {isa = PBXFileReference; lastKnownFileType = sourcecode.c.objc; path = AppDelegate.m; sourceTree = "<group>"; };
		E4DCD3871874E6D20040643C /* Base */ = {isa = PBXFileReference; lastKnownFileType = file.storyboard; name = Base; path = Base.lproj/Main.storyboard; sourceTree = "<group>"; };
		E4DCD3891874E6D20040643C /* MenuViewController.h */ = {isa = PBXFileReference; lastKnownFileType = sourcecode.c.h; path = MenuViewController.h; sourceTree = "<group>"; };
		E4DCD38A1874E6D20040643C /* MenuViewController.m */ = {isa = PBXFileReference; lastKnownFileType = sourcecode.c.objc; path = MenuViewController.m; sourceTree = "<group>"; };
		E4DCD38C1874E6D20040643C /* GamePlayScene.h */ = {isa = PBXFileReference; lastKnownFileType = sourcecode.c.h; path = GamePlayScene.h; sourceTree = "<group>"; };
		E4DCD38D1874E6D20040643C /* GamePlayScene.m */ = {isa = PBXFileReference; lastKnownFileType = sourcecode.c.objc; path = GamePlayScene.m; sourceTree = "<group>"; };
		E4DCD3911874E6D20040643C /* Images.xcassets */ = {isa = PBXFileReference; lastKnownFileType = folder.assetcatalog; path = Images.xcassets; sourceTree = "<group>"; };
		E4DCD3971874E6D20040643C /* MonkeySwingTests.xctest */ = {isa = PBXFileReference; explicitFileType = wrapper.cfbundle; includeInIndex = 0; path = MonkeySwingTests.xctest; sourceTree = BUILT_PRODUCTS_DIR; };
		E4DCD3981874E6D20040643C /* XCTest.framework */ = {isa = PBXFileReference; lastKnownFileType = wrapper.framework; name = XCTest.framework; path = Library/Frameworks/XCTest.framework; sourceTree = DEVELOPER_DIR; };
		E4DCD3A01874E6D20040643C /* MonkeySwingTests-Info.plist */ = {isa = PBXFileReference; lastKnownFileType = text.plist.xml; path = "MonkeySwingTests-Info.plist"; sourceTree = "<group>"; };
		E4DCD3A21874E6D20040643C /* en */ = {isa = PBXFileReference; lastKnownFileType = text.plist.strings; name = en; path = en.lproj/InfoPlist.strings; sourceTree = "<group>"; };
		E4DCD3A41874E6D20040643C /* MonkeySwingTests.m */ = {isa = PBXFileReference; lastKnownFileType = sourcecode.c.objc; path = MonkeySwingTests.m; sourceTree = "<group>"; };
		E4DCD3EB1874FD120040643C /* ParticleFire.sks */ = {isa = PBXFileReference; lastKnownFileType = file.sks; path = ParticleFire.sks; sourceTree = "<group>"; };
		E4DCD3EC1874FD120040643C /* spark.png */ = {isa = PBXFileReference; lastKnownFileType = image.png; path = spark.png; sourceTree = "<group>"; };
		E4F23706193BA6C400850B61 /* Level2.csv */ = {isa = PBXFileReference; fileEncoding = 4; lastKnownFileType = text; path = Level2.csv; sourceTree = "<group>"; };
/* End PBXFileReference section */

/* Begin PBXFrameworksBuildPhase section */
		E4DCD36C1874E6D20040643C /* Frameworks */ = {
			isa = PBXFrameworksBuildPhase;
			buildActionMask = 2147483647;
			files = (
				E4D34ADD1969C7D2000E7210 /* QuartzCore.framework in Frameworks */,
				E4D34ADC1969C7CB000E7210 /* CoreImage.framework in Frameworks */,
				E4D34AD71969C58E000E7210 /* Accelerate.framework in Frameworks */,
				E4D34AC21969BFFD000E7210 /* AVFoundation.framework in Frameworks */,
				E46317B618A5FEE600E911E6 /* libz.dylib in Frameworks */,
				E4DCD3751874E6D20040643C /* CoreGraphics.framework in Frameworks */,
				E4DCD3771874E6D20040643C /* UIKit.framework in Frameworks */,
				E4770F4D190F6636005E7200 /* GameKit.framework in Frameworks */,
				E4DCD3791874E6D20040643C /* SpriteKit.framework in Frameworks */,
				E4DCD3731874E6D20040643C /* Foundation.framework in Frameworks */,
			);
			runOnlyForDeploymentPostprocessing = 0;
		};
		E4DCD3941874E6D20040643C /* Frameworks */ = {
			isa = PBXFrameworksBuildPhase;
			buildActionMask = 2147483647;
			files = (
				E4DCD3991874E6D20040643C /* XCTest.framework in Frameworks */,
				E4DCD39B1874E6D20040643C /* UIKit.framework in Frameworks */,
				E4DCD39A1874E6D20040643C /* Foundation.framework in Frameworks */,
			);
			runOnlyForDeploymentPostprocessing = 0;
		};
/* End PBXFrameworksBuildPhase section */

/* Begin PBXGroup section */
		E43567BD190CB521002ED25D /* GameKit */ = {
			isa = PBXGroup;
			children = (
				E43567BE190CB554002ED25D /* GameKitHelper.h */,
				E43567BF190CB554002ED25D /* GameKitHelper.m */,
				E45C90941913442B00956737 /* GameCenterFriendData.h */,
				E45C90951913442B00956737 /* GameCenterFriendData.m */,
			);
			name = GameKit;
			sourceTree = "<group>";
		};
		E4794A2019733CAD00CE739B /* Assets */ = {
			isa = PBXGroup;
			children = (
				E4794A2119733CAD00CE739B /* Apple.png */,
				E4794A2219733CAD00CE739B /* Apple@2x.png */,
				E4794A2319733CAD00CE739B /* Arrow.png */,
				E4794A2419733CAD00CE739B /* Arrow@2x.png */,
				E4794A2519733CAD00CE739B /* Banana.png */,
				E4794A2619733CAD00CE739B /* Banana@2x.png */,
				E4794A2719733CAD00CE739B /* ContinueButton.png */,
				E4794A2819733CAD00CE739B /* ContinueButton@2x.png */,
				E4794A2919733CAD00CE739B /* DeadMonkeysButton.png */,
				E4794A2A19733CAD00CE739B /* DeadMonkeysButton@2x.png */,
				E4794A2B19733CAD00CE739B /* FullLevel1.png */,
				E4794A2C19733CAD00CE739B /* FullLevel1@2x.png */,
				E4794A2D19733CAD00CE739B /* FullLevel2.png */,
				E4794A2E19733CAD00CE739B /* FullLevel2@2x.png */,
				E4794A2F19733CAD00CE739B /* GameOverByFireButton.png */,
				E4794A3019733CAD00CE739B /* GameOverByFireButton@2x.png */,
				E4794A3119733CAD00CE739B /* HudBanana.png */,
				E4794A3219733CAD00CE739B /* HudBanana@2x.png */,
				E4794A3319733CAD00CE739B /* HudFire.png */,
				E4794A3419733CAD00CE739B /* HudFire@2x.png */,
				E4794A3519733CAD00CE739B /* Leaf1.png */,
				E4794A3619733CAD00CE739B /* Leaf1@2x.png */,
				E4794A3719733CAD00CE739B /* Leaf2.png */,
				E4794A3819733CAD00CE739B /* Leaf2@2x.png */,
				E4794A3919733CAD00CE739B /* Level1SelectionScreen.png */,
				E4794A3A19733CAD00CE739B /* Level1SelectionScreen@2x.png */,
				E4794A3B19733CAD00CE739B /* Level2SelectionScreen.png */,
				E4794A3C19733CAD00CE739B /* Level2SelectionScreen@2x.png */,
				E468A281198B3831005D890F /* Level3SelectionScreen.png */,
				E468A282198B3831005D890F /* Level3SelectionScreen@2x.png */,
				E4794A3D19733CAD00CE739B /* LevelButton.png */,
				E4794A3E19733CAD00CE739B /* LevelButton@2x.png */,
				E4794A3F19733CAD00CE739B /* MainMenuBackground.png */,
				E4794A4019733CAD00CE739B /* MainMenuBackground@2x.png */,
				E4794A4119733CAD00CE739B /* MainMenuSettingsBackground.png */,
				E4794A4219733CAD00CE739B /* MainMenuSettingsBackground@2x.png */,
				E4794A4319733CAD00CE739B /* MenuButton.png */,
				E4794A4419733CAD00CE739B /* MenuButton@2x.png */,
				E4794A4519733CAD00CE739B /* Monkey.png */,
				E4794A4619733CAD00CE739B /* Monkey@2x.png */,
				E4794A4719733CAD00CE739B /* MonkeyAngry.png */,
				E4794A4819733CAD00CE739B /* MonkeyAngry@2x.png */,
				E4794A4919733CAD00CE739B /* MonkeyGearTail.png */,
				E4794A4A19733CAD00CE739B /* MonkeyGearTail@2x.png */,
				E4794A4B19733CAD00CE739B /* NextLevelButton@2x.png */,
				E4794A4C19733CAD00CE739B /* NextLevelButtons.png */,
				E4794A4D19733CAD00CE739B /* PlayAgainButton.png */,
				E4794A4E19733CAD00CE739B /* PlayAgainButton@2x.png */,
				E4A6C21019A8E6A600C65656 /* PlayButton.png */,
				E4A6C21119A8E6A600C65656 /* PlayButton@2x.png */,
				E4794A4F19733CAD00CE739B /* ResetButton.png */,
				E4794A5019733CAD00CE739B /* ResetButton@2x.png */,
				E4794A5119733CAD00CE739B /* RespawnButton.png */,
				E4794A5219733CAD00CE739B /* RespawnButton@2x.png */,
				E4794A5319733CAD00CE739B /* Rope Segment.png */,
				E4794A5419733CAD00CE739B /* Rope Segment@2x.png */,
				E4794A5519733CAD00CE739B /* Rope.png */,
				E4794A5619733CAD00CE739B /* Rope@2x.png */,
			);
			path = Assets;
			sourceTree = "<group>";
		};
		E4A5F8F518ACA646001B28B6 /* Levels */ = {
			isa = PBXGroup;
			children = (
				E458D7D418BDAC1C005D8D03 /* Level1.csv */,
				E4F23706193BA6C400850B61 /* Level2.csv */,
				E4A5F8F218AC9977001B28B6 /* JPMLevelInterpreter.h */,
				E4A5F8F318AC9977001B28B6 /* JPMLevelInterpreter.m */,
			);
			name = Levels;
			sourceTree = "<group>";
		};
		E4A7CF9318767527009CD28B /* Standard Apple Stuff */ = {
			isa = PBXGroup;
			children = (
				E4DCD3911874E6D20040643C /* Images.xcassets */,
				E4DCD3831874E6D20040643C /* AppDelegate.h */,
				E4DCD3841874E6D20040643C /* AppDelegate.m */,
			);
			name = "Standard Apple Stuff";
			sourceTree = "<group>";
		};
		E4B169EA1905D0E4004657EB /* Fonts */ = {
			isa = PBXGroup;
			children = (
				E4D34A9B1969AF94000E7210 /* Flux_Architect_Bold.ttf */,
				E4D34A9C1969AF94000E7210 /* Flux_Architect_Regular.ttf */,
			);
			name = Fonts;
			sourceTree = "<group>";
		};
		E4D34AAA1969BADC000E7210 /* Image Blur */ = {
			isa = PBXGroup;
			children = (
				E4D34ADE1969D6B0000E7210 /* JCRBlurView.h */,
				E4D34ADF1969D6B0000E7210 /* JCRBlurView.m */,
			);
			name = "Image Blur";
			sourceTree = "<group>";
		};
		E4DCD3661874E6D20040643C = {
			isa = PBXGroup;
			children = (
				E4DCD37A1874E6D20040643C /* MonkeySwing */,
				E4DCD39E1874E6D20040643C /* MonkeySwingTests */,
				E4DCD3711874E6D20040643C /* Frameworks */,
				E4DCD3701874E6D20040643C /* Products */,
			);
			sourceTree = "<group>";
		};
		E4DCD3701874E6D20040643C /* Products */ = {
			isa = PBXGroup;
			children = (
				E4DCD36F1874E6D20040643C /* MonkeySwing.app */,
				E4DCD3971874E6D20040643C /* MonkeySwingTests.xctest */,
			);
			name = Products;
			sourceTree = "<group>";
		};
		E4DCD3711874E6D20040643C /* Frameworks */ = {
			isa = PBXGroup;
			children = (
				E4D34ADB1969C7CB000E7210 /* CoreImage.framework */,
				E4D34AD61969C58E000E7210 /* Accelerate.framework */,
				E4D34AC31969C005000E7210 /* QuartzCore.framework */,
				E4D34AC11969BFFD000E7210 /* AVFoundation.framework */,
				E4D34ABF1969BFF4000E7210 /* OpenGLES.framework */,
				E4D34ABD1969BFED000E7210 /* CoreVideo.framework */,
				E4D34ABB1969BFE5000E7210 /* CoreMedia.framework */,
				E4770F4C190F6636005E7200 /* GameKit.framework */,
				E4271007189E230400007F33 /* libz.dylib */,
				E4DCD3721874E6D20040643C /* Foundation.framework */,
				E4DCD3741874E6D20040643C /* CoreGraphics.framework */,
				E4DCD3761874E6D20040643C /* UIKit.framework */,
				E4DCD3781874E6D20040643C /* SpriteKit.framework */,
				E4DCD3981874E6D20040643C /* XCTest.framework */,
			);
			name = Frameworks;
			sourceTree = "<group>";
		};
		E4DCD37A1874E6D20040643C /* MonkeySwing */ = {
			isa = PBXGroup;
			children = (
				E4DCD3861874E6D20040643C /* Main.storyboard */,
				E4DCD3891874E6D20040643C /* MenuViewController.h */,
				E4DCD38A1874E6D20040643C /* MenuViewController.m */,
				E41BEA511976073300EA7801 /* MainMenuContentViewController.h */,
				E41BEA521976073300EA7801 /* MainMenuContentViewController.m */,
				E4794A1B19733C1C00CE739B /* LevelSelectionContentViewController.h */,
				E4794A1C19733C1C00CE739B /* LevelSelectionContentViewController.m */,
				E4DCD38C1874E6D20040643C /* GamePlayScene.h */,
				E4DCD38D1874E6D20040643C /* GamePlayScene.m */,
				E4880C4C18B44DF700DBE7B2 /* LevelEndView.h */,
				E4880C4D18B44DF700DBE7B2 /* LevelEndView.m */,
				E4B5B97A18DAB9B60092E231 /* PlayerLevelRunData.h */,
				E4B5B97B18DAB9B60092E231 /* PlayerLevelRunData.m */,
				E49F78AC1883598900BDA47C /* JPMButton.h */,
				E49F78AD1883598900BDA47C /* JPMButton.m */,
				E4D6DF6E18931D7100F916D0 /* PhysicsParameters.h */,
				E4D6DF6F18931D7100F916D0 /* PhysicsParameters.m */,
				E423238C18ADA93E00F852A0 /* BonusPointsObject.h */,
				E423238D18ADA93E00F852A0 /* BonusPointsObject.m */,
				E4D34AAA1969BADC000E7210 /* Image Blur */,
				E43567BD190CB521002ED25D /* GameKit */,
				E4A5F8F518ACA646001B28B6 /* Levels */,
				E4DCD37B1874E6D20040643C /* Supporting Files */,
				E4A7CF9318767527009CD28B /* Standard Apple Stuff */,
			);
			path = MonkeySwing;
			sourceTree = "<group>";
		};
		E4DCD37B1874E6D20040643C /* Supporting Files */ = {
			isa = PBXGroup;
			children = (
				E4794A2019733CAD00CE739B /* Assets */,
				E4B169EA1905D0E4004657EB /* Fonts */,
				E4DCD37C1874E6D20040643C /* MonkeySwing-Info.plist */,
				E4DCD37D1874E6D20040643C /* InfoPlist.strings */,
				E4DCD3801874E6D20040643C /* main.m */,
				E4DCD3821874E6D20040643C /* MonkeySwing-Prefix.pch */,
				E4DCD3EB1874FD120040643C /* ParticleFire.sks */,
				E4DCD3EC1874FD120040643C /* spark.png */,
			);
			name = "Supporting Files";
			sourceTree = "<group>";
		};
		E4DCD39E1874E6D20040643C /* MonkeySwingTests */ = {
			isa = PBXGroup;
			children = (
				E4DCD3A41874E6D20040643C /* MonkeySwingTests.m */,
				E4DCD39F1874E6D20040643C /* Supporting Files */,
			);
			path = MonkeySwingTests;
			sourceTree = "<group>";
		};
		E4DCD39F1874E6D20040643C /* Supporting Files */ = {
			isa = PBXGroup;
			children = (
				E4DCD3A01874E6D20040643C /* MonkeySwingTests-Info.plist */,
				E4DCD3A11874E6D20040643C /* InfoPlist.strings */,
			);
			name = "Supporting Files";
			sourceTree = "<group>";
		};
/* End PBXGroup section */

/* Begin PBXNativeTarget section */
		E4DCD36E1874E6D20040643C /* MonkeySwing */ = {
			isa = PBXNativeTarget;
			buildConfigurationList = E4DCD3A81874E6D20040643C /* Build configuration list for PBXNativeTarget "MonkeySwing" */;
			buildPhases = (
				E4DCD36B1874E6D20040643C /* Sources */,
				E4DCD36C1874E6D20040643C /* Frameworks */,
				E4DCD36D1874E6D20040643C /* Resources */,
			);
			buildRules = (
			);
			dependencies = (
			);
			name = MonkeySwing;
			productName = MonkeySwing;
			productReference = E4DCD36F1874E6D20040643C /* MonkeySwing.app */;
			productType = "com.apple.product-type.application";
		};
		E4DCD3961874E6D20040643C /* MonkeySwingTests */ = {
			isa = PBXNativeTarget;
			buildConfigurationList = E4DCD3AB1874E6D20040643C /* Build configuration list for PBXNativeTarget "MonkeySwingTests" */;
			buildPhases = (
				E4DCD3931874E6D20040643C /* Sources */,
				E4DCD3941874E6D20040643C /* Frameworks */,
				E4DCD3951874E6D20040643C /* Resources */,
			);
			buildRules = (
			);
			dependencies = (
				E4DCD39D1874E6D20040643C /* PBXTargetDependency */,
			);
			name = MonkeySwingTests;
			productName = MonkeySwingTests;
			productReference = E4DCD3971874E6D20040643C /* MonkeySwingTests.xctest */;
			productType = "com.apple.product-type.bundle.unit-test";
		};
/* End PBXNativeTarget section */

/* Begin PBXProject section */
		E4DCD3671874E6D20040643C /* Project object */ = {
			isa = PBXProject;
			attributes = {
				LastUpgradeCheck = 0510;
				ORGANIZATIONNAME = "James Paul Mason";
				TargetAttributes = {
					E4DCD36E1874E6D20040643C = {
						DevelopmentTeam = Y3EC579VUK;
						SystemCapabilities = {
							com.apple.GameCenter = {
								enabled = 1;
							};
						};
					};
					E4DCD3961874E6D20040643C = {
						TestTargetID = E4DCD36E1874E6D20040643C;
					};
				};
			};
			buildConfigurationList = E4DCD36A1874E6D20040643C /* Build configuration list for PBXProject "MonkeySwing" */;
			compatibilityVersion = "Xcode 3.2";
			developmentRegion = English;
			hasScannedForEncodings = 0;
			knownRegions = (
				en,
				Base,
			);
			mainGroup = E4DCD3661874E6D20040643C;
			productRefGroup = E4DCD3701874E6D20040643C /* Products */;
			projectDirPath = "";
			projectRoot = "";
			targets = (
				E4DCD36E1874E6D20040643C /* MonkeySwing */,
				E4DCD3961874E6D20040643C /* MonkeySwingTests */,
			);
		};
/* End PBXProject section */

/* Begin PBXResourcesBuildPhase section */
		E4DCD36D1874E6D20040643C /* Resources */ = {
			isa = PBXResourcesBuildPhase;
			buildActionMask = 2147483647;
			files = (
				E4DCD37F1874E6D20040643C /* InfoPlist.strings in Resources */,
				E4794A6019733CAD00CE739B /* DeadMonkeysButton@2x.png in Resources */,
				E4794A6919733CAD00CE739B /* HudFire.png in Resources */,
				E4794A8419733CAD00CE739B /* PlayAgainButton@2x.png in Resources */,
				E4794A5819733CAD00CE739B /* Apple@2x.png in Resources */,
				E4794A6419733CAD00CE739B /* FullLevel2@2x.png in Resources */,
				E4DCD3921874E6D20040643C /* Images.xcassets in Resources */,
				E4D34A9D1969AF94000E7210 /* Flux_Architect_Bold.ttf in Resources */,
				E4794A8319733CAD00CE739B /* PlayAgainButton.png in Resources */,
				E4794A7719733CAD00CE739B /* MainMenuSettingsBackground.png in Resources */,
				E4794A5D19733CAD00CE739B /* ContinueButton.png in Resources */,
				E4794A5A19733CAD00CE739B /* Arrow@2x.png in Resources */,
				E4DCD3881874E6D20040643C /* Main.storyboard in Resources */,
				E4794A5919733CAD00CE739B /* Arrow.png in Resources */,
				E4794A6E19733CAD00CE739B /* Leaf2@2x.png in Resources */,
				E4A6C21219A8E6A600C65656 /* PlayButton.png in Resources */,
				E4794A5B19733CAD00CE739B /* Banana.png in Resources */,
				E4794A7E19733CAD00CE739B /* MonkeyAngry@2x.png in Resources */,
				E4794A5719733CAD00CE739B /* Apple.png in Resources */,
				E4DCD3ED1874FD120040643C /* ParticleFire.sks in Resources */,
				E468A283198B3831005D890F /* Level3SelectionScreen.png in Resources */,
				E4794A6819733CAD00CE739B /* HudBanana@2x.png in Resources */,
				E4794A7019733CAD00CE739B /* Level1SelectionScreen@2x.png in Resources */,
				E4794A8819733CAD00CE739B /* RespawnButton@2x.png in Resources */,
				E4794A8219733CAD00CE739B /* NextLevelButtons.png in Resources */,
				E4F23707193BA6C400850B61 /* Level2.csv in Resources */,
				E4794A8C19733CAD00CE739B /* Rope@2x.png in Resources */,
				E4794A6A19733CAD00CE739B /* HudFire@2x.png in Resources */,
				E4794A7F19733CAD00CE739B /* MonkeyGearTail.png in Resources */,
				E4794A7919733CAD00CE739B /* MenuButton.png in Resources */,
				E4794A7819733CAD00CE739B /* MainMenuSettingsBackground@2x.png in Resources */,
				E4794A7119733CAD00CE739B /* Level2SelectionScreen.png in Resources */,
				E4794A7419733CAD00CE739B /* LevelButton@2x.png in Resources */,
				E4A6C21319A8E6A600C65656 /* PlayButton@2x.png in Resources */,
				E4794A8919733CAD00CE739B /* Rope Segment.png in Resources */,
				E4DCD3EE1874FD120040643C /* spark.png in Resources */,
				E4794A8019733CAD00CE739B /* MonkeyGearTail@2x.png in Resources */,
				E458D7D518BDAC1C005D8D03 /* Level1.csv in Resources */,
				E4794A6519733CAD00CE739B /* GameOverByFireButton.png in Resources */,
				E4794A7B19733CAD00CE739B /* Monkey.png in Resources */,
				E4794A6719733CAD00CE739B /* HudBanana.png in Resources */,
				E4794A6219733CAD00CE739B /* FullLevel1@2x.png in Resources */,
				E4794A6119733CAD00CE739B /* FullLevel1.png in Resources */,
				E4794A6319733CAD00CE739B /* FullLevel2.png in Resources */,
				E4794A6619733CAD00CE739B /* GameOverByFireButton@2x.png in Resources */,
				E4794A5F19733CAD00CE739B /* DeadMonkeysButton.png in Resources */,
				E4D34A9E1969AF94000E7210 /* Flux_Architect_Regular.ttf in Resources */,
				E4794A7519733CAD00CE739B /* MainMenuBackground.png in Resources */,
				E4794A7C19733CAD00CE739B /* Monkey@2x.png in Resources */,
				E4794A7319733CAD00CE739B /* LevelButton.png in Resources */,
				E4794A7619733CAD00CE739B /* MainMenuBackground@2x.png in Resources */,
				E4794A8119733CAD00CE739B /* NextLevelButton@2x.png in Resources */,
				E4794A7219733CAD00CE739B /* Level2SelectionScreen@2x.png in Resources */,
				E4794A8B19733CAD00CE739B /* Rope.png in Resources */,
				E4794A6B19733CAD00CE739B /* Leaf1.png in Resources */,
				E4794A5C19733CAD00CE739B /* Banana@2x.png in Resources */,
				E4794A6C19733CAD00CE739B /* Leaf1@2x.png in Resources */,
				E4794A5E19733CAD00CE739B /* ContinueButton@2x.png in Resources */,
				E4794A8619733CAD00CE739B /* ResetButton@2x.png in Resources */,
				E4794A8A19733CAD00CE739B /* Rope Segment@2x.png in Resources */,
				E4794A6D19733CAD00CE739B /* Leaf2.png in Resources */,
				E468A284198B3831005D890F /* Level3SelectionScreen@2x.png in Resources */,
				E4794A8719733CAD00CE739B /* RespawnButton.png in Resources */,
				E4794A8519733CAD00CE739B /* ResetButton.png in Resources */,
				E4794A6F19733CAD00CE739B /* Level1SelectionScreen.png in Resources */,
				E4794A7A19733CAD00CE739B /* MenuButton@2x.png in Resources */,
				E4794A7D19733CAD00CE739B /* MonkeyAngry.png in Resources */,
			);
			runOnlyForDeploymentPostprocessing = 0;
		};
		E4DCD3951874E6D20040643C /* Resources */ = {
			isa = PBXResourcesBuildPhase;
			buildActionMask = 2147483647;
			files = (
				E4DCD3A31874E6D20040643C /* InfoPlist.strings in Resources */,
			);
			runOnlyForDeploymentPostprocessing = 0;
		};
/* End PBXResourcesBuildPhase section */

/* Begin PBXSourcesBuildPhase section */
		E4DCD36B1874E6D20040643C /* Sources */ = {
			isa = PBXSourcesBuildPhase;
			buildActionMask = 2147483647;
			files = (
				E43567C0190CB554002ED25D /* GameKitHelper.m in Sources */,
				E45C90961913442B00956737 /* GameCenterFriendData.m in Sources */,
				E49F78AE1883598900BDA47C /* JPMButton.m in Sources */,
				E423238E18ADA93E00F852A0 /* BonusPointsObject.m in Sources */,
				E4880C4E18B44DF700DBE7B2 /* LevelEndView.m in Sources */,
				E4DCD38E1874E6D20040643C /* GamePlayScene.m in Sources */,
				E4B5B97C18DAB9B60092E231 /* PlayerLevelRunData.m in Sources */,
				E4DCD38B1874E6D20040643C /* MenuViewController.m in Sources */,
				E4A5F8F418AC9977001B28B6 /* JPMLevelInterpreter.m in Sources */,
				E4D34AE01969D6B0000E7210 /* JCRBlurView.m in Sources */,
				E41BEA531976073300EA7801 /* MainMenuContentViewController.m in Sources */,
				E4DCD3851874E6D20040643C /* AppDelegate.m in Sources */,
				E4794A1E19733C1C00CE739B /* LevelSelectionContentViewController.m in Sources */,
				E4DCD3811874E6D20040643C /* main.m in Sources */,
				E4D6DF7018931D7100F916D0 /* PhysicsParameters.m in Sources */,
			);
			runOnlyForDeploymentPostprocessing = 0;
		};
		E4DCD3931874E6D20040643C /* Sources */ = {
			isa = PBXSourcesBuildPhase;
			buildActionMask = 2147483647;
			files = (
				E4DCD3A51874E6D20040643C /* MonkeySwingTests.m in Sources */,
			);
			runOnlyForDeploymentPostprocessing = 0;
		};
/* End PBXSourcesBuildPhase section */

/* Begin PBXTargetDependency section */
		E4DCD39D1874E6D20040643C /* PBXTargetDependency */ = {
			isa = PBXTargetDependency;
			target = E4DCD36E1874E6D20040643C /* MonkeySwing */;
			targetProxy = E4DCD39C1874E6D20040643C /* PBXContainerItemProxy */;
		};
/* End PBXTargetDependency section */

/* Begin PBXVariantGroup section */
		E4DCD37D1874E6D20040643C /* InfoPlist.strings */ = {
			isa = PBXVariantGroup;
			children = (
				E4DCD37E1874E6D20040643C /* en */,
			);
			name = InfoPlist.strings;
			sourceTree = "<group>";
		};
		E4DCD3861874E6D20040643C /* Main.storyboard */ = {
			isa = PBXVariantGroup;
			children = (
				E4DCD3871874E6D20040643C /* Base */,
			);
			name = Main.storyboard;
			sourceTree = "<group>";
		};
		E4DCD3A11874E6D20040643C /* InfoPlist.strings */ = {
			isa = PBXVariantGroup;
			children = (
				E4DCD3A21874E6D20040643C /* en */,
			);
			name = InfoPlist.strings;
			sourceTree = "<group>";
		};
/* End PBXVariantGroup section */

/* Begin XCBuildConfiguration section */
		E4DCD3A61874E6D20040643C /* Debug */ = {
			isa = XCBuildConfiguration;
			buildSettings = {
				ALWAYS_SEARCH_USER_PATHS = NO;
				CLANG_CXX_LANGUAGE_STANDARD = "gnu++0x";
				CLANG_CXX_LIBRARY = "libc++";
				CLANG_ENABLE_MODULES = YES;
				CLANG_ENABLE_OBJC_ARC = YES;
				CLANG_WARN_BOOL_CONVERSION = YES;
				CLANG_WARN_CONSTANT_CONVERSION = YES;
				CLANG_WARN_DIRECT_OBJC_ISA_USAGE = YES_ERROR;
				CLANG_WARN_EMPTY_BODY = YES;
				CLANG_WARN_ENUM_CONVERSION = YES;
				CLANG_WARN_INT_CONVERSION = YES;
				CLANG_WARN_OBJC_ROOT_CLASS = YES_ERROR;
				CLANG_WARN__DUPLICATE_METHOD_MATCH = YES;
				"CODE_SIGN_IDENTITY[sdk=iphoneos*]" = "iPhone Developer";
				COPY_PHASE_STRIP = NO;
				GCC_C_LANGUAGE_STANDARD = gnu99;
				GCC_DYNAMIC_NO_PIC = NO;
				GCC_OPTIMIZATION_LEVEL = 0;
				GCC_PREPROCESSOR_DEFINITIONS = (
					"DEBUG=1",
					"$(inherited)",
				);
				GCC_SYMBOLS_PRIVATE_EXTERN = NO;
				GCC_WARN_64_TO_32_BIT_CONVERSION = YES;
				GCC_WARN_ABOUT_RETURN_TYPE = YES_ERROR;
				GCC_WARN_UNDECLARED_SELECTOR = YES;
				GCC_WARN_UNINITIALIZED_AUTOS = YES;
				GCC_WARN_UNUSED_FUNCTION = YES;
				GCC_WARN_UNUSED_VARIABLE = YES;
				IPHONEOS_DEPLOYMENT_TARGET = 7.0;
				ONLY_ACTIVE_ARCH = YES;
				SDKROOT = iphoneos;
			};
			name = Debug;
		};
		E4DCD3A71874E6D20040643C /* Release */ = {
			isa = XCBuildConfiguration;
			buildSettings = {
				ALWAYS_SEARCH_USER_PATHS = NO;
				CLANG_CXX_LANGUAGE_STANDARD = "gnu++0x";
				CLANG_CXX_LIBRARY = "libc++";
				CLANG_ENABLE_MODULES = YES;
				CLANG_ENABLE_OBJC_ARC = YES;
				CLANG_WARN_BOOL_CONVERSION = YES;
				CLANG_WARN_CONSTANT_CONVERSION = YES;
				CLANG_WARN_DIRECT_OBJC_ISA_USAGE = YES_ERROR;
				CLANG_WARN_EMPTY_BODY = YES;
				CLANG_WARN_ENUM_CONVERSION = YES;
				CLANG_WARN_INT_CONVERSION = YES;
				CLANG_WARN_OBJC_ROOT_CLASS = YES_ERROR;
				CLANG_WARN__DUPLICATE_METHOD_MATCH = YES;
				"CODE_SIGN_IDENTITY[sdk=iphoneos*]" = "iPhone Developer";
				COPY_PHASE_STRIP = YES;
				ENABLE_NS_ASSERTIONS = NO;
				GCC_C_LANGUAGE_STANDARD = gnu99;
				GCC_WARN_64_TO_32_BIT_CONVERSION = YES;
				GCC_WARN_ABOUT_RETURN_TYPE = YES_ERROR;
				GCC_WARN_UNDECLARED_SELECTOR = YES;
				GCC_WARN_UNINITIALIZED_AUTOS = YES;
				GCC_WARN_UNUSED_FUNCTION = YES;
				GCC_WARN_UNUSED_VARIABLE = YES;
				IPHONEOS_DEPLOYMENT_TARGET = 7.0;
				SDKROOT = iphoneos;
				VALIDATE_PRODUCT = YES;
			};
			name = Release;
		};
		E4DCD3A91874E6D20040643C /* Debug */ = {
			isa = XCBuildConfiguration;
			buildSettings = {
				ALWAYS_SEARCH_USER_PATHS = NO;
				ASSETCATALOG_COMPILER_APPICON_NAME = AppIcon;
				ASSETCATALOG_COMPILER_LAUNCHIMAGE_NAME = LaunchImage;
				CODE_SIGN_IDENTITY = "iPhone Developer";
				"CODE_SIGN_IDENTITY[sdk=iphoneos*]" = "iPhone Developer";
				GCC_PRECOMPILE_PREFIX_HEADER = YES;
				GCC_PREFIX_HEADER = "MonkeySwing/MonkeySwing-Prefix.pch";
				INFOPLIST_FILE = "MonkeySwing/MonkeySwing-Info.plist";
				PRODUCT_NAME = "$(TARGET_NAME)";
				PROVISIONING_PROFILE = "";
				SPRITEKIT_TEXTURE_ATLAS_OUTPUT = YES;
				USER_HEADER_SEARCH_PATHS = "";
				WRAPPER_EXTENSION = app;
			};
			name = Debug;
		};
		E4DCD3AA1874E6D20040643C /* Release */ = {
			isa = XCBuildConfiguration;
			buildSettings = {
				ALWAYS_SEARCH_USER_PATHS = NO;
				ASSETCATALOG_COMPILER_APPICON_NAME = AppIcon;
				ASSETCATALOG_COMPILER_LAUNCHIMAGE_NAME = LaunchImage;
				CODE_SIGN_IDENTITY = "iPhone Developer";
				"CODE_SIGN_IDENTITY[sdk=iphoneos*]" = "iPhone Developer";
				GCC_PRECOMPILE_PREFIX_HEADER = YES;
				GCC_PREFIX_HEADER = "MonkeySwing/MonkeySwing-Prefix.pch";
				INFOPLIST_FILE = "MonkeySwing/MonkeySwing-Info.plist";
				PRODUCT_NAME = "$(TARGET_NAME)";
				PROVISIONING_PROFILE = "";
				SPRITEKIT_TEXTURE_ATLAS_OUTPUT = YES;
				USER_HEADER_SEARCH_PATHS = "";
				WRAPPER_EXTENSION = app;
			};
			name = Release;
		};
		E4DCD3AC1874E6D20040643C /* Debug */ = {
			isa = XCBuildConfiguration;
			buildSettings = {
				BUNDLE_LOADER = "$(BUILT_PRODUCTS_DIR)/MonkeySwing.app/MonkeySwing";
				FRAMEWORK_SEARCH_PATHS = (
					"$(SDKROOT)/Developer/Library/Frameworks",
					"$(inherited)",
					"$(DEVELOPER_FRAMEWORKS_DIR)",
				);
				GCC_PRECOMPILE_PREFIX_HEADER = YES;
				GCC_PREFIX_HEADER = "MonkeySwing/MonkeySwing-Prefix.pch";
				GCC_PREPROCESSOR_DEFINITIONS = (
					"DEBUG=1",
					"$(inherited)",
				);
				INFOPLIST_FILE = "MonkeySwingTests/MonkeySwingTests-Info.plist";
				PRODUCT_NAME = "$(TARGET_NAME)";
				TEST_HOST = "$(BUNDLE_LOADER)";
				WRAPPER_EXTENSION = xctest;
			};
			name = Debug;
		};
		E4DCD3AD1874E6D20040643C /* Release */ = {
			isa = XCBuildConfiguration;
			buildSettings = {
				BUNDLE_LOADER = "$(BUILT_PRODUCTS_DIR)/MonkeySwing.app/MonkeySwing";
				FRAMEWORK_SEARCH_PATHS = (
					"$(SDKROOT)/Developer/Library/Frameworks",
					"$(inherited)",
					"$(DEVELOPER_FRAMEWORKS_DIR)",
				);
				GCC_PRECOMPILE_PREFIX_HEADER = YES;
				GCC_PREFIX_HEADER = "MonkeySwing/MonkeySwing-Prefix.pch";
				INFOPLIST_FILE = "MonkeySwingTests/MonkeySwingTests-Info.plist";
				PRODUCT_NAME = "$(TARGET_NAME)";
				TEST_HOST = "$(BUNDLE_LOADER)";
				WRAPPER_EXTENSION = xctest;
			};
			name = Release;
		};
/* End XCBuildConfiguration section */

/* Begin XCConfigurationList section */
		E4DCD36A1874E6D20040643C /* Build configuration list for PBXProject "MonkeySwing" */ = {
			isa = XCConfigurationList;
			buildConfigurations = (
				E4DCD3A61874E6D20040643C /* Debug */,
				E4DCD3A71874E6D20040643C /* Release */,
			);
			defaultConfigurationIsVisible = 0;
			defaultConfigurationName = Release;
		};
		E4DCD3A81874E6D20040643C /* Build configuration list for PBXNativeTarget "MonkeySwing" */ = {
			isa = XCConfigurationList;
			buildConfigurations = (
				E4DCD3A91874E6D20040643C /* Debug */,
				E4DCD3AA1874E6D20040643C /* Release */,
			);
			defaultConfigurationIsVisible = 0;
			defaultConfigurationName = Release;
		};
		E4DCD3AB1874E6D20040643C /* Build configuration list for PBXNativeTarget "MonkeySwingTests" */ = {
			isa = XCConfigurationList;
			buildConfigurations = (
				E4DCD3AC1874E6D20040643C /* Debug */,
				E4DCD3AD1874E6D20040643C /* Release */,
			);
			defaultConfigurationIsVisible = 0;
			defaultConfigurationName = Release;
		};
/* End XCConfigurationList section */
	};
	rootObject = E4DCD3671874E6D20040643C /* Project object */;
}
